// !$*UTF8*$!
{
	archiveVersion = 1;
	classes = {
	};
	objectVersion = 46;
	objects = {

/* Begin PBXBuildFile section */
		C206F99C197A136400624D10 /* MapKit.framework in Frameworks */ = {isa = PBXBuildFile; fileRef = C206F99B197A136400624D10 /* MapKit.framework */; };
		C206F9A0197A1EAE00624D10 /* ZTAnnotation.m in Sources */ = {isa = PBXBuildFile; fileRef = C206F99F197A1EAE00624D10 /* ZTAnnotation.m */; };
		C206F9FC197AAD7500624D10 /* CenterViewController.xib in Resources */ = {isa = PBXBuildFile; fileRef = C206F9FB197AAD7500624D10 /* CenterViewController.xib */; };
		C223F5AD19BAE23700C364BE /* MainBottomView.m in Sources */ = {isa = PBXBuildFile; fileRef = C223F5AC19BAE23700C364BE /* MainBottomView.m */; };
		C25224821956778D00BA1731 /* Foundation.framework in Frameworks */ = {isa = PBXBuildFile; fileRef = C25224811956778D00BA1731 /* Foundation.framework */; };
		C25224841956778D00BA1731 /* CoreGraphics.framework in Frameworks */ = {isa = PBXBuildFile; fileRef = C25224831956778D00BA1731 /* CoreGraphics.framework */; };
		C25224861956778D00BA1731 /* UIKit.framework in Frameworks */ = {isa = PBXBuildFile; fileRef = C25224851956778D00BA1731 /* UIKit.framework */; };
		C252248C1956778D00BA1731 /* InfoPlist.strings in Resources */ = {isa = PBXBuildFile; fileRef = C252248A1956778D00BA1731 /* InfoPlist.strings */; };
		C252248E1956778D00BA1731 /* main.mm in Sources */ = {isa = PBXBuildFile; fileRef = C252248D1956778D00BA1731 /* main.mm */; };
		C25224921956778D00BA1731 /* AppDelegate.m in Sources */ = {isa = PBXBuildFile; fileRef = C25224911956778D00BA1731 /* AppDelegate.m */; };
		C25224951956778D00BA1731 /* Main_iPhone.storyboard in Resources */ = {isa = PBXBuildFile; fileRef = C25224931956778D00BA1731 /* Main_iPhone.storyboard */; };
		C25224981956778D00BA1731 /* Main_iPad.storyboard in Resources */ = {isa = PBXBuildFile; fileRef = C25224961956778D00BA1731 /* Main_iPad.storyboard */; };
		C252249B1956778D00BA1731 /* ViewController.m in Sources */ = {isa = PBXBuildFile; fileRef = C252249A1956778D00BA1731 /* ViewController.m */; };
		C252249D1956778D00BA1731 /* Images.xcassets in Resources */ = {isa = PBXBuildFile; fileRef = C252249C1956778D00BA1731 /* Images.xcassets */; };
		C25224A41956778E00BA1731 /* XCTest.framework in Frameworks */ = {isa = PBXBuildFile; fileRef = C25224A31956778E00BA1731 /* XCTest.framework */; };
		C25224A51956778E00BA1731 /* Foundation.framework in Frameworks */ = {isa = PBXBuildFile; fileRef = C25224811956778D00BA1731 /* Foundation.framework */; };
		C25224A61956778E00BA1731 /* UIKit.framework in Frameworks */ = {isa = PBXBuildFile; fileRef = C25224851956778D00BA1731 /* UIKit.framework */; };
		C25224AE1956778E00BA1731 /* InfoPlist.strings in Resources */ = {isa = PBXBuildFile; fileRef = C25224AC1956778E00BA1731 /* InfoPlist.strings */; };
		C25224B01956778E00BA1731 /* ZTJTAppTests.m in Sources */ = {isa = PBXBuildFile; fileRef = C25224AF1956778E00BA1731 /* ZTJTAppTests.m */; };
		C25225651956DCCF00BA1731 /* MMDrawerBarButtonItem.m in Sources */ = {isa = PBXBuildFile; fileRef = C252255E1956DCCF00BA1731 /* MMDrawerBarButtonItem.m */; };
		C25225661956DCCF00BA1731 /* MMDrawerController.m in Sources */ = {isa = PBXBuildFile; fileRef = C25225601956DCCF00BA1731 /* MMDrawerController.m */; };
		C25225671956DCCF00BA1731 /* MMDrawerVisualState.m in Sources */ = {isa = PBXBuildFile; fileRef = C25225621956DCCF00BA1731 /* MMDrawerVisualState.m */; };
		C25225681956DCCF00BA1731 /* UIViewController+MMDrawerController.m in Sources */ = {isa = PBXBuildFile; fileRef = C25225641956DCCF00BA1731 /* UIViewController+MMDrawerController.m */; };
		C252256F1956E23500BA1731 /* MMSideDrawerSectionHeaderView.m in Sources */ = {isa = PBXBuildFile; fileRef = C252256E1956E23500BA1731 /* MMSideDrawerSectionHeaderView.m */; };
		C25225721956E26000BA1731 /* MMLogoView.m in Sources */ = {isa = PBXBuildFile; fileRef = C25225711956E26000BA1731 /* MMLogoView.m */; };
		C25225751956E2A900BA1731 /* LeftSideViewController.m in Sources */ = {isa = PBXBuildFile; fileRef = C25225741956E2A900BA1731 /* LeftSideViewController.m */; };
		C25225781956E2B800BA1731 /* CenterViewController.m in Sources */ = {isa = PBXBuildFile; fileRef = C25225771956E2B800BA1731 /* CenterViewController.m */; };
		C252257B1956E3B800BA1731 /* MMSideDrawerTableViewCell.m in Sources */ = {isa = PBXBuildFile; fileRef = C252257A1956E3B800BA1731 /* MMSideDrawerTableViewCell.m */; };
		C252257E1956E3CF00BA1731 /* MMTableViewCell.m in Sources */ = {isa = PBXBuildFile; fileRef = C252257D1956E3CF00BA1731 /* MMTableViewCell.m */; };
		C25225811956E50D00BA1731 /* MMExampleDrawerVisualStateManager.m in Sources */ = {isa = PBXBuildFile; fileRef = C25225801956E50D00BA1731 /* MMExampleDrawerVisualStateManager.m */; };
		C25225851956F22D00BA1731 /* LeftSideTableViewCell.m in Sources */ = {isa = PBXBuildFile; fileRef = C25225831956F22D00BA1731 /* LeftSideTableViewCell.m */; };
		C25225861956F22D00BA1731 /* LeftSideTableViewCell.xib in Resources */ = {isa = PBXBuildFile; fileRef = C25225841956F22D00BA1731 /* LeftSideTableViewCell.xib */; };
		C25225891957043800BA1731 /* key@2x.png in Resources */ = {isa = PBXBuildFile; fileRef = C25225881957043800BA1731 /* key@2x.png */; };
		C252258B195705FB00BA1731 /* key2@2x.png in Resources */ = {isa = PBXBuildFile; fileRef = C252258A195705FB00BA1731 /* key2@2x.png */; };
		C252258F195725F100BA1731 /* CoreLocation.framework in Frameworks */ = {isa = PBXBuildFile; fileRef = C252258E195725F100BA1731 /* CoreLocation.framework */; };
		C2522591195725FF00BA1731 /* QuartzCore.framework in Frameworks */ = {isa = PBXBuildFile; fileRef = C2522590195725FF00BA1731 /* QuartzCore.framework */; };
		C25225931957261100BA1731 /* SystemConfiguration.framework in Frameworks */ = {isa = PBXBuildFile; fileRef = C25225921957261100BA1731 /* SystemConfiguration.framework */; };
		C25225951957261C00BA1731 /* CoreTelephony.framework in Frameworks */ = {isa = PBXBuildFile; fileRef = C25225941957261C00BA1731 /* CoreTelephony.framework */; };
		C25225991957263200BA1731 /* Security.framework in Frameworks */ = {isa = PBXBuildFile; fileRef = C25225981957263200BA1731 /* Security.framework */; };
		C252259B1957263E00BA1731 /* libstdc++.6.0.9.dylib in Frameworks */ = {isa = PBXBuildFile; fileRef = C252259A1957263E00BA1731 /* libstdc++.6.0.9.dylib */; };
		C252259D195726A800BA1731 /* libz.dylib in Frameworks */ = {isa = PBXBuildFile; fileRef = C252259C195726A800BA1731 /* libz.dylib */; };
		C25A664619C456FD00564FAA /* UpdateAndBackupTableViewController.m in Sources */ = {isa = PBXBuildFile; fileRef = C25A664519C456FD00564FAA /* UpdateAndBackupTableViewController.m */; };
		C25A664E19C45C3B00564FAA /* TimeSetTableViewController.m in Sources */ = {isa = PBXBuildFile; fileRef = C25A664D19C45C3B00564FAA /* TimeSetTableViewController.m */; };
		C25A665119C4689600564FAA /* NSDate+Ext.m in Sources */ = {isa = PBXBuildFile; fileRef = C25A665019C4689600564FAA /* NSDate+Ext.m */; };
		C290726919BC00FB00AA6D79 /* CrossingConfigViewController.m in Sources */ = {isa = PBXBuildFile; fileRef = C290726819BC00FB00AA6D79 /* CrossingConfigViewController.m */; };
		C290726C19BC520E00AA6D79 /* Tool.m in Sources */ = {isa = PBXBuildFile; fileRef = C290726B19BC520E00AA6D79 /* Tool.m */; };
		C2C966F619BAFDE40079160C /* AppSetting.m in Sources */ = {isa = PBXBuildFile; fileRef = C2C966F519BAFDE40079160C /* AppSetting.m */; };
		C2C966F919BB11670079160C /* CenterViewController+Bottom.m in Sources */ = {isa = PBXBuildFile; fileRef = C2C966F819BB11670079160C /* CenterViewController+Bottom.m */; };
		C2C966FE19BB27390079160C /* UrgentViewController.m in Sources */ = {isa = PBXBuildFile; fileRef = C2C966FC19BB27390079160C /* UrgentViewController.m */; };
		C2C966FF19BB27390079160C /* UrgentViewController.xib in Resources */ = {isa = PBXBuildFile; fileRef = C2C966FD19BB27390079160C /* UrgentViewController.xib */; };
		C2C9670919BB2A540079160C /* ICConfigCell.m in Sources */ = {isa = PBXBuildFile; fileRef = C2C9670719BB2A540079160C /* ICConfigCell.m */; };
		C2C9670A19BB2A540079160C /* ICConfigCell.xib in Resources */ = {isa = PBXBuildFile; fileRef = C2C9670819BB2A540079160C /* ICConfigCell.xib */; };
		C2C9670E19BB3A2F0079160C /* ZTJT.framework in Frameworks */ = {isa = PBXBuildFile; fileRef = C2C9670C19BB3A2F0079160C /* ZTJT.framework */; };
		C2C9671919BB3BB10079160C /* CrossingProfileTableViewController.m in Sources */ = {isa = PBXBuildFile; fileRef = C2C9671819BB3BB10079160C /* CrossingProfileTableViewController.m */; };
		C2C9671D19BB3C010079160C /* InputCell.m in Sources */ = {isa = PBXBuildFile; fileRef = C2C9671B19BB3C010079160C /* InputCell.m */; };
		C2C9671E19BB3C010079160C /* InputCell.xib in Resources */ = {isa = PBXBuildFile; fileRef = C2C9671C19BB3C010079160C /* InputCell.xib */; };
		C2C9672819BB3EA10079160C /* IPCell.m in Sources */ = {isa = PBXBuildFile; fileRef = C2C9672619BB3EA10079160C /* IPCell.m */; };
		C2C9672919BB3EA10079160C /* IPCell.xib in Resources */ = {isa = PBXBuildFile; fileRef = C2C9672719BB3EA10079160C /* IPCell.xib */; };
		C2EEF49419C59BB200751333 /* TimeSetFooterView.m in Sources */ = {isa = PBXBuildFile; fileRef = C2EEF49319C59BB200751333 /* TimeSetFooterView.m */; };
		C2EEF49619C59BC800751333 /* TimeSetFooterView.xib in Resources */ = {isa = PBXBuildFile; fileRef = C2EEF49519C59BC800751333 /* TimeSetFooterView.xib */; };
		C2EEF49919C5AC4400751333 /* TimeSetHeaderView.m in Sources */ = {isa = PBXBuildFile; fileRef = C2EEF49819C5AC4400751333 /* TimeSetHeaderView.m */; };
		C2EEF49B19C5AC5300751333 /* TimeSetHeaderView.xib in Resources */ = {isa = PBXBuildFile; fileRef = C2EEF49A19C5AC5300751333 /* TimeSetHeaderView.xib */; };
		C2EEF49F19C5DF6B00751333 /* SytemBackUpViewController.m in Sources */ = {isa = PBXBuildFile; fileRef = C2EEF49D19C5DF6B00751333 /* SytemBackUpViewController.m */; };
		C2EEF4A019C5DF6B00751333 /* SytemBackUpViewController.xib in Resources */ = {isa = PBXBuildFile; fileRef = C2EEF49E19C5DF6B00751333 /* SytemBackUpViewController.xib */; };
/* End PBXBuildFile section */

/* Begin PBXContainerItemProxy section */
		C25224A71956778E00BA1731 /* PBXContainerItemProxy */ = {
			isa = PBXContainerItemProxy;
			containerPortal = C25224761956778D00BA1731 /* Project object */;
			proxyType = 1;
			remoteGlobalIDString = C252247D1956778D00BA1731;
			remoteInfo = ZTJTApp;
		};
/* End PBXContainerItemProxy section */

/* Begin PBXFileReference section */
		C206F99B197A136400624D10 /* MapKit.framework */ = {isa = PBXFileReference; lastKnownFileType = wrapper.framework; name = MapKit.framework; path = System/Library/Frameworks/MapKit.framework; sourceTree = SDKROOT; };
		C206F99E197A1EAE00624D10 /* ZTAnnotation.h */ = {isa = PBXFileReference; fileEncoding = 4; lastKnownFileType = sourcecode.c.h; name = ZTAnnotation.h; path = MapElements/ZTAnnotation.h; sourceTree = "<group>"; };
		C206F99F197A1EAE00624D10 /* ZTAnnotation.m */ = {isa = PBXFileReference; fileEncoding = 4; lastKnownFileType = sourcecode.c.objc; name = ZTAnnotation.m; path = MapElements/ZTAnnotation.m; sourceTree = "<group>"; };
		C206F9FB197AAD7500624D10 /* CenterViewController.xib */ = {isa = PBXFileReference; fileEncoding = 4; lastKnownFileType = file.xib; path = CenterViewController.xib; sourceTree = "<group>"; };
		C223F5AB19BAE23700C364BE /* MainBottomView.h */ = {isa = PBXFileReference; fileEncoding = 4; lastKnownFileType = sourcecode.c.h; path = MainBottomView.h; sourceTree = "<group>"; };
		C223F5AC19BAE23700C364BE /* MainBottomView.m */ = {isa = PBXFileReference; fileEncoding = 4; lastKnownFileType = sourcecode.c.objc; path = MainBottomView.m; sourceTree = "<group>"; };
		C252247E1956778D00BA1731 /* ZTJTApp.app */ = {isa = PBXFileReference; explicitFileType = wrapper.application; includeInIndex = 0; path = ZTJTApp.app; sourceTree = BUILT_PRODUCTS_DIR; };
		C25224811956778D00BA1731 /* Foundation.framework */ = {isa = PBXFileReference; lastKnownFileType = wrapper.framework; name = Foundation.framework; path = System/Library/Frameworks/Foundation.framework; sourceTree = SDKROOT; };
		C25224831956778D00BA1731 /* CoreGraphics.framework */ = {isa = PBXFileReference; lastKnownFileType = wrapper.framework; name = CoreGraphics.framework; path = System/Library/Frameworks/CoreGraphics.framework; sourceTree = SDKROOT; };
		C25224851956778D00BA1731 /* UIKit.framework */ = {isa = PBXFileReference; lastKnownFileType = wrapper.framework; name = UIKit.framework; path = System/Library/Frameworks/UIKit.framework; sourceTree = SDKROOT; };
		C25224891956778D00BA1731 /* ZTJTApp-Info.plist */ = {isa = PBXFileReference; lastKnownFileType = text.plist.xml; path = "ZTJTApp-Info.plist"; sourceTree = "<group>"; };
		C252248B1956778D00BA1731 /* en */ = {isa = PBXFileReference; lastKnownFileType = text.plist.strings; name = en; path = en.lproj/InfoPlist.strings; sourceTree = "<group>"; };
		C252248D1956778D00BA1731 /* main.mm */ = {isa = PBXFileReference; lastKnownFileType = sourcecode.cpp.objcpp; path = main.mm; sourceTree = "<group>"; };
		C252248F1956778D00BA1731 /* ZTJTApp-Prefix.pch */ = {isa = PBXFileReference; lastKnownFileType = sourcecode.c.h; path = "ZTJTApp-Prefix.pch"; sourceTree = "<group>"; };
		C25224901956778D00BA1731 /* AppDelegate.h */ = {isa = PBXFileReference; lastKnownFileType = sourcecode.c.h; path = AppDelegate.h; sourceTree = "<group>"; };
		C25224911956778D00BA1731 /* AppDelegate.m */ = {isa = PBXFileReference; lastKnownFileType = sourcecode.c.objc; path = AppDelegate.m; sourceTree = "<group>"; };
		C25224941956778D00BA1731 /* Base */ = {isa = PBXFileReference; lastKnownFileType = file.storyboard; name = Base; path = Base.lproj/Main_iPhone.storyboard; sourceTree = "<group>"; };
		C25224971956778D00BA1731 /* Base */ = {isa = PBXFileReference; lastKnownFileType = file.storyboard; name = Base; path = Base.lproj/Main_iPad.storyboard; sourceTree = "<group>"; };
		C25224991956778D00BA1731 /* ViewController.h */ = {isa = PBXFileReference; lastKnownFileType = sourcecode.c.h; path = ViewController.h; sourceTree = "<group>"; };
		C252249A1956778D00BA1731 /* ViewController.m */ = {isa = PBXFileReference; lastKnownFileType = sourcecode.c.objc; path = ViewController.m; sourceTree = "<group>"; };
		C252249C1956778D00BA1731 /* Images.xcassets */ = {isa = PBXFileReference; lastKnownFileType = folder.assetcatalog; path = Images.xcassets; sourceTree = "<group>"; };
		C25224A21956778E00BA1731 /* ZTJTAppTests.xctest */ = {isa = PBXFileReference; explicitFileType = wrapper.cfbundle; includeInIndex = 0; path = ZTJTAppTests.xctest; sourceTree = BUILT_PRODUCTS_DIR; };
		C25224A31956778E00BA1731 /* XCTest.framework */ = {isa = PBXFileReference; lastKnownFileType = wrapper.framework; name = XCTest.framework; path = Library/Frameworks/XCTest.framework; sourceTree = DEVELOPER_DIR; };
		C25224AB1956778E00BA1731 /* ZTJTAppTests-Info.plist */ = {isa = PBXFileReference; lastKnownFileType = text.plist.xml; path = "ZTJTAppTests-Info.plist"; sourceTree = "<group>"; };
		C25224AD1956778E00BA1731 /* en */ = {isa = PBXFileReference; lastKnownFileType = text.plist.strings; name = en; path = en.lproj/InfoPlist.strings; sourceTree = "<group>"; };
		C25224AF1956778E00BA1731 /* ZTJTAppTests.m */ = {isa = PBXFileReference; lastKnownFileType = sourcecode.c.objc; path = ZTJTAppTests.m; sourceTree = "<group>"; };
		C252255D1956DCCF00BA1731 /* MMDrawerBarButtonItem.h */ = {isa = PBXFileReference; fileEncoding = 4; lastKnownFileType = sourcecode.c.h; path = MMDrawerBarButtonItem.h; sourceTree = "<group>"; };
		C252255E1956DCCF00BA1731 /* MMDrawerBarButtonItem.m */ = {isa = PBXFileReference; fileEncoding = 4; lastKnownFileType = sourcecode.c.objc; path = MMDrawerBarButtonItem.m; sourceTree = "<group>"; };
		C252255F1956DCCF00BA1731 /* MMDrawerController.h */ = {isa = PBXFileReference; fileEncoding = 4; lastKnownFileType = sourcecode.c.h; path = MMDrawerController.h; sourceTree = "<group>"; };
		C25225601956DCCF00BA1731 /* MMDrawerController.m */ = {isa = PBXFileReference; fileEncoding = 4; lastKnownFileType = sourcecode.c.objc; path = MMDrawerController.m; sourceTree = "<group>"; };
		C25225611956DCCF00BA1731 /* MMDrawerVisualState.h */ = {isa = PBXFileReference; fileEncoding = 4; lastKnownFileType = sourcecode.c.h; path = MMDrawerVisualState.h; sourceTree = "<group>"; };
		C25225621956DCCF00BA1731 /* MMDrawerVisualState.m */ = {isa = PBXFileReference; fileEncoding = 4; lastKnownFileType = sourcecode.c.objc; path = MMDrawerVisualState.m; sourceTree = "<group>"; };
		C25225631956DCCF00BA1731 /* UIViewController+MMDrawerController.h */ = {isa = PBXFileReference; fileEncoding = 4; lastKnownFileType = sourcecode.c.h; path = "UIViewController+MMDrawerController.h"; sourceTree = "<group>"; };
		C25225641956DCCF00BA1731 /* UIViewController+MMDrawerController.m */ = {isa = PBXFileReference; fileEncoding = 4; lastKnownFileType = sourcecode.c.objc; path = "UIViewController+MMDrawerController.m"; sourceTree = "<group>"; };
		C252256D1956E23500BA1731 /* MMSideDrawerSectionHeaderView.h */ = {isa = PBXFileReference; fileEncoding = 4; lastKnownFileType = sourcecode.c.h; path = MMSideDrawerSectionHeaderView.h; sourceTree = "<group>"; };
		C252256E1956E23500BA1731 /* MMSideDrawerSectionHeaderView.m */ = {isa = PBXFileReference; fileEncoding = 4; lastKnownFileType = sourcecode.c.objc; path = MMSideDrawerSectionHeaderView.m; sourceTree = "<group>"; };
		C25225701956E26000BA1731 /* MMLogoView.h */ = {isa = PBXFileReference; fileEncoding = 4; lastKnownFileType = sourcecode.c.h; path = MMLogoView.h; sourceTree = "<group>"; };
		C25225711956E26000BA1731 /* MMLogoView.m */ = {isa = PBXFileReference; fileEncoding = 4; lastKnownFileType = sourcecode.c.objc; path = MMLogoView.m; sourceTree = "<group>"; };
		C25225731956E2A900BA1731 /* LeftSideViewController.h */ = {isa = PBXFileReference; fileEncoding = 4; lastKnownFileType = sourcecode.c.h; path = LeftSideViewController.h; sourceTree = "<group>"; };
		C25225741956E2A900BA1731 /* LeftSideViewController.m */ = {isa = PBXFileReference; fileEncoding = 4; lastKnownFileType = sourcecode.c.objc; path = LeftSideViewController.m; sourceTree = "<group>"; };
		C25225761956E2B800BA1731 /* CenterViewController.h */ = {isa = PBXFileReference; fileEncoding = 4; lastKnownFileType = sourcecode.c.h; path = CenterViewController.h; sourceTree = "<group>"; };
		C25225771956E2B800BA1731 /* CenterViewController.m */ = {isa = PBXFileReference; fileEncoding = 4; lastKnownFileType = sourcecode.c.objc; path = CenterViewController.m; sourceTree = "<group>"; };
		C25225791956E3B800BA1731 /* MMSideDrawerTableViewCell.h */ = {isa = PBXFileReference; fileEncoding = 4; lastKnownFileType = sourcecode.c.h; path = MMSideDrawerTableViewCell.h; sourceTree = "<group>"; };
		C252257A1956E3B800BA1731 /* MMSideDrawerTableViewCell.m */ = {isa = PBXFileReference; fileEncoding = 4; lastKnownFileType = sourcecode.c.objc; path = MMSideDrawerTableViewCell.m; sourceTree = "<group>"; };
		C252257C1956E3CF00BA1731 /* MMTableViewCell.h */ = {isa = PBXFileReference; fileEncoding = 4; lastKnownFileType = sourcecode.c.h; path = MMTableViewCell.h; sourceTree = "<group>"; };
		C252257D1956E3CF00BA1731 /* MMTableViewCell.m */ = {isa = PBXFileReference; fileEncoding = 4; lastKnownFileType = sourcecode.c.objc; path = MMTableViewCell.m; sourceTree = "<group>"; };
		C252257F1956E50D00BA1731 /* MMExampleDrawerVisualStateManager.h */ = {isa = PBXFileReference; fileEncoding = 4; lastKnownFileType = sourcecode.c.h; path = MMExampleDrawerVisualStateManager.h; sourceTree = "<group>"; };
		C25225801956E50D00BA1731 /* MMExampleDrawerVisualStateManager.m */ = {isa = PBXFileReference; fileEncoding = 4; lastKnownFileType = sourcecode.c.objc; path = MMExampleDrawerVisualStateManager.m; sourceTree = "<group>"; };
		C25225821956F22D00BA1731 /* LeftSideTableViewCell.h */ = {isa = PBXFileReference; fileEncoding = 4; lastKnownFileType = sourcecode.c.h; path = LeftSideTableViewCell.h; sourceTree = "<group>"; };
		C25225831956F22D00BA1731 /* LeftSideTableViewCell.m */ = {isa = PBXFileReference; fileEncoding = 4; lastKnownFileType = sourcecode.c.objc; path = LeftSideTableViewCell.m; sourceTree = "<group>"; };
		C25225841956F22D00BA1731 /* LeftSideTableViewCell.xib */ = {isa = PBXFileReference; fileEncoding = 4; lastKnownFileType = file.xib; path = LeftSideTableViewCell.xib; sourceTree = "<group>"; };
		C25225881957043800BA1731 /* key@2x.png */ = {isa = PBXFileReference; lastKnownFileType = image.png; path = "key@2x.png"; sourceTree = "<group>"; };
		C252258A195705FB00BA1731 /* key2@2x.png */ = {isa = PBXFileReference; lastKnownFileType = image.png; path = "key2@2x.png"; sourceTree = "<group>"; };
		C252258E195725F100BA1731 /* CoreLocation.framework */ = {isa = PBXFileReference; lastKnownFileType = wrapper.framework; name = CoreLocation.framework; path = System/Library/Frameworks/CoreLocation.framework; sourceTree = SDKROOT; };
		C2522590195725FF00BA1731 /* QuartzCore.framework */ = {isa = PBXFileReference; lastKnownFileType = wrapper.framework; name = QuartzCore.framework; path = System/Library/Frameworks/QuartzCore.framework; sourceTree = SDKROOT; };
		C25225921957261100BA1731 /* SystemConfiguration.framework */ = {isa = PBXFileReference; lastKnownFileType = wrapper.framework; name = SystemConfiguration.framework; path = System/Library/Frameworks/SystemConfiguration.framework; sourceTree = SDKROOT; };
		C25225941957261C00BA1731 /* CoreTelephony.framework */ = {isa = PBXFileReference; lastKnownFileType = wrapper.framework; name = CoreTelephony.framework; path = System/Library/Frameworks/CoreTelephony.framework; sourceTree = SDKROOT; };
		C25225981957263200BA1731 /* Security.framework */ = {isa = PBXFileReference; lastKnownFileType = wrapper.framework; name = Security.framework; path = System/Library/Frameworks/Security.framework; sourceTree = SDKROOT; };
		C252259A1957263E00BA1731 /* libstdc++.6.0.9.dylib */ = {isa = PBXFileReference; lastKnownFileType = "compiled.mach-o.dylib"; name = "libstdc++.6.0.9.dylib"; path = "usr/lib/libstdc++.6.0.9.dylib"; sourceTree = SDKROOT; };
		C252259C195726A800BA1731 /* libz.dylib */ = {isa = PBXFileReference; lastKnownFileType = "compiled.mach-o.dylib"; name = libz.dylib; path = usr/lib/libz.dylib; sourceTree = SDKROOT; };
		C25A664419C456FD00564FAA /* UpdateAndBackupTableViewController.h */ = {isa = PBXFileReference; fileEncoding = 4; lastKnownFileType = sourcecode.c.h; path = UpdateAndBackupTableViewController.h; sourceTree = "<group>"; };
		C25A664519C456FD00564FAA /* UpdateAndBackupTableViewController.m */ = {isa = PBXFileReference; fileEncoding = 4; lastKnownFileType = sourcecode.c.objc; path = UpdateAndBackupTableViewController.m; sourceTree = "<group>"; };
		C25A664C19C45C3B00564FAA /* TimeSetTableViewController.h */ = {isa = PBXFileReference; fileEncoding = 4; lastKnownFileType = sourcecode.c.h; path = TimeSetTableViewController.h; sourceTree = "<group>"; };
		C25A664D19C45C3B00564FAA /* TimeSetTableViewController.m */ = {isa = PBXFileReference; fileEncoding = 4; lastKnownFileType = sourcecode.c.objc; path = TimeSetTableViewController.m; sourceTree = "<group>"; };
		C25A664F19C4689600564FAA /* NSDate+Ext.h */ = {isa = PBXFileReference; fileEncoding = 4; lastKnownFileType = sourcecode.c.h; path = "NSDate+Ext.h"; sourceTree = "<group>"; };
		C25A665019C4689600564FAA /* NSDate+Ext.m */ = {isa = PBXFileReference; fileEncoding = 4; lastKnownFileType = sourcecode.c.objc; path = "NSDate+Ext.m"; sourceTree = "<group>"; };
		C290726719BC00FB00AA6D79 /* CrossingConfigViewController.h */ = {isa = PBXFileReference; fileEncoding = 4; lastKnownFileType = sourcecode.c.h; path = CrossingConfigViewController.h; sourceTree = "<group>"; };
		C290726819BC00FB00AA6D79 /* CrossingConfigViewController.m */ = {isa = PBXFileReference; fileEncoding = 4; lastKnownFileType = sourcecode.c.objc; path = CrossingConfigViewController.m; sourceTree = "<group>"; };
		C290726A19BC520E00AA6D79 /* Tool.h */ = {isa = PBXFileReference; fileEncoding = 4; lastKnownFileType = sourcecode.c.h; path = Tool.h; sourceTree = "<group>"; };
		C290726B19BC520E00AA6D79 /* Tool.m */ = {isa = PBXFileReference; fileEncoding = 4; lastKnownFileType = sourcecode.c.objc; path = Tool.m; sourceTree = "<group>"; };
		C2C966F419BAFDE40079160C /* AppSetting.h */ = {isa = PBXFileReference; fileEncoding = 4; lastKnownFileType = sourcecode.c.h; path = AppSetting.h; sourceTree = "<group>"; };
		C2C966F519BAFDE40079160C /* AppSetting.m */ = {isa = PBXFileReference; fileEncoding = 4; lastKnownFileType = sourcecode.c.objc; path = AppSetting.m; sourceTree = "<group>"; };
		C2C966F719BB11670079160C /* CenterViewController+Bottom.h */ = {isa = PBXFileReference; fileEncoding = 4; lastKnownFileType = sourcecode.c.h; path = "CenterViewController+Bottom.h"; sourceTree = "<group>"; };
		C2C966F819BB11670079160C /* CenterViewController+Bottom.m */ = {isa = PBXFileReference; fileEncoding = 4; lastKnownFileType = sourcecode.c.objc; path = "CenterViewController+Bottom.m"; sourceTree = "<group>"; };
		C2C966FB19BB27390079160C /* UrgentViewController.h */ = {isa = PBXFileReference; fileEncoding = 4; lastKnownFileType = sourcecode.c.h; path = UrgentViewController.h; sourceTree = "<group>"; };
		C2C966FC19BB27390079160C /* UrgentViewController.m */ = {isa = PBXFileReference; fileEncoding = 4; lastKnownFileType = sourcecode.c.objc; path = UrgentViewController.m; sourceTree = "<group>"; };
		C2C966FD19BB27390079160C /* UrgentViewController.xib */ = {isa = PBXFileReference; fileEncoding = 4; lastKnownFileType = file.xib; path = UrgentViewController.xib; sourceTree = "<group>"; };
		C2C9670619BB2A540079160C /* ICConfigCell.h */ = {isa = PBXFileReference; fileEncoding = 4; lastKnownFileType = sourcecode.c.h; path = ICConfigCell.h; sourceTree = "<group>"; };
		C2C9670719BB2A540079160C /* ICConfigCell.m */ = {isa = PBXFileReference; fileEncoding = 4; lastKnownFileType = sourcecode.c.objc; path = ICConfigCell.m; sourceTree = "<group>"; };
		C2C9670819BB2A540079160C /* ICConfigCell.xib */ = {isa = PBXFileReference; fileEncoding = 4; lastKnownFileType = file.xib; path = ICConfigCell.xib; sourceTree = "<group>"; };
		C2C9670C19BB3A2F0079160C /* ZTJT.framework */ = {isa = PBXFileReference; lastKnownFileType = wrapper.framework; name = ZTJT.framework; path = "../ZTJT/build/Debug-iphoneos/ZTJT.framework"; sourceTree = "<group>"; };
		C2C9671719BB3BB10079160C /* CrossingProfileTableViewController.h */ = {isa = PBXFileReference; fileEncoding = 4; lastKnownFileType = sourcecode.c.h; path = CrossingProfileTableViewController.h; sourceTree = "<group>"; };
		C2C9671819BB3BB10079160C /* CrossingProfileTableViewController.m */ = {isa = PBXFileReference; fileEncoding = 4; lastKnownFileType = sourcecode.c.objc; path = CrossingProfileTableViewController.m; sourceTree = "<group>"; };
		C2C9671A19BB3C010079160C /* InputCell.h */ = {isa = PBXFileReference; fileEncoding = 4; lastKnownFileType = sourcecode.c.h; path = InputCell.h; sourceTree = "<group>"; };
		C2C9671B19BB3C010079160C /* InputCell.m */ = {isa = PBXFileReference; fileEncoding = 4; lastKnownFileType = sourcecode.c.objc; path = InputCell.m; sourceTree = "<group>"; };
		C2C9671C19BB3C010079160C /* InputCell.xib */ = {isa = PBXFileReference; fileEncoding = 4; lastKnownFileType = file.xib; path = InputCell.xib; sourceTree = "<group>"; };
		C2C9672519BB3EA10079160C /* IPCell.h */ = {isa = PBXFileReference; fileEncoding = 4; lastKnownFileType = sourcecode.c.h; path = IPCell.h; sourceTree = "<group>"; };
		C2C9672619BB3EA10079160C /* IPCell.m */ = {isa = PBXFileReference; fileEncoding = 4; lastKnownFileType = sourcecode.c.objc; path = IPCell.m; sourceTree = "<group>"; };
		C2C9672719BB3EA10079160C /* IPCell.xib */ = {isa = PBXFileReference; fileEncoding = 4; lastKnownFileType = file.xib; path = IPCell.xib; sourceTree = "<group>"; };
		C2EEF49219C59BB200751333 /* TimeSetFooterView.h */ = {isa = PBXFileReference; fileEncoding = 4; lastKnownFileType = sourcecode.c.h; path = TimeSetFooterView.h; sourceTree = "<group>"; };
		C2EEF49319C59BB200751333 /* TimeSetFooterView.m */ = {isa = PBXFileReference; fileEncoding = 4; lastKnownFileType = sourcecode.c.objc; path = TimeSetFooterView.m; sourceTree = "<group>"; };
		C2EEF49519C59BC800751333 /* TimeSetFooterView.xib */ = {isa = PBXFileReference; fileEncoding = 4; lastKnownFileType = file.xib; path = TimeSetFooterView.xib; sourceTree = "<group>"; };
		C2EEF49719C5AC4400751333 /* TimeSetHeaderView.h */ = {isa = PBXFileReference; fileEncoding = 4; lastKnownFileType = sourcecode.c.h; path = TimeSetHeaderView.h; sourceTree = "<group>"; };
		C2EEF49819C5AC4400751333 /* TimeSetHeaderView.m */ = {isa = PBXFileReference; fileEncoding = 4; lastKnownFileType = sourcecode.c.objc; path = TimeSetHeaderView.m; sourceTree = "<group>"; };
		C2EEF49A19C5AC5300751333 /* TimeSetHeaderView.xib */ = {isa = PBXFileReference; fileEncoding = 4; lastKnownFileType = file.xib; path = TimeSetHeaderView.xib; sourceTree = "<group>"; };
		C2EEF49C19C5DF6B00751333 /* SytemBackUpViewController.h */ = {isa = PBXFileReference; fileEncoding = 4; lastKnownFileType = sourcecode.c.h; path = SytemBackUpViewController.h; sourceTree = "<group>"; };
		C2EEF49D19C5DF6B00751333 /* SytemBackUpViewController.m */ = {isa = PBXFileReference; fileEncoding = 4; lastKnownFileType = sourcecode.c.objc; path = SytemBackUpViewController.m; sourceTree = "<group>"; };
		C2EEF49E19C5DF6B00751333 /* SytemBackUpViewController.xib */ = {isa = PBXFileReference; fileEncoding = 4; lastKnownFileType = file.xib; path = SytemBackUpViewController.xib; sourceTree = "<group>"; };
/* End PBXFileReference section */

/* Begin PBXFrameworksBuildPhase section */
		C252247B1956778D00BA1731 /* Frameworks */ = {
			isa = PBXFrameworksBuildPhase;
			buildActionMask = 2147483647;
			files = (
				C2C9670E19BB3A2F0079160C /* ZTJT.framework in Frameworks */,
				C206F99C197A136400624D10 /* MapKit.framework in Frameworks */,
				C252259D195726A800BA1731 /* libz.dylib in Frameworks */,
				C252259B1957263E00BA1731 /* libstdc++.6.0.9.dylib in Frameworks */,
				C25225991957263200BA1731 /* Security.framework in Frameworks */,
				C25225951957261C00BA1731 /* CoreTelephony.framework in Frameworks */,
				C25225931957261100BA1731 /* SystemConfiguration.framework in Frameworks */,
				C2522591195725FF00BA1731 /* QuartzCore.framework in Frameworks */,
				C252258F195725F100BA1731 /* CoreLocation.framework in Frameworks */,
				C25224841956778D00BA1731 /* CoreGraphics.framework in Frameworks */,
				C25224861956778D00BA1731 /* UIKit.framework in Frameworks */,
				C25224821956778D00BA1731 /* Foundation.framework in Frameworks */,
			);
			runOnlyForDeploymentPostprocessing = 0;
		};
		C252249F1956778E00BA1731 /* Frameworks */ = {
			isa = PBXFrameworksBuildPhase;
			buildActionMask = 2147483647;
			files = (
				C25224A41956778E00BA1731 /* XCTest.framework in Frameworks */,
				C25224A61956778E00BA1731 /* UIKit.framework in Frameworks */,
				C25224A51956778E00BA1731 /* Foundation.framework in Frameworks */,
			);
			runOnlyForDeploymentPostprocessing = 0;
		};
/* End PBXFrameworksBuildPhase section */

/* Begin PBXGroup section */
		C206F99D197A1C5700624D10 /* MapElements */ = {
			isa = PBXGroup;
			children = (
				C206F99E197A1EAE00624D10 /* ZTAnnotation.h */,
				C206F99F197A1EAE00624D10 /* ZTAnnotation.m */,
			);
			name = MapElements;
			sourceTree = "<group>";
		};
		C206F9FD197ABD9000624D10 /* FXBlurView */ = {
			isa = PBXGroup;
			children = (
			);
			path = FXBlurView;
			sourceTree = "<group>";
		};
		C223F5AA19BAE1E800C364BE /* SideCom */ = {
			isa = PBXGroup;
			children = (
				C252257F1956E50D00BA1731 /* MMExampleDrawerVisualStateManager.h */,
				C25225801956E50D00BA1731 /* MMExampleDrawerVisualStateManager.m */,
				C25225731956E2A900BA1731 /* LeftSideViewController.h */,
				C25225741956E2A900BA1731 /* LeftSideViewController.m */,
				C25225701956E26000BA1731 /* MMLogoView.h */,
				C25225711956E26000BA1731 /* MMLogoView.m */,
				C252256D1956E23500BA1731 /* MMSideDrawerSectionHeaderView.h */,
				C252256E1956E23500BA1731 /* MMSideDrawerSectionHeaderView.m */,
				C25225791956E3B800BA1731 /* MMSideDrawerTableViewCell.h */,
				C252257A1956E3B800BA1731 /* MMSideDrawerTableViewCell.m */,
				C252257C1956E3CF00BA1731 /* MMTableViewCell.h */,
				C252257D1956E3CF00BA1731 /* MMTableViewCell.m */,
				C25225821956F22D00BA1731 /* LeftSideTableViewCell.h */,
				C25225831956F22D00BA1731 /* LeftSideTableViewCell.m */,
				C25225841956F22D00BA1731 /* LeftSideTableViewCell.xib */,
			);
			name = SideCom;
			sourceTree = "<group>";
		};
		C25224751956778D00BA1731 = {
			isa = PBXGroup;
			children = (
				C25224871956778D00BA1731 /* ZTJTApp */,
				C25224A91956778E00BA1731 /* ZTJTAppTests */,
				C25224801956778D00BA1731 /* Frameworks */,
				C252247F1956778D00BA1731 /* Products */,
			);
			sourceTree = "<group>";
		};
		C252247F1956778D00BA1731 /* Products */ = {
			isa = PBXGroup;
			children = (
				C252247E1956778D00BA1731 /* ZTJTApp.app */,
				C25224A21956778E00BA1731 /* ZTJTAppTests.xctest */,
			);
			name = Products;
			sourceTree = "<group>";
		};
		C25224801956778D00BA1731 /* Frameworks */ = {
			isa = PBXGroup;
			children = (
				C2C9670C19BB3A2F0079160C /* ZTJT.framework */,
				C206F99B197A136400624D10 /* MapKit.framework */,
				C252259C195726A800BA1731 /* libz.dylib */,
				C252259A1957263E00BA1731 /* libstdc++.6.0.9.dylib */,
				C25225981957263200BA1731 /* Security.framework */,
				C25225941957261C00BA1731 /* CoreTelephony.framework */,
				C25225921957261100BA1731 /* SystemConfiguration.framework */,
				C2522590195725FF00BA1731 /* QuartzCore.framework */,
				C252258E195725F100BA1731 /* CoreLocation.framework */,
				C25224811956778D00BA1731 /* Foundation.framework */,
				C25224831956778D00BA1731 /* CoreGraphics.framework */,
				C25224851956778D00BA1731 /* UIKit.framework */,
				C25224A31956778E00BA1731 /* XCTest.framework */,
			);
			name = Frameworks;
			sourceTree = "<group>";
		};
		C25224871956778D00BA1731 /* ZTJTApp */ = {
			isa = PBXGroup;
			children = (
				C2C9670019BB295D0079160C /* LukSet */,
				C2C966FA19BB27120079160C /* urgent */,
				C2C966F319BAFDC20079160C /* Comm */,
				C206F9FD197ABD9000624D10 /* FXBlurView */,
				C25225871957043800BA1731 /* image */,
				C25225691956E21D00BA1731 /* main */,
				C252255C1956DCCF00BA1731 /* MMDrawerController */,
				C25224901956778D00BA1731 /* AppDelegate.h */,
				C25224911956778D00BA1731 /* AppDelegate.m */,
				C25224931956778D00BA1731 /* Main_iPhone.storyboard */,
				C25224961956778D00BA1731 /* Main_iPad.storyboard */,
				C25224991956778D00BA1731 /* ViewController.h */,
				C252249A1956778D00BA1731 /* ViewController.m */,
				C252249C1956778D00BA1731 /* Images.xcassets */,
				C25224881956778D00BA1731 /* Supporting Files */,
			);
			path = ZTJTApp;
			sourceTree = "<group>";
		};
		C25224881956778D00BA1731 /* Supporting Files */ = {
			isa = PBXGroup;
			children = (
				C25224891956778D00BA1731 /* ZTJTApp-Info.plist */,
				C252248A1956778D00BA1731 /* InfoPlist.strings */,
				C252248D1956778D00BA1731 /* main.mm */,
				C252248F1956778D00BA1731 /* ZTJTApp-Prefix.pch */,
			);
			name = "Supporting Files";
			sourceTree = "<group>";
		};
		C25224A91956778E00BA1731 /* ZTJTAppTests */ = {
			isa = PBXGroup;
			children = (
				C25224AF1956778E00BA1731 /* ZTJTAppTests.m */,
				C25224AA1956778E00BA1731 /* Supporting Files */,
			);
			path = ZTJTAppTests;
			sourceTree = "<group>";
		};
		C25224AA1956778E00BA1731 /* Supporting Files */ = {
			isa = PBXGroup;
			children = (
				C25224AB1956778E00BA1731 /* ZTJTAppTests-Info.plist */,
				C25224AC1956778E00BA1731 /* InfoPlist.strings */,
			);
			name = "Supporting Files";
			sourceTree = "<group>";
		};
		C252255C1956DCCF00BA1731 /* MMDrawerController */ = {
			isa = PBXGroup;
			children = (
				C252255D1956DCCF00BA1731 /* MMDrawerBarButtonItem.h */,
				C252255E1956DCCF00BA1731 /* MMDrawerBarButtonItem.m */,
				C252255F1956DCCF00BA1731 /* MMDrawerController.h */,
				C25225601956DCCF00BA1731 /* MMDrawerController.m */,
				C25225611956DCCF00BA1731 /* MMDrawerVisualState.h */,
				C25225621956DCCF00BA1731 /* MMDrawerVisualState.m */,
				C25225631956DCCF00BA1731 /* UIViewController+MMDrawerController.h */,
				C25225641956DCCF00BA1731 /* UIViewController+MMDrawerController.m */,
			);
			path = MMDrawerController;
			sourceTree = "<group>";
		};
		C25225691956E21D00BA1731 /* main */ = {
			isa = PBXGroup;
			children = (
				C223F5AA19BAE1E800C364BE /* SideCom */,
				C206F99D197A1C5700624D10 /* MapElements */,
				C223F5AB19BAE23700C364BE /* MainBottomView.h */,
				C223F5AC19BAE23700C364BE /* MainBottomView.m */,
				C2C966F719BB11670079160C /* CenterViewController+Bottom.h */,
				C2C966F819BB11670079160C /* CenterViewController+Bottom.m */,
				C25225761956E2B800BA1731 /* CenterViewController.h */,
				C25225771956E2B800BA1731 /* CenterViewController.m */,
				C206F9FB197AAD7500624D10 /* CenterViewController.xib */,
			);
			path = main;
			sourceTree = "<group>";
		};
		C25225871957043800BA1731 /* image */ = {
			isa = PBXGroup;
			children = (
				C252258A195705FB00BA1731 /* key2@2x.png */,
				C25225881957043800BA1731 /* key@2x.png */,
			);
			path = image;
			sourceTree = "<group>";
		};
		C2C966F319BAFDC20079160C /* Comm */ = {
			isa = PBXGroup;
			children = (
				C2C966F419BAFDE40079160C /* AppSetting.h */,
				C2C966F519BAFDE40079160C /* AppSetting.m */,
				C290726A19BC520E00AA6D79 /* Tool.h */,
				C290726B19BC520E00AA6D79 /* Tool.m */,
				C25A664F19C4689600564FAA /* NSDate+Ext.h */,
				C25A665019C4689600564FAA /* NSDate+Ext.m */,
			);
			name = Comm;
			sourceTree = "<group>";
		};
		C2C966FA19BB27120079160C /* urgent */ = {
			isa = PBXGroup;
			children = (
				C2C966FB19BB27390079160C /* UrgentViewController.h */,
				C2C966FC19BB27390079160C /* UrgentViewController.m */,
				C2C966FD19BB27390079160C /* UrgentViewController.xib */,
			);
			name = urgent;
			sourceTree = "<group>";
		};
		C2C9670019BB295D0079160C /* LukSet */ = {
			isa = PBXGroup;
			children = (
				C2C9670619BB2A540079160C /* ICConfigCell.h */,
				C2C9670719BB2A540079160C /* ICConfigCell.m */,
				C2C9670819BB2A540079160C /* ICConfigCell.xib */,
				C2C9671719BB3BB10079160C /* CrossingProfileTableViewController.h */,
				C2C9671819BB3BB10079160C /* CrossingProfileTableViewController.m */,
				C2C9671A19BB3C010079160C /* InputCell.h */,
				C2C9671B19BB3C010079160C /* InputCell.m */,
				C2C9671C19BB3C010079160C /* InputCell.xib */,
				C2C9672519BB3EA10079160C /* IPCell.h */,
				C2C9672619BB3EA10079160C /* IPCell.m */,
				C2C9672719BB3EA10079160C /* IPCell.xib */,
				C290726719BC00FB00AA6D79 /* CrossingConfigViewController.h */,
				C290726819BC00FB00AA6D79 /* CrossingConfigViewController.m */,
				C25A664419C456FD00564FAA /* UpdateAndBackupTableViewController.h */,
				C25A664519C456FD00564FAA /* UpdateAndBackupTableViewController.m */,
				C25A664C19C45C3B00564FAA /* TimeSetTableViewController.h */,
				C25A664D19C45C3B00564FAA /* TimeSetTableViewController.m */,
				C2EEF49219C59BB200751333 /* TimeSetFooterView.h */,
				C2EEF49319C59BB200751333 /* TimeSetFooterView.m */,
				C2EEF49519C59BC800751333 /* TimeSetFooterView.xib */,
				C2EEF49719C5AC4400751333 /* TimeSetHeaderView.h */,
				C2EEF49819C5AC4400751333 /* TimeSetHeaderView.m */,
				C2EEF49A19C5AC5300751333 /* TimeSetHeaderView.xib */,
				C2EEF49C19C5DF6B00751333 /* SytemBackUpViewController.h */,
				C2EEF49D19C5DF6B00751333 /* SytemBackUpViewController.m */,
				C2EEF49E19C5DF6B00751333 /* SytemBackUpViewController.xib */,
			);
			name = LukSet;
			sourceTree = "<group>";
		};
/* End PBXGroup section */

/* Begin PBXNativeTarget section */
		C252247D1956778D00BA1731 /* ZTJTApp */ = {
			isa = PBXNativeTarget;
			buildConfigurationList = C25224B31956778E00BA1731 /* Build configuration list for PBXNativeTarget "ZTJTApp" */;
			buildPhases = (
				C252247A1956778D00BA1731 /* Sources */,
				C252247B1956778D00BA1731 /* Frameworks */,
				C252247C1956778D00BA1731 /* Resources */,
			);
			buildRules = (
			);
			dependencies = (
			);
			name = ZTJTApp;
			productName = ZTJTApp;
			productReference = C252247E1956778D00BA1731 /* ZTJTApp.app */;
			productType = "com.apple.product-type.application";
		};
		C25224A11956778E00BA1731 /* ZTJTAppTests */ = {
			isa = PBXNativeTarget;
			buildConfigurationList = C25224B61956778E00BA1731 /* Build configuration list for PBXNativeTarget "ZTJTAppTests" */;
			buildPhases = (
				C252249E1956778E00BA1731 /* Sources */,
				C252249F1956778E00BA1731 /* Frameworks */,
				C25224A01956778E00BA1731 /* Resources */,
			);
			buildRules = (
			);
			dependencies = (
				C25224A81956778E00BA1731 /* PBXTargetDependency */,
			);
			name = ZTJTAppTests;
			productName = ZTJTAppTests;
			productReference = C25224A21956778E00BA1731 /* ZTJTAppTests.xctest */;
			productType = "com.apple.product-type.bundle.unit-test";
		};
/* End PBXNativeTarget section */

/* Begin PBXProject section */
		C25224761956778D00BA1731 /* Project object */ = {
			isa = PBXProject;
			attributes = {
				LastUpgradeCheck = 0510;
				ORGANIZATIONNAME = Perry;
				TargetAttributes = {
					C25224A11956778E00BA1731 = {
						TestTargetID = C252247D1956778D00BA1731;
					};
				};
			};
			buildConfigurationList = C25224791956778D00BA1731 /* Build configuration list for PBXProject "ZTJTApp" */;
			compatibilityVersion = "Xcode 3.2";
			developmentRegion = English;
			hasScannedForEncodings = 0;
			knownRegions = (
				en,
				Base,
			);
			mainGroup = C25224751956778D00BA1731;
			productRefGroup = C252247F1956778D00BA1731 /* Products */;
			projectDirPath = "";
			projectRoot = "";
			targets = (
				C252247D1956778D00BA1731 /* ZTJTApp */,
				C25224A11956778E00BA1731 /* ZTJTAppTests */,
			);
		};
/* End PBXProject section */

/* Begin PBXResourcesBuildPhase section */
		C252247C1956778D00BA1731 /* Resources */ = {
			isa = PBXResourcesBuildPhase;
			buildActionMask = 2147483647;
			files = (
				C25225891957043800BA1731 /* key@2x.png in Resources */,
				C25224981956778D00BA1731 /* Main_iPad.storyboard in Resources */,
				C2C9671E19BB3C010079160C /* InputCell.xib in Resources */,
				C25225861956F22D00BA1731 /* LeftSideTableViewCell.xib in Resources */,
				C252249D1956778D00BA1731 /* Images.xcassets in Resources */,
				C2EEF4A019C5DF6B00751333 /* SytemBackUpViewController.xib in Resources */,
				C2EEF49B19C5AC5300751333 /* TimeSetHeaderView.xib in Resources */,
				C2C9672919BB3EA10079160C /* IPCell.xib in Resources */,
				C2C966FF19BB27390079160C /* UrgentViewController.xib in Resources */,
				C2EEF49619C59BC800751333 /* TimeSetFooterView.xib in Resources */,
				C25224951956778D00BA1731 /* Main_iPhone.storyboard in Resources */,
				C252248C1956778D00BA1731 /* InfoPlist.strings in Resources */,
				C2C9670A19BB2A540079160C /* ICConfigCell.xib in Resources */,
				C252258B195705FB00BA1731 /* key2@2x.png in Resources */,
				C206F9FC197AAD7500624D10 /* CenterViewController.xib in Resources */,
			);
			runOnlyForDeploymentPostprocessing = 0;
		};
		C25224A01956778E00BA1731 /* Resources */ = {
			isa = PBXResourcesBuildPhase;
			buildActionMask = 2147483647;
			files = (
				C25224AE1956778E00BA1731 /* InfoPlist.strings in Resources */,
			);
			runOnlyForDeploymentPostprocessing = 0;
		};
/* End PBXResourcesBuildPhase section */

/* Begin PBXSourcesBuildPhase section */
		C252247A1956778D00BA1731 /* Sources */ = {
			isa = PBXSourcesBuildPhase;
			buildActionMask = 2147483647;
			files = (
				C252257E1956E3CF00BA1731 /* MMTableViewCell.m in Sources */,
				C2EEF49919C5AC4400751333 /* TimeSetHeaderView.m in Sources */,
				C2C9671919BB3BB10079160C /* CrossingProfileTableViewController.m in Sources */,
				C25225671956DCCF00BA1731 /* MMDrawerVisualState.m in Sources */,
				C206F9A0197A1EAE00624D10 /* ZTAnnotation.m in Sources */,
				C252249B1956778D00BA1731 /* ViewController.m in Sources */,
				C25225681956DCCF00BA1731 /* UIViewController+MMDrawerController.m in Sources */,
				C2C9671D19BB3C010079160C /* InputCell.m in Sources */,
				C25A664619C456FD00564FAA /* UpdateAndBackupTableViewController.m in Sources */,
				C2C966FE19BB27390079160C /* UrgentViewController.m in Sources */,
				C25A664E19C45C3B00564FAA /* TimeSetTableViewController.m in Sources */,
				C25225661956DCCF00BA1731 /* MMDrawerController.m in Sources */,
				C2EEF49419C59BB200751333 /* TimeSetFooterView.m in Sources */,
				C25225651956DCCF00BA1731 /* MMDrawerBarButtonItem.m in Sources */,
				C25225751956E2A900BA1731 /* LeftSideViewController.m in Sources */,
				C25225811956E50D00BA1731 /* MMExampleDrawerVisualStateManager.m in Sources */,
				C25A665119C4689600564FAA /* NSDate+Ext.m in Sources */,
				C25224921956778D00BA1731 /* AppDelegate.m in Sources */,
				C290726C19BC520E00AA6D79 /* Tool.m in Sources */,
				C2C9672819BB3EA10079160C /* IPCell.m in Sources */,
				C2C966F619BAFDE40079160C /* AppSetting.m in Sources */,
				C25225721956E26000BA1731 /* MMLogoView.m in Sources */,
				C25225851956F22D00BA1731 /* LeftSideTableViewCell.m in Sources */,
				C25225781956E2B800BA1731 /* CenterViewController.m in Sources */,
				C2C966F919BB11670079160C /* CenterViewController+Bottom.m in Sources */,
				C290726919BC00FB00AA6D79 /* CrossingConfigViewController.m in Sources */,
				C2C9670919BB2A540079160C /* ICConfigCell.m in Sources */,
				C252257B1956E3B800BA1731 /* MMSideDrawerTableViewCell.m in Sources */,
				C223F5AD19BAE23700C364BE /* MainBottomView.m in Sources */,
				C2EEF49F19C5DF6B00751333 /* SytemBackUpViewController.m in Sources */,
				C252248E1956778D00BA1731 /* main.mm in Sources */,
				C252256F1956E23500BA1731 /* MMSideDrawerSectionHeaderView.m in Sources */,
			);
			runOnlyForDeploymentPostprocessing = 0;
		};
		C252249E1956778E00BA1731 /* Sources */ = {
			isa = PBXSourcesBuildPhase;
			buildActionMask = 2147483647;
			files = (
				C25224B01956778E00BA1731 /* ZTJTAppTests.m in Sources */,
			);
			runOnlyForDeploymentPostprocessing = 0;
		};
/* End PBXSourcesBuildPhase section */

/* Begin PBXTargetDependency section */
		C25224A81956778E00BA1731 /* PBXTargetDependency */ = {
			isa = PBXTargetDependency;
			target = C252247D1956778D00BA1731 /* ZTJTApp */;
			targetProxy = C25224A71956778E00BA1731 /* PBXContainerItemProxy */;
		};
/* End PBXTargetDependency section */

/* Begin PBXVariantGroup section */
		C252248A1956778D00BA1731 /* InfoPlist.strings */ = {
			isa = PBXVariantGroup;
			children = (
				C252248B1956778D00BA1731 /* en */,
			);
			name = InfoPlist.strings;
			sourceTree = "<group>";
		};
		C25224931956778D00BA1731 /* Main_iPhone.storyboard */ = {
			isa = PBXVariantGroup;
			children = (
				C25224941956778D00BA1731 /* Base */,
			);
			name = Main_iPhone.storyboard;
			sourceTree = "<group>";
		};
		C25224961956778D00BA1731 /* Main_iPad.storyboard */ = {
			isa = PBXVariantGroup;
			children = (
				C25224971956778D00BA1731 /* Base */,
			);
			name = Main_iPad.storyboard;
			sourceTree = "<group>";
		};
		C25224AC1956778E00BA1731 /* InfoPlist.strings */ = {
			isa = PBXVariantGroup;
			children = (
				C25224AD1956778E00BA1731 /* en */,
			);
			name = InfoPlist.strings;
			sourceTree = "<group>";
		};
/* End PBXVariantGroup section */

/* Begin XCBuildConfiguration section */
		C25224B11956778E00BA1731 /* Debug */ = {
			isa = XCBuildConfiguration;
			buildSettings = {
				ALWAYS_SEARCH_USER_PATHS = NO;
				CLANG_CXX_LANGUAGE_STANDARD = "gnu++0x";
				CLANG_CXX_LIBRARY = "libc++";
				CLANG_ENABLE_MODULES = YES;
				CLANG_ENABLE_OBJC_ARC = YES;
				CLANG_WARN_BOOL_CONVERSION = YES;
				CLANG_WARN_CONSTANT_CONVERSION = YES;
				CLANG_WARN_DIRECT_OBJC_ISA_USAGE = YES_ERROR;
				CLANG_WARN_EMPTY_BODY = YES;
				CLANG_WARN_ENUM_CONVERSION = YES;
				CLANG_WARN_INT_CONVERSION = YES;
				CLANG_WARN_OBJC_ROOT_CLASS = YES_ERROR;
				CLANG_WARN__DUPLICATE_METHOD_MATCH = YES;
				"CODE_SIGN_IDENTITY[sdk=iphoneos*]" = "iPhone Developer";
				COPY_PHASE_STRIP = NO;
				GCC_C_LANGUAGE_STANDARD = gnu99;
				GCC_DYNAMIC_NO_PIC = NO;
				GCC_OPTIMIZATION_LEVEL = 0;
				GCC_PREPROCESSOR_DEFINITIONS = (
					"DEBUG=1",
					"$(inherited)",
				);
				GCC_SYMBOLS_PRIVATE_EXTERN = NO;
				GCC_WARN_64_TO_32_BIT_CONVERSION = YES;
				GCC_WARN_ABOUT_RETURN_TYPE = YES_ERROR;
				GCC_WARN_UNDECLARED_SELECTOR = YES;
				GCC_WARN_UNINITIALIZED_AUTOS = YES_AGGRESSIVE;
				GCC_WARN_UNUSED_FUNCTION = YES;
				GCC_WARN_UNUSED_VARIABLE = YES;
				IPHONEOS_DEPLOYMENT_TARGET = 7.1;
				ONLY_ACTIVE_ARCH = YES;
				SDKROOT = iphoneos;
				TARGETED_DEVICE_FAMILY = "1,2";
			};
			name = Debug;
		};
		C25224B21956778E00BA1731 /* Release */ = {
			isa = XCBuildConfiguration;
			buildSettings = {
				ALWAYS_SEARCH_USER_PATHS = NO;
				CLANG_CXX_LANGUAGE_STANDARD = "gnu++0x";
				CLANG_CXX_LIBRARY = "libc++";
				CLANG_ENABLE_MODULES = YES;
				CLANG_ENABLE_OBJC_ARC = YES;
				CLANG_WARN_BOOL_CONVERSION = YES;
				CLANG_WARN_CONSTANT_CONVERSION = YES;
				CLANG_WARN_DIRECT_OBJC_ISA_USAGE = YES_ERROR;
				CLANG_WARN_EMPTY_BODY = YES;
				CLANG_WARN_ENUM_CONVERSION = YES;
				CLANG_WARN_INT_CONVERSION = YES;
				CLANG_WARN_OBJC_ROOT_CLASS = YES_ERROR;
				CLANG_WARN__DUPLICATE_METHOD_MATCH = YES;
				"CODE_SIGN_IDENTITY[sdk=iphoneos*]" = "iPhone Developer";
				COPY_PHASE_STRIP = YES;
				ENABLE_NS_ASSERTIONS = NO;
				GCC_C_LANGUAGE_STANDARD = gnu99;
				GCC_WARN_64_TO_32_BIT_CONVERSION = YES;
				GCC_WARN_ABOUT_RETURN_TYPE = YES_ERROR;
				GCC_WARN_UNDECLARED_SELECTOR = YES;
				GCC_WARN_UNINITIALIZED_AUTOS = YES_AGGRESSIVE;
				GCC_WARN_UNUSED_FUNCTION = YES;
				GCC_WARN_UNUSED_VARIABLE = YES;
				IPHONEOS_DEPLOYMENT_TARGET = 7.1;
				SDKROOT = iphoneos;
				TARGETED_DEVICE_FAMILY = "1,2";
				VALIDATE_PRODUCT = YES;
			};
			name = Release;
		};
		C25224B41956778E00BA1731 /* Debug */ = {
			isa = XCBuildConfiguration;
			buildSettings = {
				ASSETCATALOG_COMPILER_APPICON_NAME = AppIcon;
				ASSETCATALOG_COMPILER_LAUNCHIMAGE_NAME = LaunchImage;
				FRAMEWORK_SEARCH_PATHS = (
					"$(inherited)",
					"/Users/perry/Documents/ztjt/ZTJT/ZTProj/ZTJT/build/Debug-iphoneos",
					"$(PROJECT_DIR)/ZTJTApp",
					"/Users/perry/Documents/ztjt/ZTJT/ZTProj/FMDB/build/Debug-iphoneos",
					"/Users/Perry/Documents/work/ztjt/ZTJT/ZTProj/FMDB/build/Debug-iphoneos",
					"/Users/Perry/Documents/work/ztjt/ZTJT/ZTProj/ZTJT/build/Debug-iphoneos",
				);
				GCC_INPUT_FILETYPE = sourcecode.cpp.objcpp;
				GCC_PRECOMPILE_PREFIX_HEADER = YES;
				GCC_PREFIX_HEADER = "ZTJTApp/ZTJTApp-Prefix.pch";
				INFOPLIST_FILE = "ZTJTApp/ZTJTApp-Info.plist";
				IPHONEOS_DEPLOYMENT_TARGET = 6.0;
				PRODUCT_NAME = "$(TARGET_NAME)";
				WRAPPER_EXTENSION = app;
			};
			name = Debug;
		};
		C25224B51956778E00BA1731 /* Release */ = {
			isa = XCBuildConfiguration;
			buildSettings = {
				ASSETCATALOG_COMPILER_APPICON_NAME = AppIcon;
				ASSETCATALOG_COMPILER_LAUNCHIMAGE_NAME = LaunchImage;
				FRAMEWORK_SEARCH_PATHS = (
					"$(inherited)",
					"/Users/perry/Documents/ztjt/ZTJT/ZTProj/ZTJT/build/Debug-iphoneos",
					"$(PROJECT_DIR)/ZTJTApp",
					"/Users/perry/Documents/ztjt/ZTJT/ZTProj/FMDB/build/Debug-iphoneos",
					"/Users/Perry/Documents/work/ztjt/ZTJT/ZTProj/FMDB/build/Debug-iphoneos",
					"/Users/Perry/Documents/work/ztjt/ZTJT/ZTProj/ZTJT/build/Debug-iphoneos",
				);
				GCC_INPUT_FILETYPE = sourcecode.cpp.objcpp;
				GCC_PRECOMPILE_PREFIX_HEADER = YES;
				GCC_PREFIX_HEADER = "ZTJTApp/ZTJTApp-Prefix.pch";
				INFOPLIST_FILE = "ZTJTApp/ZTJTApp-Info.plist";
				IPHONEOS_DEPLOYMENT_TARGET = 6.0;
				PRODUCT_NAME = "$(TARGET_NAME)";
				WRAPPER_EXTENSION = app;
			};
			name = Release;
		};
		C25224B71956778E00BA1731 /* Debug */ = {
			isa = XCBuildConfiguration;
			buildSettings = {
				BUNDLE_LOADER = "$(BUILT_PRODUCTS_DIR)/ZTJTApp.app/ZTJTApp";
				FRAMEWORK_SEARCH_PATHS = (
					"$(SDKROOT)/Developer/Library/Frameworks",
					"$(inherited)",
					"$(DEVELOPER_FRAMEWORKS_DIR)",
				);
				GCC_PRECOMPILE_PREFIX_HEADER = YES;
				GCC_PREFIX_HEADER = "ZTJTApp/ZTJTApp-Prefix.pch";
				GCC_PREPROCESSOR_DEFINITIONS = (
					"DEBUG=1",
					"$(inherited)",
				);
				INFOPLIST_FILE = "ZTJTAppTests/ZTJTAppTests-Info.plist";
				PRODUCT_NAME = "$(TARGET_NAME)";
				TEST_HOST = "$(BUNDLE_LOADER)";
				WRAPPER_EXTENSION = xctest;
			};
			name = Debug;
		};
		C25224B81956778E00BA1731 /* Release */ = {
			isa = XCBuildConfiguration;
			buildSettings = {
				BUNDLE_LOADER = "$(BUILT_PRODUCTS_DIR)/ZTJTApp.app/ZTJTApp";
				FRAMEWORK_SEARCH_PATHS = (
					"$(SDKROOT)/Developer/Library/Frameworks",
					"$(inherited)",
					"$(DEVELOPER_FRAMEWORKS_DIR)",
				);
				GCC_PRECOMPILE_PREFIX_HEADER = YES;
				GCC_PREFIX_HEADER = "ZTJTApp/ZTJTApp-Prefix.pch";
				INFOPLIST_FILE = "ZTJTAppTests/ZTJTAppTests-Info.plist";
				PRODUCT_NAME = "$(TARGET_NAME)";
				TEST_HOST = "$(BUNDLE_LOADER)";
				WRAPPER_EXTENSION = xctest;
			};
			name = Release;
		};
/* End XCBuildConfiguration section */

/* Begin XCConfigurationList section */
		C25224791956778D00BA1731 /* Build configuration list for PBXProject "ZTJTApp" */ = {
			isa = XCConfigurationList;
			buildConfigurations = (
				C25224B11956778E00BA1731 /* Debug */,
				C25224B21956778E00BA1731 /* Release */,
			);
			defaultConfigurationIsVisible = 0;
			defaultConfigurationName = Release;
		};
		C25224B31956778E00BA1731 /* Build configuration list for PBXNativeTarget "ZTJTApp" */ = {
			isa = XCConfigurationList;
			buildConfigurations = (
				C25224B41956778E00BA1731 /* Debug */,
				C25224B51956778E00BA1731 /* Release */,
			);
			defaultConfigurationIsVisible = 0;
			defaultConfigurationName = Release;
		};
		C25224B61956778E00BA1731 /* Build configuration list for PBXNativeTarget "ZTJTAppTests" */ = {
			isa = XCConfigurationList;
			buildConfigurations = (
				C25224B71956778E00BA1731 /* Debug */,
				C25224B81956778E00BA1731 /* Release */,
			);
			defaultConfigurationIsVisible = 0;
			defaultConfigurationName = Release;
		};
/* End XCConfigurationList section */
	};
	rootObject = C25224761956778D00BA1731 /* Project object */;
}
