// !$*UTF8*$!
{
	archiveVersion = 1;
	classes = {
	};
	objectVersion = 46;
	objects = {

/* Begin PBXBuildFile section */
		C25224C81956782C00BA1731 /* Foundation.framework in Frameworks */ = {isa = PBXBuildFile; fileRef = C25224C71956782C00BA1731 /* Foundation.framework */; };
		C25224CE1956782C00BA1731 /* InfoPlist.strings in Resources */ = {isa = PBXBuildFile; fileRef = C25224CC1956782C00BA1731 /* InfoPlist.strings */; };
		C25224D21956782C00BA1731 /* ZTJT.cpp in Sources */ = {isa = PBXBuildFile; fileRef = C25224D11956782C00BA1731 /* ZTJT.cpp */; };
		C25224D91956782C00BA1731 /* XCTest.framework in Frameworks */ = {isa = PBXBuildFile; fileRef = C25224D81956782C00BA1731 /* XCTest.framework */; };
		C25224DA1956782C00BA1731 /* Foundation.framework in Frameworks */ = {isa = PBXBuildFile; fileRef = C25224C71956782C00BA1731 /* Foundation.framework */; };
		C25224DC1956782C00BA1731 /* UIKit.framework in Frameworks */ = {isa = PBXBuildFile; fileRef = C25224DB1956782C00BA1731 /* UIKit.framework */; };
		C25224E11956782C00BA1731 /* ZTJT.framework in Frameworks */ = {isa = PBXBuildFile; fileRef = C25224C41956782C00BA1731 /* ZTJT.framework */; };
		C25224E71956782C00BA1731 /* InfoPlist.strings in Resources */ = {isa = PBXBuildFile; fileRef = C25224E51956782C00BA1731 /* InfoPlist.strings */; };
		C25224E91956782C00BA1731 /* ZTJTTests.m in Sources */ = {isa = PBXBuildFile; fileRef = C25224E81956782C00BA1731 /* ZTJTTests.m */; };
		C25225271956789200BA1731 /* BinaryObj.cpp in Sources */ = {isa = PBXBuildFile; fileRef = C25224F31956789100BA1731 /* BinaryObj.cpp */; };
		C25225281956789200BA1731 /* BinaryObj.h in Headers */ = {isa = PBXBuildFile; fileRef = C25224F41956789100BA1731 /* BinaryObj.h */; settings = {ATTRIBUTES = (Public, ); }; };
		C25225291956789200BA1731 /* Config.cpp in Sources */ = {isa = PBXBuildFile; fileRef = C25224F61956789200BA1731 /* Config.cpp */; };
		C252252A1956789200BA1731 /* Config.h in Headers */ = {isa = PBXBuildFile; fileRef = C25224F71956789200BA1731 /* Config.h */; settings = {ATTRIBUTES = (Public, ); }; };
		C252252B1956789200BA1731 /* TypeDef.h in Headers */ = {isa = PBXBuildFile; fileRef = C25224F81956789200BA1731 /* TypeDef.h */; settings = {ATTRIBUTES = (Public, ); }; };
		C252252C1956789200BA1731 /* ZTFile.cpp in Sources */ = {isa = PBXBuildFile; fileRef = C25224F91956789200BA1731 /* ZTFile.cpp */; };
		C252252D1956789200BA1731 /* ZTFile.h in Headers */ = {isa = PBXBuildFile; fileRef = C25224FA1956789200BA1731 /* ZTFile.h */; settings = {ATTRIBUTES = (Public, ); }; };
		C252252E1956789200BA1731 /* ZTObject.cpp in Sources */ = {isa = PBXBuildFile; fileRef = C25224FB1956789200BA1731 /* ZTObject.cpp */; };
		C252252F1956789200BA1731 /* ZTObject.h in Headers */ = {isa = PBXBuildFile; fileRef = C25224FC1956789200BA1731 /* ZTObject.h */; settings = {ATTRIBUTES = (Public, ); }; };
		C25225301956789200BA1731 /* DayPlan.cpp in Sources */ = {isa = PBXBuildFile; fileRef = C25224FD1956789200BA1731 /* DayPlan.cpp */; };
		C25225311956789200BA1731 /* DayPlan.h in Headers */ = {isa = PBXBuildFile; fileRef = C25224FE1956789200BA1731 /* DayPlan.h */; settings = {ATTRIBUTES = (Public, ); }; };
		C25225321956789200BA1731 /* Debug.cpp in Sources */ = {isa = PBXBuildFile; fileRef = C25224FF1956789200BA1731 /* Debug.cpp */; };
		C25225331956789200BA1731 /* Debug.h in Headers */ = {isa = PBXBuildFile; fileRef = C25225001956789200BA1731 /* Debug.h */; settings = {ATTRIBUTES = (Public, ); }; };
		C25225341956789200BA1731 /* DevConfig.cpp in Sources */ = {isa = PBXBuildFile; fileRef = C25225011956789200BA1731 /* DevConfig.cpp */; };
		C25225351956789200BA1731 /* DevConfig.h in Headers */ = {isa = PBXBuildFile; fileRef = C25225021956789200BA1731 /* DevConfig.h */; settings = {ATTRIBUTES = (Public, ); }; };
		C25225361956789200BA1731 /* GraphicObject.cpp in Sources */ = {isa = PBXBuildFile; fileRef = C25225031956789200BA1731 /* GraphicObject.cpp */; };
		C25225371956789200BA1731 /* GraphicObject.h in Headers */ = {isa = PBXBuildFile; fileRef = C25225041956789200BA1731 /* GraphicObject.h */; settings = {ATTRIBUTES = (Public, ); }; };
		C252253C1956789200BA1731 /* Lamp.cpp in Sources */ = {isa = PBXBuildFile; fileRef = C25225091956789200BA1731 /* Lamp.cpp */; };
		C252253D1956789200BA1731 /* Lamp.h in Headers */ = {isa = PBXBuildFile; fileRef = C252250A1956789200BA1731 /* Lamp.h */; settings = {ATTRIBUTES = (Public, ); }; };
		C252253E1956789200BA1731 /* LampGroup.cpp in Sources */ = {isa = PBXBuildFile; fileRef = C252250B1956789200BA1731 /* LampGroup.cpp */; };
		C252253F1956789200BA1731 /* LampGroup.h in Headers */ = {isa = PBXBuildFile; fileRef = C252250C1956789200BA1731 /* LampGroup.h */; settings = {ATTRIBUTES = (Public, ); }; };
		C25225401956789200BA1731 /* Line.cpp in Sources */ = {isa = PBXBuildFile; fileRef = C252250D1956789200BA1731 /* Line.cpp */; };
		C25225411956789200BA1731 /* Line.h in Headers */ = {isa = PBXBuildFile; fileRef = C252250E1956789200BA1731 /* Line.h */; settings = {ATTRIBUTES = (Public, ); }; };
		C25225421956789200BA1731 /* Name.cpp in Sources */ = {isa = PBXBuildFile; fileRef = C252250F1956789200BA1731 /* Name.cpp */; };
		C25225431956789200BA1731 /* Name.h in Headers */ = {isa = PBXBuildFile; fileRef = C25225101956789200BA1731 /* Name.h */; settings = {ATTRIBUTES = (Public, ); }; };
		C25225441956789200BA1731 /* Period.cpp in Sources */ = {isa = PBXBuildFile; fileRef = C25225111956789200BA1731 /* Period.cpp */; };
		C25225451956789200BA1731 /* Period.h in Headers */ = {isa = PBXBuildFile; fileRef = C25225121956789200BA1731 /* Period.h */; settings = {ATTRIBUTES = (Public, ); }; };
		C25225461956789200BA1731 /* PlanModule.cpp in Sources */ = {isa = PBXBuildFile; fileRef = C25225131956789200BA1731 /* PlanModule.cpp */; };
		C25225471956789200BA1731 /* PlanModule.h in Headers */ = {isa = PBXBuildFile; fileRef = C25225141956789200BA1731 /* PlanModule.h */; settings = {ATTRIBUTES = (Public, ); }; };
		C25225481956789200BA1731 /* Scheme.cpp in Sources */ = {isa = PBXBuildFile; fileRef = C25225151956789200BA1731 /* Scheme.cpp */; };
		C25225491956789200BA1731 /* Scheme.h in Headers */ = {isa = PBXBuildFile; fileRef = C25225161956789200BA1731 /* Scheme.h */; settings = {ATTRIBUTES = (Public, ); }; };
		C252254A1956789200BA1731 /* NetNode.cpp in Sources */ = {isa = PBXBuildFile; fileRef = C25225181956789200BA1731 /* NetNode.cpp */; };
		C252254B1956789200BA1731 /* NetNode.h in Headers */ = {isa = PBXBuildFile; fileRef = C25225191956789200BA1731 /* NetNode.h */; settings = {ATTRIBUTES = (Public, ); }; };
		C252254C1956789200BA1731 /* ZTData.cpp in Sources */ = {isa = PBXBuildFile; fileRef = C252251A1956789200BA1731 /* ZTData.cpp */; };
		C252254D1956789200BA1731 /* ZTData.h in Headers */ = {isa = PBXBuildFile; fileRef = C252251B1956789200BA1731 /* ZTData.h */; settings = {ATTRIBUTES = (Public, ); }; };
		C252254E1956789200BA1731 /* ZTPacket.cpp in Sources */ = {isa = PBXBuildFile; fileRef = C252251C1956789200BA1731 /* ZTPacket.cpp */; };
		C252254F1956789200BA1731 /* ZTPacket.h in Headers */ = {isa = PBXBuildFile; fileRef = C252251D1956789200BA1731 /* ZTPacket.h */; settings = {ATTRIBUTES = (Public, ); }; };
		C25225501956789200BA1731 /* ZTSocket.cpp in Sources */ = {isa = PBXBuildFile; fileRef = C252251E1956789200BA1731 /* ZTSocket.cpp */; };
		C25225511956789200BA1731 /* ZTSocket.h in Headers */ = {isa = PBXBuildFile; fileRef = C252251F1956789200BA1731 /* ZTSocket.h */; settings = {ATTRIBUTES = (Public, ); }; };
		C25225521956789200BA1731 /* ZTThread.h in Headers */ = {isa = PBXBuildFile; fileRef = C25225201956789200BA1731 /* ZTThread.h */; settings = {ATTRIBUTES = (Public, ); }; };
		C25225531956789200BA1731 /* Status.cpp in Sources */ = {isa = PBXBuildFile; fileRef = C25225211956789200BA1731 /* Status.cpp */; };
		C25225541956789200BA1731 /* Status.h in Headers */ = {isa = PBXBuildFile; fileRef = C25225221956789200BA1731 /* Status.h */; settings = {ATTRIBUTES = (Public, ); }; };
		C25225551956789200BA1731 /* Vertex.cpp in Sources */ = {isa = PBXBuildFile; fileRef = C25225231956789200BA1731 /* Vertex.cpp */; };
		C25225561956789200BA1731 /* Vertex.h in Headers */ = {isa = PBXBuildFile; fileRef = C25225241956789200BA1731 /* Vertex.h */; settings = {ATTRIBUTES = (Public, ); }; };
		C25225571956789200BA1731 /* WeekPlan.cpp in Sources */ = {isa = PBXBuildFile; fileRef = C25225251956789200BA1731 /* WeekPlan.cpp */; };
		C25225581956789200BA1731 /* WeekPlan.h in Headers */ = {isa = PBXBuildFile; fileRef = C25225261956789200BA1731 /* WeekPlan.h */; settings = {ATTRIBUTES = (Public, ); }; };
		C2C966F219BAF6A60079160C /* ZTJT.h in Headers */ = {isa = PBXBuildFile; fileRef = C25224D01956782C00BA1731 /* ZTJT.h */; settings = {ATTRIBUTES = (Public, ); }; };
		C2C9671319BB3AD60079160C /* Crossing.cpp in Sources */ = {isa = PBXBuildFile; fileRef = C2C9670F19BB3AD60079160C /* Crossing.cpp */; };
		C2C9671419BB3AD60079160C /* Crossing.h in Headers */ = {isa = PBXBuildFile; fileRef = C2C9671019BB3AD60079160C /* Crossing.h */; settings = {ATTRIBUTES = (Public, ); }; };
		C2C9671519BB3AD60079160C /* CrossingGraphicsModule.cpp in Sources */ = {isa = PBXBuildFile; fileRef = C2C9671119BB3AD60079160C /* CrossingGraphicsModule.cpp */; };
		C2C9671619BB3AD60079160C /* CrossingGraphicsModule.h in Headers */ = {isa = PBXBuildFile; fileRef = C2C9671219BB3AD60079160C /* CrossingGraphicsModule.h */; settings = {ATTRIBUTES = (Public, ); }; };
		C2EEF49019C51A7F00751333 /* Area.cpp in Sources */ = {isa = PBXBuildFile; fileRef = C2EEF48E19C51A7F00751333 /* Area.cpp */; };
		C2EEF49119C51A7F00751333 /* Area.h in Headers */ = {isa = PBXBuildFile; fileRef = C2EEF48F19C51A7F00751333 /* Area.h */; settings = {ATTRIBUTES = (Public, ); }; };
/* End PBXBuildFile section */

/* Begin PBXContainerItemProxy section */
		C25224DD1956782C00BA1731 /* PBXContainerItemProxy */ = {
			isa = PBXContainerItemProxy;
			containerPortal = C25224BA1956782C00BA1731 /* Project object */;
			proxyType = 1;
			remoteGlobalIDString = C25224C31956782C00BA1731;
			remoteInfo = ZTJT;
		};
		C25224DF1956782C00BA1731 /* PBXContainerItemProxy */ = {
			isa = PBXContainerItemProxy;
			containerPortal = C25224BA1956782C00BA1731 /* Project object */;
			proxyType = 1;
			remoteGlobalIDString = C25224C31956782C00BA1731;
			remoteInfo = ZTJT;
		};
/* End PBXContainerItemProxy section */

/* Begin PBXFileReference section */
		C25224C41956782C00BA1731 /* ZTJT.framework */ = {isa = PBXFileReference; explicitFileType = wrapper.framework.static; includeInIndex = 0; path = ZTJT.framework; sourceTree = BUILT_PRODUCTS_DIR; };
		C25224C71956782C00BA1731 /* Foundation.framework */ = {isa = PBXFileReference; lastKnownFileType = wrapper.framework; name = Foundation.framework; path = System/Library/Frameworks/Foundation.framework; sourceTree = SDKROOT; };
		C25224CB1956782C00BA1731 /* ZTJT-Info.plist */ = {isa = PBXFileReference; lastKnownFileType = text.plist.xml; path = "ZTJT-Info.plist"; sourceTree = "<group>"; };
		C25224CD1956782C00BA1731 /* en */ = {isa = PBXFileReference; lastKnownFileType = text.plist.strings; name = en; path = en.lproj/InfoPlist.strings; sourceTree = "<group>"; };
		C25224CF1956782C00BA1731 /* ZTJT-Prefix.pch */ = {isa = PBXFileReference; lastKnownFileType = sourcecode.c.h; path = "ZTJT-Prefix.pch"; sourceTree = "<group>"; };
		C25224D01956782C00BA1731 /* ZTJT.h */ = {isa = PBXFileReference; lastKnownFileType = sourcecode.c.h; path = ZTJT.h; sourceTree = "<group>"; };
		C25224D11956782C00BA1731 /* ZTJT.cpp */ = {isa = PBXFileReference; lastKnownFileType = sourcecode.cpp.cpp; path = ZTJT.cpp; sourceTree = "<group>"; };
		C25224D71956782C00BA1731 /* ZTJTTests.xctest */ = {isa = PBXFileReference; explicitFileType = wrapper.cfbundle; includeInIndex = 0; path = ZTJTTests.xctest; sourceTree = BUILT_PRODUCTS_DIR; };
		C25224D81956782C00BA1731 /* XCTest.framework */ = {isa = PBXFileReference; lastKnownFileType = wrapper.framework; name = XCTest.framework; path = Library/Frameworks/XCTest.framework; sourceTree = DEVELOPER_DIR; };
		C25224DB1956782C00BA1731 /* UIKit.framework */ = {isa = PBXFileReference; lastKnownFileType = wrapper.framework; name = UIKit.framework; path = Library/Frameworks/UIKit.framework; sourceTree = DEVELOPER_DIR; };
		C25224E41956782C00BA1731 /* ZTJTTests-Info.plist */ = {isa = PBXFileReference; lastKnownFileType = text.plist.xml; path = "ZTJTTests-Info.plist"; sourceTree = "<group>"; };
		C25224E61956782C00BA1731 /* en */ = {isa = PBXFileReference; lastKnownFileType = text.plist.strings; name = en; path = en.lproj/InfoPlist.strings; sourceTree = "<group>"; };
		C25224E81956782C00BA1731 /* ZTJTTests.m */ = {isa = PBXFileReference; lastKnownFileType = sourcecode.c.objc; path = ZTJTTests.m; sourceTree = "<group>"; };
		C25224F31956789100BA1731 /* BinaryObj.cpp */ = {isa = PBXFileReference; fileEncoding = 4; lastKnownFileType = sourcecode.cpp.cpp; path = BinaryObj.cpp; sourceTree = "<group>"; };
		C25224F41956789100BA1731 /* BinaryObj.h */ = {isa = PBXFileReference; fileEncoding = 4; lastKnownFileType = sourcecode.c.h; path = BinaryObj.h; sourceTree = "<group>"; };
		C25224F61956789200BA1731 /* Config.cpp */ = {isa = PBXFileReference; fileEncoding = 4; lastKnownFileType = sourcecode.cpp.cpp; path = Config.cpp; sourceTree = "<group>"; };
		C25224F71956789200BA1731 /* Config.h */ = {isa = PBXFileReference; fileEncoding = 4; lastKnownFileType = sourcecode.c.h; path = Config.h; sourceTree = "<group>"; };
		C25224F81956789200BA1731 /* TypeDef.h */ = {isa = PBXFileReference; fileEncoding = 4; lastKnownFileType = sourcecode.c.h; path = TypeDef.h; sourceTree = "<group>"; };
		C25224F91956789200BA1731 /* ZTFile.cpp */ = {isa = PBXFileReference; fileEncoding = 4; lastKnownFileType = sourcecode.cpp.cpp; path = ZTFile.cpp; sourceTree = "<group>"; };
		C25224FA1956789200BA1731 /* ZTFile.h */ = {isa = PBXFileReference; fileEncoding = 4; lastKnownFileType = sourcecode.c.h; path = ZTFile.h; sourceTree = "<group>"; };
		C25224FB1956789200BA1731 /* ZTObject.cpp */ = {isa = PBXFileReference; fileEncoding = 4; lastKnownFileType = sourcecode.cpp.cpp; path = ZTObject.cpp; sourceTree = "<group>"; };
		C25224FC1956789200BA1731 /* ZTObject.h */ = {isa = PBXFileReference; fileEncoding = 4; lastKnownFileType = sourcecode.c.h; path = ZTObject.h; sourceTree = "<group>"; };
		C25224FD1956789200BA1731 /* DayPlan.cpp */ = {isa = PBXFileReference; fileEncoding = 4; lastKnownFileType = sourcecode.cpp.cpp; path = DayPlan.cpp; sourceTree = "<group>"; };
		C25224FE1956789200BA1731 /* DayPlan.h */ = {isa = PBXFileReference; fileEncoding = 4; lastKnownFileType = sourcecode.c.h; path = DayPlan.h; sourceTree = "<group>"; };
		C25224FF1956789200BA1731 /* Debug.cpp */ = {isa = PBXFileReference; fileEncoding = 4; lastKnownFileType = sourcecode.cpp.cpp; path = Debug.cpp; sourceTree = "<group>"; };
		C25225001956789200BA1731 /* Debug.h */ = {isa = PBXFileReference; fileEncoding = 4; lastKnownFileType = sourcecode.c.h; path = Debug.h; sourceTree = "<group>"; };
		C25225011956789200BA1731 /* DevConfig.cpp */ = {isa = PBXFileReference; fileEncoding = 4; lastKnownFileType = sourcecode.cpp.cpp; path = DevConfig.cpp; sourceTree = "<group>"; };
		C25225021956789200BA1731 /* DevConfig.h */ = {isa = PBXFileReference; fileEncoding = 4; lastKnownFileType = sourcecode.c.h; path = DevConfig.h; sourceTree = "<group>"; };
		C25225031956789200BA1731 /* GraphicObject.cpp */ = {isa = PBXFileReference; fileEncoding = 4; lastKnownFileType = sourcecode.cpp.cpp; path = GraphicObject.cpp; sourceTree = "<group>"; };
		C25225041956789200BA1731 /* GraphicObject.h */ = {isa = PBXFileReference; fileEncoding = 4; lastKnownFileType = sourcecode.c.h; path = GraphicObject.h; sourceTree = "<group>"; };
		C25225091956789200BA1731 /* Lamp.cpp */ = {isa = PBXFileReference; fileEncoding = 4; lastKnownFileType = sourcecode.cpp.cpp; path = Lamp.cpp; sourceTree = "<group>"; };
		C252250A1956789200BA1731 /* Lamp.h */ = {isa = PBXFileReference; fileEncoding = 4; lastKnownFileType = sourcecode.c.h; path = Lamp.h; sourceTree = "<group>"; };
		C252250B1956789200BA1731 /* LampGroup.cpp */ = {isa = PBXFileReference; fileEncoding = 4; lastKnownFileType = sourcecode.cpp.cpp; path = LampGroup.cpp; sourceTree = "<group>"; };
		C252250C1956789200BA1731 /* LampGroup.h */ = {isa = PBXFileReference; fileEncoding = 4; lastKnownFileType = sourcecode.c.h; path = LampGroup.h; sourceTree = "<group>"; };
		C252250D1956789200BA1731 /* Line.cpp */ = {isa = PBXFileReference; fileEncoding = 4; lastKnownFileType = sourcecode.cpp.cpp; path = Line.cpp; sourceTree = "<group>"; };
		C252250E1956789200BA1731 /* Line.h */ = {isa = PBXFileReference; fileEncoding = 4; lastKnownFileType = sourcecode.c.h; path = Line.h; sourceTree = "<group>"; };
		C252250F1956789200BA1731 /* Name.cpp */ = {isa = PBXFileReference; fileEncoding = 4; lastKnownFileType = sourcecode.cpp.cpp; path = Name.cpp; sourceTree = "<group>"; };
		C25225101956789200BA1731 /* Name.h */ = {isa = PBXFileReference; fileEncoding = 4; lastKnownFileType = sourcecode.c.h; path = Name.h; sourceTree = "<group>"; };
		C25225111956789200BA1731 /* Period.cpp */ = {isa = PBXFileReference; fileEncoding = 4; lastKnownFileType = sourcecode.cpp.cpp; path = Period.cpp; sourceTree = "<group>"; };
		C25225121956789200BA1731 /* Period.h */ = {isa = PBXFileReference; fileEncoding = 4; lastKnownFileType = sourcecode.c.h; path = Period.h; sourceTree = "<group>"; };
		C25225131956789200BA1731 /* PlanModule.cpp */ = {isa = PBXFileReference; fileEncoding = 4; lastKnownFileType = sourcecode.cpp.cpp; path = PlanModule.cpp; sourceTree = "<group>"; };
		C25225141956789200BA1731 /* PlanModule.h */ = {isa = PBXFileReference; fileEncoding = 4; lastKnownFileType = sourcecode.c.h; path = PlanModule.h; sourceTree = "<group>"; };
		C25225151956789200BA1731 /* Scheme.cpp */ = {isa = PBXFileReference; fileEncoding = 4; lastKnownFileType = sourcecode.cpp.cpp; path = Scheme.cpp; sourceTree = "<group>"; };
		C25225161956789200BA1731 /* Scheme.h */ = {isa = PBXFileReference; fileEncoding = 4; lastKnownFileType = sourcecode.c.h; path = Scheme.h; sourceTree = "<group>"; };
		C25225181956789200BA1731 /* NetNode.cpp */ = {isa = PBXFileReference; fileEncoding = 4; lastKnownFileType = sourcecode.cpp.cpp; path = NetNode.cpp; sourceTree = "<group>"; };
		C25225191956789200BA1731 /* NetNode.h */ = {isa = PBXFileReference; fileEncoding = 4; lastKnownFileType = sourcecode.c.h; path = NetNode.h; sourceTree = "<group>"; };
		C252251A1956789200BA1731 /* ZTData.cpp */ = {isa = PBXFileReference; fileEncoding = 4; lastKnownFileType = sourcecode.cpp.cpp; path = ZTData.cpp; sourceTree = "<group>"; };
		C252251B1956789200BA1731 /* ZTData.h */ = {isa = PBXFileReference; fileEncoding = 4; lastKnownFileType = sourcecode.c.h; path = ZTData.h; sourceTree = "<group>"; };
		C252251C1956789200BA1731 /* ZTPacket.cpp */ = {isa = PBXFileReference; fileEncoding = 4; lastKnownFileType = sourcecode.cpp.cpp; path = ZTPacket.cpp; sourceTree = "<group>"; };
		C252251D1956789200BA1731 /* ZTPacket.h */ = {isa = PBXFileReference; fileEncoding = 4; lastKnownFileType = sourcecode.c.h; path = ZTPacket.h; sourceTree = "<group>"; };
		C252251E1956789200BA1731 /* ZTSocket.cpp */ = {isa = PBXFileReference; fileEncoding = 4; lastKnownFileType = sourcecode.cpp.cpp; path = ZTSocket.cpp; sourceTree = "<group>"; };
		C252251F1956789200BA1731 /* ZTSocket.h */ = {isa = PBXFileReference; fileEncoding = 4; lastKnownFileType = sourcecode.c.h; path = ZTSocket.h; sourceTree = "<group>"; };
		C25225201956789200BA1731 /* ZTThread.h */ = {isa = PBXFileReference; fileEncoding = 4; lastKnownFileType = sourcecode.c.h; path = ZTThread.h; sourceTree = "<group>"; };
		C25225211956789200BA1731 /* Status.cpp */ = {isa = PBXFileReference; fileEncoding = 4; lastKnownFileType = sourcecode.cpp.cpp; path = Status.cpp; sourceTree = "<group>"; };
		C25225221956789200BA1731 /* Status.h */ = {isa = PBXFileReference; fileEncoding = 4; lastKnownFileType = sourcecode.c.h; path = Status.h; sourceTree = "<group>"; };
		C25225231956789200BA1731 /* Vertex.cpp */ = {isa = PBXFileReference; fileEncoding = 4; lastKnownFileType = sourcecode.cpp.cpp; path = Vertex.cpp; sourceTree = "<group>"; };
		C25225241956789200BA1731 /* Vertex.h */ = {isa = PBXFileReference; fileEncoding = 4; lastKnownFileType = sourcecode.c.h; path = Vertex.h; sourceTree = "<group>"; };
		C25225251956789200BA1731 /* WeekPlan.cpp */ = {isa = PBXFileReference; fileEncoding = 4; lastKnownFileType = sourcecode.cpp.cpp; path = WeekPlan.cpp; sourceTree = "<group>"; };
		C25225261956789200BA1731 /* WeekPlan.h */ = {isa = PBXFileReference; fileEncoding = 4; lastKnownFileType = sourcecode.c.h; path = WeekPlan.h; sourceTree = "<group>"; };
		C2C9670F19BB3AD60079160C /* Crossing.cpp */ = {isa = PBXFileReference; fileEncoding = 4; lastKnownFileType = sourcecode.cpp.cpp; path = Crossing.cpp; sourceTree = "<group>"; };
		C2C9671019BB3AD60079160C /* Crossing.h */ = {isa = PBXFileReference; fileEncoding = 4; lastKnownFileType = sourcecode.c.h; path = Crossing.h; sourceTree = "<group>"; };
		C2C9671119BB3AD60079160C /* CrossingGraphicsModule.cpp */ = {isa = PBXFileReference; fileEncoding = 4; lastKnownFileType = sourcecode.cpp.cpp; path = CrossingGraphicsModule.cpp; sourceTree = "<group>"; };
		C2C9671219BB3AD60079160C /* CrossingGraphicsModule.h */ = {isa = PBXFileReference; fileEncoding = 4; lastKnownFileType = sourcecode.c.h; path = CrossingGraphicsModule.h; sourceTree = "<group>"; };
		C2EEF48E19C51A7F00751333 /* Area.cpp */ = {isa = PBXFileReference; fileEncoding = 4; lastKnownFileType = sourcecode.cpp.cpp; path = Area.cpp; sourceTree = "<group>"; };
		C2EEF48F19C51A7F00751333 /* Area.h */ = {isa = PBXFileReference; fileEncoding = 4; lastKnownFileType = sourcecode.c.h; path = Area.h; sourceTree = "<group>"; };
/* End PBXFileReference section */

/* Begin PBXFrameworksBuildPhase section */
		C25224BF1956782C00BA1731 /* Frameworks */ = {
			isa = PBXFrameworksBuildPhase;
			buildActionMask = 2147483647;
			files = (
				C25224C81956782C00BA1731 /* Foundation.framework in Frameworks */,
			);
			runOnlyForDeploymentPostprocessing = 0;
		};
		C25224D41956782C00BA1731 /* Frameworks */ = {
			isa = PBXFrameworksBuildPhase;
			buildActionMask = 2147483647;
			files = (
				C25224D91956782C00BA1731 /* XCTest.framework in Frameworks */,
				C25224DC1956782C00BA1731 /* UIKit.framework in Frameworks */,
				C25224E11956782C00BA1731 /* ZTJT.framework in Frameworks */,
				C25224DA1956782C00BA1731 /* Foundation.framework in Frameworks */,
			);
			runOnlyForDeploymentPostprocessing = 0;
		};
/* End PBXFrameworksBuildPhase section */

/* Begin PBXGroup section */
		C25224B91956782C00BA1731 = {
			isa = PBXGroup;
			children = (
				C25224C91956782C00BA1731 /* ZTJT */,
				C25224E21956782C00BA1731 /* ZTJTTests */,
				C25224C61956782C00BA1731 /* Frameworks */,
				C25224C51956782C00BA1731 /* Products */,
			);
			sourceTree = "<group>";
		};
		C25224C51956782C00BA1731 /* Products */ = {
			isa = PBXGroup;
			children = (
				C25224C41956782C00BA1731 /* ZTJT.framework */,
				C25224D71956782C00BA1731 /* ZTJTTests.xctest */,
			);
			name = Products;
			sourceTree = "<group>";
		};
		C25224C61956782C00BA1731 /* Frameworks */ = {
			isa = PBXGroup;
			children = (
				C25224C71956782C00BA1731 /* Foundation.framework */,
				C25224D81956782C00BA1731 /* XCTest.framework */,
				C25224DB1956782C00BA1731 /* UIKit.framework */,
			);
			name = Frameworks;
			sourceTree = "<group>";
		};
		C25224C91956782C00BA1731 /* ZTJT */ = {
			isa = PBXGroup;
			children = (
				C25224F21956789100BA1731 /* Classes */,
				C25224D01956782C00BA1731 /* ZTJT.h */,
				C25224D11956782C00BA1731 /* ZTJT.cpp */,
				C25224CA1956782C00BA1731 /* Supporting Files */,
			);
			path = ZTJT;
			sourceTree = "<group>";
		};
		C25224CA1956782C00BA1731 /* Supporting Files */ = {
			isa = PBXGroup;
			children = (
				C25224CB1956782C00BA1731 /* ZTJT-Info.plist */,
				C25224CC1956782C00BA1731 /* InfoPlist.strings */,
				C25224CF1956782C00BA1731 /* ZTJT-Prefix.pch */,
			);
			name = "Supporting Files";
			sourceTree = "<group>";
		};
		C25224E21956782C00BA1731 /* ZTJTTests */ = {
			isa = PBXGroup;
			children = (
				C25224E81956782C00BA1731 /* ZTJTTests.m */,
				C25224E31956782C00BA1731 /* Supporting Files */,
			);
			path = ZTJTTests;
			sourceTree = "<group>";
		};
		C25224E31956782C00BA1731 /* Supporting Files */ = {
			isa = PBXGroup;
			children = (
				C25224E41956782C00BA1731 /* ZTJTTests-Info.plist */,
				C25224E51956782C00BA1731 /* InfoPlist.strings */,
			);
			name = "Supporting Files";
			sourceTree = "<group>";
		};
		C25224F21956789100BA1731 /* Classes */ = {
			isa = PBXGroup;
			children = (
				C25224F51956789100BA1731 /* comm */,
				C2C9670F19BB3AD60079160C /* Crossing.cpp */,
				C2C9671019BB3AD60079160C /* Crossing.h */,
				C2EEF48E19C51A7F00751333 /* Area.cpp */,
				C2EEF48F19C51A7F00751333 /* Area.h */,
				C2C9671119BB3AD60079160C /* CrossingGraphicsModule.cpp */,
				C2C9671219BB3AD60079160C /* CrossingGraphicsModule.h */,
				C25224F31956789100BA1731 /* BinaryObj.cpp */,
				C25224F41956789100BA1731 /* BinaryObj.h */,
				C25224FD1956789200BA1731 /* DayPlan.cpp */,
				C25224FE1956789200BA1731 /* DayPlan.h */,
				C25224FF1956789200BA1731 /* Debug.cpp */,
				C25225001956789200BA1731 /* Debug.h */,
				C25225011956789200BA1731 /* DevConfig.cpp */,
				C25225021956789200BA1731 /* DevConfig.h */,
				C25225031956789200BA1731 /* GraphicObject.cpp */,
				C25225041956789200BA1731 /* GraphicObject.h */,
				C25225091956789200BA1731 /* Lamp.cpp */,
				C252250A1956789200BA1731 /* Lamp.h */,
				C252250B1956789200BA1731 /* LampGroup.cpp */,
				C252250C1956789200BA1731 /* LampGroup.h */,
				C252250D1956789200BA1731 /* Line.cpp */,
				C252250E1956789200BA1731 /* Line.h */,
				C252250F1956789200BA1731 /* Name.cpp */,
				C25225101956789200BA1731 /* Name.h */,
				C25225111956789200BA1731 /* Period.cpp */,
				C25225121956789200BA1731 /* Period.h */,
				C25225131956789200BA1731 /* PlanModule.cpp */,
				C25225141956789200BA1731 /* PlanModule.h */,
				C25225151956789200BA1731 /* Scheme.cpp */,
				C25225161956789200BA1731 /* Scheme.h */,
				C25225171956789200BA1731 /* socket */,
				C25225211956789200BA1731 /* Status.cpp */,
				C25225221956789200BA1731 /* Status.h */,
				C25225231956789200BA1731 /* Vertex.cpp */,
				C25225241956789200BA1731 /* Vertex.h */,
				C25225251956789200BA1731 /* WeekPlan.cpp */,
				C25225261956789200BA1731 /* WeekPlan.h */,
			);
			path = Classes;
			sourceTree = "<group>";
		};
		C25224F51956789100BA1731 /* comm */ = {
			isa = PBXGroup;
			children = (
				C25224F61956789200BA1731 /* Config.cpp */,
				C25224F71956789200BA1731 /* Config.h */,
				C25224F81956789200BA1731 /* TypeDef.h */,
				C25224F91956789200BA1731 /* ZTFile.cpp */,
				C25224FA1956789200BA1731 /* ZTFile.h */,
				C25224FB1956789200BA1731 /* ZTObject.cpp */,
				C25224FC1956789200BA1731 /* ZTObject.h */,
			);
			path = comm;
			sourceTree = "<group>";
		};
		C25225171956789200BA1731 /* socket */ = {
			isa = PBXGroup;
			children = (
				C25225181956789200BA1731 /* NetNode.cpp */,
				C25225191956789200BA1731 /* NetNode.h */,
				C252251A1956789200BA1731 /* ZTData.cpp */,
				C252251B1956789200BA1731 /* ZTData.h */,
				C252251C1956789200BA1731 /* ZTPacket.cpp */,
				C252251D1956789200BA1731 /* ZTPacket.h */,
				C252251E1956789200BA1731 /* ZTSocket.cpp */,
				C252251F1956789200BA1731 /* ZTSocket.h */,
				C25225201956789200BA1731 /* ZTThread.h */,
			);
			path = socket;
			sourceTree = "<group>";
		};
/* End PBXGroup section */

/* Begin PBXHeadersBuildPhase section */
		C25224C01956782C00BA1731 /* Headers */ = {
			isa = PBXHeadersBuildPhase;
			buildActionMask = 2147483647;
			files = (
				C25225431956789200BA1731 /* Name.h in Headers */,
				C25225451956789200BA1731 /* Period.h in Headers */,
				C252252D1956789200BA1731 /* ZTFile.h in Headers */,
				C252252F1956789200BA1731 /* ZTObject.h in Headers */,
				C252253D1956789200BA1731 /* Lamp.h in Headers */,
				C25225311956789200BA1731 /* DayPlan.h in Headers */,
				C252253F1956789200BA1731 /* LampGroup.h in Headers */,
				C25225581956789200BA1731 /* WeekPlan.h in Headers */,
				C25225511956789200BA1731 /* ZTSocket.h in Headers */,
				C252252B1956789200BA1731 /* TypeDef.h in Headers */,
				C252254B1956789200BA1731 /* NetNode.h in Headers */,
				C25225411956789200BA1731 /* Line.h in Headers */,
				C25225491956789200BA1731 /* Scheme.h in Headers */,
				C25225561956789200BA1731 /* Vertex.h in Headers */,
				C25225331956789200BA1731 /* Debug.h in Headers */,
				C252254F1956789200BA1731 /* ZTPacket.h in Headers */,
				C25225371956789200BA1731 /* GraphicObject.h in Headers */,
				C252252A1956789200BA1731 /* Config.h in Headers */,
				C25225351956789200BA1731 /* DevConfig.h in Headers */,
				C25225541956789200BA1731 /* Status.h in Headers */,
				C25225471956789200BA1731 /* PlanModule.h in Headers */,
				C25225521956789200BA1731 /* ZTThread.h in Headers */,
				C252254D1956789200BA1731 /* ZTData.h in Headers */,
				C2C9671419BB3AD60079160C /* Crossing.h in Headers */,
				C2C9671619BB3AD60079160C /* CrossingGraphicsModule.h in Headers */,
				C25225281956789200BA1731 /* BinaryObj.h in Headers */,
				C2EEF49119C51A7F00751333 /* Area.h in Headers */,
				C2C966F219BAF6A60079160C /* ZTJT.h in Headers */,
			);
			runOnlyForDeploymentPostprocessing = 0;
		};
/* End PBXHeadersBuildPhase section */

/* Begin PBXNativeTarget section */
		C25224C31956782C00BA1731 /* ZTJT */ = {
			isa = PBXNativeTarget;
			buildConfigurationList = C25224EC1956782C00BA1731 /* Build configuration list for PBXNativeTarget "ZTJT" */;
			buildPhases = (
				C25224BE1956782C00BA1731 /* Sources */,
				C25224BF1956782C00BA1731 /* Frameworks */,
				C25224C01956782C00BA1731 /* Headers */,
				C25224C11956782C00BA1731 /* Resources */,
				C25224C21956782C00BA1731 /* ShellScript */,
			);
			buildRules = (
			);
			dependencies = (
			);
			name = ZTJT;
			productName = ZTJT;
			productReference = C25224C41956782C00BA1731 /* ZTJT.framework */;
			productType = "com.apple.product-type.framework.static";
		};
		C25224D61956782C00BA1731 /* ZTJTTests */ = {
			isa = PBXNativeTarget;
			buildConfigurationList = C25224EF1956782C00BA1731 /* Build configuration list for PBXNativeTarget "ZTJTTests" */;
			buildPhases = (
				C25224D31956782C00BA1731 /* Sources */,
				C25224D41956782C00BA1731 /* Frameworks */,
				C25224D51956782C00BA1731 /* Resources */,
			);
			buildRules = (
			);
			dependencies = (
				C25224DE1956782C00BA1731 /* PBXTargetDependency */,
				C25224E01956782C00BA1731 /* PBXTargetDependency */,
			);
			name = ZTJTTests;
			productName = ZTJTTests;
			productReference = C25224D71956782C00BA1731 /* ZTJTTests.xctest */;
			productType = "com.apple.product-type.bundle.unit-test";
		};
/* End PBXNativeTarget section */

/* Begin PBXProject section */
		C25224BA1956782C00BA1731 /* Project object */ = {
			isa = PBXProject;
			attributes = {
				LastUpgradeCheck = 0510;
				ORGANIZATIONNAME = Perry;
				TargetAttributes = {
					C25224D61956782C00BA1731 = {
						TestTargetID = C25224C31956782C00BA1731;
					};
				};
			};
			buildConfigurationList = C25224BD1956782C00BA1731 /* Build configuration list for PBXProject "ZTJT" */;
			compatibilityVersion = "Xcode 3.2";
			developmentRegion = English;
			hasScannedForEncodings = 0;
			knownRegions = (
				en,
			);
			mainGroup = C25224B91956782C00BA1731;
			productRefGroup = C25224C51956782C00BA1731 /* Products */;
			projectDirPath = "";
			projectRoot = "";
			targets = (
				C25224C31956782C00BA1731 /* ZTJT */,
				C25224D61956782C00BA1731 /* ZTJTTests */,
			);
		};
/* End PBXProject section */

/* Begin PBXResourcesBuildPhase section */
		C25224C11956782C00BA1731 /* Resources */ = {
			isa = PBXResourcesBuildPhase;
			buildActionMask = 2147483647;
			files = (
				C25224CE1956782C00BA1731 /* InfoPlist.strings in Resources */,
			);
			runOnlyForDeploymentPostprocessing = 0;
		};
		C25224D51956782C00BA1731 /* Resources */ = {
			isa = PBXResourcesBuildPhase;
			buildActionMask = 2147483647;
			files = (
				C25224E71956782C00BA1731 /* InfoPlist.strings in Resources */,
			);
			runOnlyForDeploymentPostprocessing = 0;
		};
/* End PBXResourcesBuildPhase section */

/* Begin PBXShellScriptBuildPhase section */
		C25224C21956782C00BA1731 /* ShellScript */ = {
			isa = PBXShellScriptBuildPhase;
			buildActionMask = 2147483647;
			files = (
			);
			inputPaths = (
			);
			outputPaths = (
			);
			runOnlyForDeploymentPostprocessing = 0;
			shellPath = /usr/bin/python;
			shellScript = "# TAG: BUILD SCRIPT (do not remove this comment)\n# Build script generated using https://github.com/kstenerud/iOS-Universal-Framework Mk 8 (beta 2012-06-16)\nimport logging\n\n\n##############################################################################\n#\n# Configuration\n#\n##############################################################################\n\n# Select which kind of framework to build.\n#\n# Note: Due to issues with Xcode's build process, if you select\n#       'embeddedframework', it will still show the regular framework\n#       (as a symlink) along side of the embedded framework. Be sure to\n#       instruct your users to copy/move the embedded framework in this case!\n#\n# If your framework contains resources such as images, nibs, momds, plists,\n# zipfiles and such, choose 'embeddedframework'.\n#\n# If your framework contains no resources, choose 'framework'.\n#\nconfig_framework_type = 'framework'\n#config_framework_type = 'embeddedframework'\n\n# Open the build directory in Finder when the universal framework is\n# successfully built.\n#\n# This value can be overridden by setting the UFW_OPEN_BUILD_DIR env variable\n# to True or False.\n#\n# Recommended setting: True\n#\nconfig_open_build_dir = True\n\n# If true, ensures that all public headers are stored in the framework under\n# the same directory hierarchy as they were in the source tree.\n#\n# Xcode by default places all headers at the same top level, but every other\n# build tool in the known universe preserves directory structure. For simple\n# libraries it doesn't really matter much, but for ports of existing software\n# packages or for bigger libraries, it makes sense to have more structure.\n#\n# The default is set to \"False\" since that's what most Xcode users are used to.\n#\n# Recommended setting: True for deep hierarchy projects, False otherwise.\n#\nconfig_deep_header_hierarchy = False\n\n# Specify where the top of the public header hierarchy is. This path is\n# relative to the project's dir (PROJECT_DIR). You can reference environment\n# variables using templating syntax (e.g. \"${TARGET_NAME}/Some/Subdir\")\n#\n# NOTE: Only used if config_deep_header_hierarchy is True.\n#\n# If this is set to None, the script will attempt to figure out for itself\n# where the top of the header hierarchy is by looking for common path prefixes\n# in the public header files. This process can fail if:\n# - You only have one public header file.\n# - Your source header files don't all have a common root.\n#\n# A common approach is to use \"${TARGET_NAME}\", working under the assumption\n# that all of your header files share the common root of a directory under\n# your project with the same name as your target (which is the Xcode default).\n#\n# Recommended setting: \"${TARGET_NAME}\"\n#\nconfig_deep_header_top = \"${TARGET_NAME}\"\n\n# Warn when \"DerivedData\" is detected in any of the header, library, or\n# framework search paths. In almost all cases, references to directories under\n# DerivedData are added as a result of an Xcode bug and must be manually\n# removed.\n#\n# Recommended setting: True\n#\nconfig_warn_derived_data = True\n\n# Warn if no headers were marked public in this framework.\n#\n# Recommended setting: True\n#\nconfig_warn_no_public_headers = True\n\n# Cause the build to fail if any warnings are issued.\n#\n# Recommended setting: True\n#\nconfig_fail_on_warnings = True\n\n# Minimum log level\n#\n# Recommended setting: logging.INFO\n#\nconfig_log_level = logging.INFO\n\n\n##############################################################################\n#\n# Don't touch anything below here unless you know what you're doing.\n#\n##############################################################################\n\nimport collections\nimport json\nimport os\nimport re\nimport shlex\nimport shutil\nimport string\nimport subprocess\nimport sys\nimport time\nimport traceback\n\n\n##############################################################################\n#\n# Globals\n#\n##############################################################################\n\nlog = logging.getLogger('UFW')\n\nissued_warnings = False\n\n\n##############################################################################\n#\n# Classes\n#\n##############################################################################\n\n# Allows the slave build to communicate with the master build.\n#\nclass BuildState:\n\n    def __init__(self):\n        self.reload()\n\n    def reset(self):\n        self.slave_platform = None\n        self.slave_architectures = []\n        self.slave_linked_archive_paths = []\n        self.slave_built_fw_path = None\n        self.slave_built_embedded_fw_path = None\n\n    def set_slave_properties(self, architectures,\n                             linked_archive_paths,\n                             built_fw_path,\n                             built_embedded_fw_path):\n        self.slave_platform = os.environ['PLATFORM_NAME']\n        self.slave_architectures = architectures\n        self.slave_linked_archive_paths = linked_archive_paths\n        self.slave_built_fw_path = built_fw_path\n        self.slave_built_embedded_fw_path = built_embedded_fw_path\n\n    def get_save_path(self):\n        return os.path.join(os.environ['PROJECT_TEMP_DIR'], \"ufw_build_state.json\")\n\n    def persist(self):\n        filename = self.get_save_path()\n        parent = os.path.dirname(filename)\n        if not os.path.isdir(parent):\n            os.makedirs(parent)\n        with open(filename, \"w\") as f:\n            f.write(json.dumps(self.__dict__))\n\n    def reload(self):\n        self.reset()\n        filename = self.get_save_path()\n        if os.path.exists(filename):\n            with open(filename, \"r\") as f:\n                new_dict = json.loads(f.read())\n                if new_dict is not None:\n                    self.__dict__ = dict(self.__dict__.items() + new_dict.items())\n\n\n# Holds information about the current project and build environment.\n#\nclass Project:\n\n    def __init__(self, filename):\n        sourcecode_types = ['sourcecode.c.c',\n                            'sourcecode.c.objc',\n                            'sourcecode.cpp.cpp',\n                            'sourcecode.cpp.objcpp',\n                            'sourcecode.asm.asm',\n                            'sourcecode.asm.llvm',\n                            'sourcecode.nasm']\n\n        self.build_state = BuildState()\n        self.project_data = self.load_from_file(filename)\n        self.target = filter(lambda x: x['name'] == os.environ['TARGET_NAME'], self.project_data['targets'])[0]\n        self.public_headers = self.get_build_phase_files('PBXHeadersBuildPhase', lambda x: x.get('settings', False) and x['settings'].get('ATTRIBUTES', False) and 'Public' in x['settings']['ATTRIBUTES'])\n        self.static_libraries = self.get_build_phase_files('PBXFrameworksBuildPhase', lambda x: x['fileRef']['fileType'] == 'archive.ar' and x['fileRef']['sourceTree'] not in ['DEVELOPER_DIR', 'SDKROOT'])\n        self.static_frameworks = self.get_build_phase_files('PBXFrameworksBuildPhase', lambda x: x['fileRef']['fileType'] == 'wrapper.framework' and x['fileRef']['sourceTree'] not in ['DEVELOPER_DIR', 'SDKROOT'])\n        self.compilable_sources = self.get_build_phase_files('PBXSourcesBuildPhase', lambda x: x['fileRef']['fileType'] in sourcecode_types)\n        self.header_paths = [os.path.join(*x['pathComponents']) for x in self.public_headers]\n\n        self.headers_dir = os.path.join(os.environ['TARGET_BUILD_DIR'], os.environ['CONTENTS_FOLDER_PATH'], 'Headers')\n        self.libtool_path = os.path.join(os.environ['DT_TOOLCHAIN_DIR'], 'usr', 'bin', 'libtool')\n        self.project_filename = os.path.join(os.environ['PROJECT_FILE_PATH'], \"project.pbxproj\")\n        self.local_exe_path = os.path.join(os.environ['TARGET_BUILD_DIR'], os.environ['EXECUTABLE_PATH'])\n        self.local_architectures = os.environ['ARCHS'].split(' ')\n        self.local_built_fw_path = os.path.join(os.environ['TARGET_BUILD_DIR'], os.environ['WRAPPER_NAME'])\n        self.local_built_embedded_fw_path = os.path.splitext(self.local_built_fw_path)[0] + \".embeddedframework\"\n        self.local_linked_archive_paths = [self.get_linked_ufw_archive_path(arch) for arch in self.local_architectures]\n        self.local_platform = os.environ['PLATFORM_NAME']\n        other_platforms = os.environ['SUPPORTED_PLATFORMS'].split(' ')\n        other_platforms.remove(self.local_platform)\n        self.other_platform = other_platforms[0]\n\n        sdk_name = os.environ['SDK_NAME']\n        if not sdk_name.startswith(self.local_platform):\n            raise Exception(\"%s didn't start with %s\" % (sdk_name, self.local_platform))\n        self.sdk_version = sdk_name[len(self.local_platform):]\n\n    # Load an Xcode project file.\n    #\n    def load_from_file(self, filename):\n        project_file = json.loads(subprocess.check_output([\"plutil\", \"-convert\", \"json\", \"-o\", \"-\", filename]))\n        all_objects = project_file['objects']\n        del project_file['objects']\n        for obj in all_objects.values():\n            self.fix_keys(obj)\n        self.unpack_objects(self.build_dereference_list(all_objects, None, None, project_file))\n        self.unpack_objects(self.build_dereference_list(all_objects, None, None, all_objects.values()))\n        project_data = project_file['rootObject']\n        self.build_full_paths(project_data, splitpath(os.environ['SOURCE_ROOT']))\n        return project_data\n\n    def is_key(self, obj):        \n        return isinstance(obj, basestring) and len(obj) == 24 and re.search('^[0-9a-fA-F]+$', obj) is not None\n    \n    def build_dereference_list(self, all_objects, parent, key, obj):\n        deref_list = []\n        if self.is_key(obj):\n            dereferenced = all_objects.get(obj, obj)\n            if dereferenced is not obj:\n                deref_list.append((parent, key, obj, dereferenced))\n        elif isinstance(obj, collections.Mapping):\n            for k, v in obj.iteritems():\n                deref_list += self.build_dereference_list(all_objects, obj, k, v)\n        elif isinstance(obj, collections.Iterable) and not isinstance(obj, basestring):\n            for item in obj:\n                deref_list += self.build_dereference_list(all_objects, obj, None, item)\n        return deref_list\n    \n    def unpack_objects(self, deref_list):\n        for parent, key, orig, obj in deref_list:\n            if key is None:\n                parent.remove(orig)\n                parent.append(obj)\n            else:\n                parent[key] = obj\n\n    # Store the full path, separated into components, to a node inside the node\n    # as \"pathComponents\". Also recurse into that node if it's a group.\n    #\n    def build_full_paths(self, node, base_path):\n        # Some nodes are relative to a different source tree, specified as an\n        # env variable.\n        if node.get('sourceTree', '<group>') != '<group>':\n            new_base_path = os.environ.get(node['sourceTree'], None)\n            if new_base_path:\n                base_path = splitpath(new_base_path)\n        # Add the current node's path, if any.\n        if node.get('path', False):\n            base_path = base_path + splitpath(node['path'])\n        node['pathComponents'] = base_path\n        # Recurse if this is a group.\n        if node['isa'] == 'PBXGroup':\n            for child in node['children']:\n                self.build_full_paths(child, base_path)\n        elif node['isa'] == 'PBXProject':\n            self.build_full_paths(node['mainGroup'], base_path)\n            self.build_full_paths(node['productRefGroup'], base_path)\n            for child in node['targets']:\n                self.build_full_paths(child, base_path)\n            projectRefs = node.get('projectReferences', None)\n            if projectRefs is not None:\n                for child in projectRefs[0].values():\n                    self.build_full_paths(child, base_path)\n\n    # Fix up any inconvenient keys.\n    #\n    def fix_keys(self, obj):\n        key_remappings = {'lastKnownFileType': 'fileType', 'explicitFileType': 'fileType'}\n        for key in list(set(key_remappings.keys()) & set(obj.keys())):\n            obj[key_remappings[key]] = obj[key]\n            del obj[key]\n\n    # Get the files from a build phase.\n    #\n    def get_build_phase_files(self, build_phase_name, filter_func):\n        build_phase = filter(lambda x: x['isa'] == build_phase_name, self.target['buildPhases'])[0]\n        build_files = filter(filter_func, build_phase['files'])\n        return [x['fileRef'] for x in build_files]\n\n    # Get the truncated paths of all headers that start with the specified\n    # relative path. Paths are read and returned as fully separated lists.\n    # e.g. ['Some', 'Path', 'To', 'A', 'Header'] with relative_path of\n    # ['Some', 'Path'] gets truncated to ['To', 'A', 'Header']\n    #\n    def movable_headers_relative_to(self, relative_path):\n        rel_path_length = len(relative_path)\n        result = filter(lambda path: len(path) >= rel_path_length and\n                                     path[:rel_path_length] == relative_path, self.header_paths)\n        return [path[rel_path_length:] for path in result]\n\n    # Get the full path to where a linkable archive (library or framework)\n    # is supposed to be.\n    #\n    def get_linked_archive_path(self, architecture):\n        return os.path.join(os.environ['OBJECT_FILE_DIR_%s' % os.environ['CURRENT_VARIANT']],\n                            architecture,\n                            os.environ['EXECUTABLE_NAME'])\n\n    # Get the full path to our custom linked archive of the project.\n    #\n    def get_linked_ufw_archive_path(self, architecture):\n        return self.get_linked_archive_path(architecture) + \".ufwbuild\"\n\n    # Get the full path to the executable of an archive.\n    #\n    def get_exe_path(self, node):\n        path = os.path.join(*node['pathComponents'])\n        if node['fileType'] == 'wrapper.framework':\n            # Frameworks are directories, so go one deeper\n            path = os.path.join(path, os.path.splitext(node['pathComponents'][-1])[0])\n        return path\n\n    # Get the path to the directory containing the archive.\n    #\n    def get_containing_path(self, node):\n        return os.path.join(*node['pathComponents'])\n    \n    def get_archive_search_paths(self):\n        log.info(\"Search paths = %s\" % set([self.get_containing_path(fw) for fw in self.static_frameworks] + [self.get_containing_path(fw) for fw in self.static_libraries]))\n        return set([self.get_containing_path(fw) for fw in self.static_frameworks] + [self.get_containing_path(fw) for fw in self.static_libraries])\n\n    # Command to link all objects of a single architecture.\n    #\n    def get_single_arch_link_command(self, architecture):\n        cmd = [self.libtool_path,\n               \"-static\",\n               \"-arch_only\", architecture,\n               \"-syslibroot\", os.environ['SDKROOT'],\n               \"-L%s\" % os.environ['TARGET_BUILD_DIR'],\n               \"-filelist\", os.environ['LINK_FILE_LIST_%s_%s' % (os.environ['CURRENT_VARIANT'], architecture)]]\n        if os.environ.get('OTHER_LDFLAGS', False):\n            cmd += [os.environ['OTHER_LDFLAGS']]\n        if os.environ.get('WARNING_LDFLAGS', False):\n            cmd += [os.environ['WARNING_LDFLAGS']]\n#        cmd += [\"-L%s\" % libpath for libpath in self.get_archive_search_paths()]\n        cmd += [self.get_exe_path(fw) for fw in self.static_frameworks]\n        cmd += [self.get_exe_path(lib) for lib in self.static_libraries]\n        cmd += [\"-o\", self.get_linked_ufw_archive_path(architecture)]\n        return cmd\n\n    # Command to link all local architectures for the current configuration\n    # into an archive. This reads all libraries + the UFW-built archives and\n    # overwrites the final product.\n    #\n    def get_local_archs_link_command(self):\n        cmd = [self.libtool_path,\n               \"-static\"]\n        cmd += self.local_linked_archive_paths\n        cmd += [self.get_exe_path(fw) for fw in self.static_frameworks]\n        cmd += [self.get_exe_path(lib) for lib in self.static_libraries]\n        cmd += [\"-o\", os.path.join(os.environ['TARGET_BUILD_DIR'], os.environ['EXECUTABLE_PATH'])]\n        return cmd\n\n    # Command to link all architectures into a universal archive.\n    # This reads all UFW-built archives and overwrites the final product.\n    #\n    def get_all_archs_link_command(self):\n        cmd = [self.libtool_path,\n               \"-static\"]\n        cmd += self.local_linked_archive_paths + self.build_state.slave_linked_archive_paths\n        cmd += [\"-o\", os.path.join(os.environ['TARGET_BUILD_DIR'], os.environ['EXECUTABLE_PATH'])]\n        return cmd\n\n    # Build up an environment for the slave process. This uses BUILD_ROOT\n    # and TEMP_ROOT to convert all environment variables to values suitable\n    # for the slave build environment so that xcodebuild doesn't try to build\n    # in the project directory under \"build\".\n    #\n    def get_slave_environment(self):\n        ignored = ['LD_MAP_FILE_PATH',\n        'HEADER_SEARCH_PATHS',\n        'LIBRARY_SEARCH_PATHS',\n        'FRAMEWORK_SEARCH_PATHS']\n        build_root = os.environ['BUILD_ROOT']\n        temp_root = os.environ['TEMP_ROOT']\n        newenv = {}\n        for key, value in os.environ.items():\n            if key not in ignored and not key.startswith('LINK_FILE_LIST_') and not key.startswith('LD_DEPENDENCY_'):\n                if build_root in value or temp_root in value:\n                    newenv[key] = value.replace(self.local_platform, self.other_platform)\n        return newenv\n\n    # Command to invoke xcodebuild on the slave platform.\n    #\n    def get_slave_project_build_command(self):\n        cmd = [\"xcodebuild\",\n               \"-project\",\n               os.environ['PROJECT_FILE_PATH'],\n               \"-target\",\n               os.environ['TARGET_NAME'],\n               \"-configuration\",\n               os.environ['CONFIGURATION'],\n               \"-sdk\",\n               self.other_platform + self.sdk_version]\n        cmd += [\"%s=%s\" % (key, value) for key, value in self.get_slave_environment().items()]\n        cmd += [\"UFW_MASTER_PLATFORM=\" + os.environ['PLATFORM_NAME']]\n        cmd += [os.environ['ACTION']]\n        return cmd\n\n\n\n##############################################################################\n#\n# Utility Functions\n#\n##############################################################################\n\n# Split a path into a list of path components.\n#\ndef splitpath(path, maxdepth=20):\n     (head, tail) = os.path.split(path)\n     return splitpath(head, maxdepth - 1) + [tail] if maxdepth and head and head != path else [ head or tail ]\n\n# Remove all subdirectories under a path.\n#\ndef remove_subdirs(path, ignore_files):\n    if os.path.exists(path):\n        for filename in filter(lambda x: x not in ignore_files, os.listdir(path)):\n            fullpath = os.path.join(path, filename)\n            if os.path.isdir(fullpath):\n                log.info(\"Remove %s\" % fullpath)\n                shutil.rmtree(fullpath)\n\n# Make whatever parent paths are necessary for a path to exist.\n#\ndef ensure_path_exists(path):\n    if not os.path.isdir(path):\n        os.makedirs(path)\n\n# Make whatever parent paths are necessary for a path's parent to exist.\n#\ndef ensure_parent_exists(path):\n    parent = os.path.dirname(path)\n    if not os.path.isdir(parent):\n        os.makedirs(parent)\n\n# Remove a file or dir if it exists.\n#\ndef remove_path(path):\n    if os.path.exists(path):\n        if os.path.isdir(path) and not os.path.islink(path):\n            shutil.rmtree(path)\n        else:\n            os.remove(path)\n\n# Move a file or dir, replacing the destination if it exists.\n#\ndef move_file(src, dst):\n    if src == dst or not os.path.isfile(src):\n        return\n    log.info(\"Move %s to %s\" % (src, dst))\n    ensure_parent_exists(dst)\n    remove_path(dst)\n    shutil.move(src, dst)\n\n# Copy a file or dir, replacing the destination if it exists already.\n#\ndef copy_overwrite(src, dst):\n    if src != dst:\n        remove_path(dst)\n        ensure_parent_exists(dst)\n        shutil.copytree(src, dst, symlinks=True)\n\n# Attempt to symlink link_path -> link_to.\n# link_to must be a path relative to link_path's parent and must exist.\n# If link_path already exists, do nothing.\n#\ndef attempt_symlink(link_path, link_to):\n    # Only allow linking to an existing file\n    os.stat(os.path.abspath(os.path.join(link_path, \"..\", link_to)))\n\n    # Only make the link if it hasn't already been made\n    if not os.path.exists(link_path):\n        log.info(\"Symlink %s -> %s\" % (link_path, link_to))\n        os.symlink(link_to, link_path)\n\n# Takes the last entry in an array-based path and returns a normal path\n# relative to base_path.\n#\ndef top_level_file_path(base_path, path_list):\n    return os.path.join(base_path, os.path.split(path_list[-1])[-1])\n\n# Takes all entries in an array-based path and returns a normal path\n# relative to base_path.\n#\ndef full_file_path(base_path, path_list):\n    return os.path.join(*([base_path] + path_list))\n\n# Print a command before executing it.\n# Also print out all output from the command to STDOUT.\n#\ndef print_and_call(cmd):\n    log.info(\"Cmd \" + \" \".join(cmd))\n    p = subprocess.Popen(cmd, stdout=subprocess.PIPE, stderr=subprocess.STDOUT)\n    result = p.communicate()[0]\n    if len(result) > 0:\n        log.info(result)\n    if p.returncode != 0:\n        raise subprocess.CalledProcessError(p.returncode, cmd)\n\n# Special print-and-call command for the slave build that strips out\n# xcodebuild's spammy list of environment variables.\n#\ndef print_and_call_slave_build(cmd, other_platform):\n    separator = '=== BUILD NATIVE TARGET '\n    p = subprocess.Popen(cmd, stdout=subprocess.PIPE, stderr=subprocess.STDOUT)\n    result = p.communicate()[0].split(separator)\n    if len(result) == 1:\n        result = result[0]\n    else:\n        result = separator + result[1]\n    log.info(\"Cmd \" + \" \".join(cmd) + \"\\n\" + result)\n    if p.returncode != 0:\n        raise subprocess.CalledProcessError(p.returncode, cmd)\n\n# Issue a warning and record that a warning has been issued.\n#\ndef issue_warning(msg, *args, **kwargs):\n    global issued_warnings\n    issued_warnings = True\n    log.warn(msg, *args, **kwargs)\n\n\n\n##############################################################################\n#\n# Main Application\n#\n##############################################################################\n\n# Check if we are running as master.\n#\ndef is_master():\n    return os.environ.get('UFW_MASTER_PLATFORM', os.environ['PLATFORM_NAME']) == os.environ['PLATFORM_NAME']\n\n# DerivedData should almost never appear in any framework, library, or header\n# search paths. However, Xcode will sometimes add them in, so we check to make\n# sure.\n#\ndef check_for_derived_data_in_search_paths(project):\n    search_path_keys = [\"FRAMEWORK_SEARCH_PATHS\", \"LIBRARY_SEARCH_PATHS\", \"HEADER_SEARCH_PATHS\"]\n    build_configs = project.target['buildConfigurationList']['buildConfigurations']\n    build_settings = filter(lambda x: x['name'] == os.environ['CONFIGURATION'], build_configs)[0]['buildSettings']\n    \n    found_something = False\n    for path_key in filter(lambda x: x in build_settings, search_path_keys):\n        path = build_settings[path_key]\n        if \"DerivedData\" in path:\n            found_something = True\n            log.warn(\"Derived data in %s\" % path)\n            issue_warning(\"'%s' contains reference to 'DerivedData'.\" % path_key)\n    if found_something:\n        log.warn(\"Check your build settings and remove any entries that contain paths inside the DerivedData folder.\")\n        log.warn(\"Otherwise you can disable this warning by changing 'config_warn_derived_data' in this script.\")\n\n# Link local architectures into their respective archives.\n#\ndef link_local_archs(project):\n    for arch in project.local_architectures:\n        print_and_call(project.get_single_arch_link_command(arch))\n\n# Link only the local architectures into the final product, not the slave\n# architectures. For iphoneos, this will be armv6, armv7. For simulator, this\n# will be i386.\n#\ndef link_combine_local_archs(project):\n    print_and_call(project.get_local_archs_link_command())\n\n# Link all architectures into the final product.\n#\ndef link_combine_all_archs(project):\n    print_and_call(project.get_all_archs_link_command())\n\n# Check if we should open the build directory after a successful build.\n#\ndef should_open_build_dir():\n    env_setting = os.environ.get('UFW_OPEN_BUILD_DIR', None)\n    if env_setting is not None:\n        return env_setting\n\n    return config_open_build_dir\n\n# Open the build dir in Finder.\n#\ndef open_build_dir():\n    print_and_call(['open', os.environ['TARGET_BUILD_DIR']])\n\n# Check if the build was started by selecting \"Archive\" under \"Product\" in\n# Xcode.\n#\ndef is_archive_build():\n    # ACTION is always 'build', but perhaps Apple will fix this someday?\n    archive_build = os.environ['ACTION'] == 'archive'\n\n    if not archive_build:\n        # This can be passed in as an env variable when building from command line.\n        archive_build = os.environ.get('UFW_ACTION', None) == 'archive'\n\n    build_dir = splitpath(os.environ['BUILD_DIR'])\n    if not archive_build:\n        # This partial path is used when you select \"archive\" from within Xcode.\n        archive_build = 'ArchiveIntermediates' in build_dir\n\n    # It only counts as a full archive build if this target is being built into\n    # its own build dir (not being built as a dependency of another target)\n    if archive_build:\n        archive_build = os.environ['TARGET_NAME'] in build_dir\n    \n    return archive_build\n\n# Xcode by default throws all public headers into the top level directory.\n# This function moves them to their expected deep hierarchy.\n#\ndef build_deep_header_hierarchy(project):\n    header_path_top = config_deep_header_top\n    if not header_path_top:\n        header_path_top = os.path.commonprefix(project.header_paths)\n    else:\n        header_path_top = splitpath(header_path_top)\n\n    built_headers_path = os.path.join(os.environ['TARGET_BUILD_DIR'], os.environ['PUBLIC_HEADERS_FOLDER_PATH'])\n    movable_headers = project.movable_headers_relative_to(header_path_top)\n\n    # Remove subdirs if they only contain files that have been rebuilt\n    ignore_headers = filter(lambda x: not os.path.isfile(top_level_file_path(built_headers_path, x)), movable_headers)\n    remove_subdirs(built_headers_path, [file[0] for file in ignore_headers])\n\n    # Move rebuilt headers into their proper subdirs\n    for header in movable_headers:\n        move_file(top_level_file_path(built_headers_path, header), full_file_path(built_headers_path, header))\n\n# Add all symlinks needed to make a full framework structure:\n#\n# MyFramework.framework\n# |-- MyFramework -> Versions/Current/MyFramework\n# |-- Headers -> Versions/Current/Headers\n# |-- Resources -> Versions/Current/Resources\n# `-- Versions\n#     |-- A\n#     |   |-- MyFramework\n#     |   |-- Headers\n#     |   |   `-- MyFramework.h\n#     |   `-- Resources\n#     |       |-- Info.plist\n#     |       |-- MyViewController.nib\n#     |       `-- en.lproj\n#     |           `-- InfoPlist.strings\n#     `-- Current -> A\n#\ndef add_symlinks_to_framework(project):\n    base_dir = project.local_built_fw_path\n    attempt_symlink(os.path.join(base_dir, \"Versions\", \"Current\"), os.environ['FRAMEWORK_VERSION'])\n    if os.path.isdir(os.path.join(base_dir, \"Versions\", \"Current\", \"Headers\")):\n        attempt_symlink(os.path.join(base_dir, \"Headers\"), os.path.join(\"Versions\", \"Current\", \"Headers\"))\n    if os.path.isdir(os.path.join(base_dir, \"Versions\", \"Current\", \"Resources\")):\n        attempt_symlink(os.path.join(base_dir, \"Resources\"), os.path.join(\"Versions\", \"Current\", \"Resources\"))\n    attempt_symlink(os.path.join(base_dir, os.environ['EXECUTABLE_NAME']), os.path.join(\"Versions\", \"Current\", os.environ['EXECUTABLE_NAME']))\n\n# Build an embedded framework structure.\n# An embedded framework contains the actual framework, plus a \"Resources\"\n# directory containing symlinks to all resources found in the actual framework,\n# with the exception of \"Info.plist\" and anything ending in \".lproj\":\n#\n# MyFramework.embeddedframework\n# |-- MyFramework.framework\n# |   |-- MyFramework -> Versions/Current/MyFramework\n# |   |-- Headers -> Versions/Current/Headers\n# |   |-- Resources -> Versions/Current/Resources\n# |   `-- Versions\n# |       |-- A\n# |       |   |-- MyFramework\n# |       |   |-- Headers\n# |       |   |   `-- MyFramework.h\n# |       |   `-- Resources\n# |       |       |-- Info.plist\n# |       |       |-- MyViewController.nib\n# |       |       `-- en.lproj\n# |       |           `-- InfoPlist.strings\n# |       `-- Current -> A\n# `-- Resources\n#     `-- MyViewController.nib -> ../MyFramework.framework/Resources/MyViewController.nib\n#\ndef build_embedded_framework(project):\n    fw_path = project.local_built_fw_path\n    embedded_path = project.local_built_embedded_fw_path\n    fw_name = os.environ['WRAPPER_NAME']\n\n    if (os.path.islink(fw_path)):\n        # If the framework path is a link, the build result already in embeddedframework.\n        # Just recreate embeddedframework's Resources\n        remove_path(os.path.join(embedded_path, \"Resources\"))\n    else:\n        remove_path(embedded_path)\n        ensure_path_exists(embedded_path)\n        copy_overwrite(fw_path, os.path.join(embedded_path, fw_name))\n\n    # Create embeddedframework's Resources        \n    ensure_path_exists(os.path.join(embedded_path, \"Resources\"))\n    symlink_source = os.path.join(\"..\", fw_name, \"Resources\")\n    symlink_path = os.path.join(embedded_path, \"Resources\")\n    if os.path.isdir(os.path.join(fw_path, \"Resources\")):\n        for file in filter(lambda x: x != \"Info.plist\" and not x.endswith(\".lproj\"), os.listdir(os.path.join(fw_path, \"Resources\"))):\n            attempt_symlink(os.path.join(symlink_path, file), os.path.join(symlink_source, file))\n\n    # Remove the normal framework and replace it with a symlink to the copy\n    # in the embedded framework. This is needed because Xcode runs its strip\n    # phase AFTER the script runs.\n    embed_fw_wrapper = os.path.splitext(os.environ['WRAPPER_NAME'])[0] + \".embeddedframework\"\n    remove_path(fw_path)\n    attempt_symlink(fw_path, os.path.join(embed_fw_wrapper, os.environ['WRAPPER_NAME']))\n\n\n# Run the build process in slave mode to build the other configuration\n# (device/simulator).\n#\ndef run_slave_build(project):\n    print_and_call_slave_build(project.get_slave_project_build_command(), project.other_platform)\n\n# Run the build process.\n#\ndef run_build():\n    project = Project(os.path.join(os.environ['PROJECT_FILE_PATH'], \"project.pbxproj\"))\n\n    # Issue warnings only if we're master.\n    if is_master():\n        if len(project.compilable_sources) == 0:\n            raise Exception(\"No compilable sources found. Please add at least one source file to build target %s.\" % os.environ['TARGET_NAME'])\n\n        if config_warn_derived_data:\n            check_for_derived_data_in_search_paths(project)\n        if config_warn_no_public_headers and len(project.public_headers) == 0:\n            issue_warning('No headers in build target %s were marked public. Please move at least one header to \"Public\" in the \"Copy Headers\" build phase.' % os.environ['TARGET_NAME'])\n\n    # Only build slave if this is an archive build.\n    if is_archive_build():\n        if is_master():\n            log.debug(\"Building as MASTER\")\n            # The slave-side linker tries to include this (nonexistent) path as\n            # a library path.\n            ensure_path_exists(project.get_slave_environment()['BUILT_PRODUCTS_DIR'])\n            project.build_state.persist()\n            run_slave_build(project)\n            project.build_state.reload()\n        else:\n            log.debug(\"Building as SLAVE\")\n            project.build_state.reload()\n            project.build_state.set_slave_properties(project.local_architectures,\n                                                     project.local_linked_archive_paths,\n                                                     project.local_built_fw_path,\n                                                     project.local_built_embedded_fw_path)\n            project.build_state.persist()\n\n    link_local_archs(project)\n    \n    # Only do a universal binary when building an archive.\n    if is_archive_build() and is_master():\n        link_combine_all_archs(project)\n    else:\n        link_combine_local_archs(project)\n\n    if config_deep_header_hierarchy:\n        build_deep_header_hierarchy(project)\n\n    add_symlinks_to_framework(project)\n    \n    if is_master():\n        if config_framework_type == 'embeddedframework':\n            build_embedded_framework(project)\n        elif config_framework_type != 'framework':\n            raise Exception(\"%s: Unknown framework type for config_framework_type\" % config_framework_type)\n\n\nif __name__ == \"__main__\":\n    log_handler = logging.StreamHandler()\n    log_handler.setFormatter(logging.Formatter(\"%(name)s (\" + os.environ['PLATFORM_NAME'] + \"): %(levelname)s: %(message)s\"))\n    log.addHandler(log_handler)\n    log.setLevel(config_log_level)\n\n    error_code = 0\n    prefix = \"M\" if is_master() else \"S\"\n    log_handler.setFormatter(logging.Formatter(\"%(name)s (\" + prefix + \" \" + os.environ['PLATFORM_NAME'] + \"): %(levelname)s: %(message)s\"))\n\n    log.debug(\"Begin build process\")\n\n    if config_deep_header_top:\n        config_deep_header_top = string.Template(config_deep_header_top).substitute(os.environ)\n\n    try:\n        run_build()\n        if issued_warnings:\n            if config_fail_on_warnings:\n                error_code = 1\n            log.warn(\"Build completed with warnings\")\n        else:\n            log.info(\"Build completed\")\n        if not is_archive_build():\n            log.info(\"Note: This is *NOT* a universal framework build. To build as a universal framework, do an archive build.\")\n            log.info(\"To do an archive build from command line, use \\\"xcodebuild -configuration Release UFW_ACTION=archive clean build\\\"\")\n    except Exception:\n        traceback.print_exc(file=sys.stdout)\n        error_code = 1\n        log.error(\"Build failed\")\n    finally:\n        if error_code == 0 and is_archive_build() and is_master():\n            log.info(\"Built framework is in \" + os.environ['TARGET_BUILD_DIR'])\n            if should_open_build_dir():\n                open_build_dir()\n        sys.exit(error_code)\n";
			showEnvVarsInLog = 0;
		};
/* End PBXShellScriptBuildPhase section */

/* Begin PBXSourcesBuildPhase section */
		C25224BE1956782C00BA1731 /* Sources */ = {
			isa = PBXSourcesBuildPhase;
			buildActionMask = 2147483647;
			files = (
				C25225291956789200BA1731 /* Config.cpp in Sources */,
				C25225401956789200BA1731 /* Line.cpp in Sources */,
				C252254A1956789200BA1731 /* NetNode.cpp in Sources */,
				C252254E1956789200BA1731 /* ZTPacket.cpp in Sources */,
				C25225531956789200BA1731 /* Status.cpp in Sources */,
				C2C9671519BB3AD60079160C /* CrossingGraphicsModule.cpp in Sources */,
				C252252E1956789200BA1731 /* ZTObject.cpp in Sources */,
				C252253C1956789200BA1731 /* Lamp.cpp in Sources */,
				C25225321956789200BA1731 /* Debug.cpp in Sources */,
				C2EEF49019C51A7F00751333 /* Area.cpp in Sources */,
				C25225551956789200BA1731 /* Vertex.cpp in Sources */,
				C25225461956789200BA1731 /* PlanModule.cpp in Sources */,
				C25225341956789200BA1731 /* DevConfig.cpp in Sources */,
				C25225501956789200BA1731 /* ZTSocket.cpp in Sources */,
				C252252C1956789200BA1731 /* ZTFile.cpp in Sources */,
				C2C9671319BB3AD60079160C /* Crossing.cpp in Sources */,
				C25225271956789200BA1731 /* BinaryObj.cpp in Sources */,
				C252254C1956789200BA1731 /* ZTData.cpp in Sources */,
				C25225481956789200BA1731 /* Scheme.cpp in Sources */,
				C25225421956789200BA1731 /* Name.cpp in Sources */,
				C25224D21956782C00BA1731 /* ZTJT.cpp in Sources */,
				C252253E1956789200BA1731 /* LampGroup.cpp in Sources */,
				C25225361956789200BA1731 /* GraphicObject.cpp in Sources */,
				C25225441956789200BA1731 /* Period.cpp in Sources */,
				C25225301956789200BA1731 /* DayPlan.cpp in Sources */,
				C25225571956789200BA1731 /* WeekPlan.cpp in Sources */,
			);
			runOnlyForDeploymentPostprocessing = 0;
		};
		C25224D31956782C00BA1731 /* Sources */ = {
			isa = PBXSourcesBuildPhase;
			buildActionMask = 2147483647;
			files = (
				C25224E91956782C00BA1731 /* ZTJTTests.m in Sources */,
			);
			runOnlyForDeploymentPostprocessing = 0;
		};
/* End PBXSourcesBuildPhase section */

/* Begin PBXTargetDependency section */
		C25224DE1956782C00BA1731 /* PBXTargetDependency */ = {
			isa = PBXTargetDependency;
			target = C25224C31956782C00BA1731 /* ZTJT */;
			targetProxy = C25224DD1956782C00BA1731 /* PBXContainerItemProxy */;
		};
		C25224E01956782C00BA1731 /* PBXTargetDependency */ = {
			isa = PBXTargetDependency;
			target = C25224C31956782C00BA1731 /* ZTJT */;
			targetProxy = C25224DF1956782C00BA1731 /* PBXContainerItemProxy */;
		};
/* End PBXTargetDependency section */

/* Begin PBXVariantGroup section */
		C25224CC1956782C00BA1731 /* InfoPlist.strings */ = {
			isa = PBXVariantGroup;
			children = (
				C25224CD1956782C00BA1731 /* en */,
			);
			name = InfoPlist.strings;
			sourceTree = "<group>";
		};
		C25224E51956782C00BA1731 /* InfoPlist.strings */ = {
			isa = PBXVariantGroup;
			children = (
				C25224E61956782C00BA1731 /* en */,
			);
			name = InfoPlist.strings;
			sourceTree = "<group>";
		};
/* End PBXVariantGroup section */

/* Begin XCBuildConfiguration section */
		C25224EA1956782C00BA1731 /* Debug */ = {
			isa = XCBuildConfiguration;
			buildSettings = {
				ALWAYS_SEARCH_USER_PATHS = NO;
				CLANG_CXX_LANGUAGE_STANDARD = "gnu++0x";
				CLANG_CXX_LIBRARY = "libc++";
				CLANG_ENABLE_MODULES = YES;
				CLANG_ENABLE_OBJC_ARC = YES;
				CLANG_WARN_BOOL_CONVERSION = YES;
				CLANG_WARN_CONSTANT_CONVERSION = YES;
				CLANG_WARN_DIRECT_OBJC_ISA_USAGE = YES_ERROR;
				CLANG_WARN_EMPTY_BODY = YES;
				CLANG_WARN_ENUM_CONVERSION = YES;
				CLANG_WARN_INT_CONVERSION = YES;
				CLANG_WARN_OBJC_ROOT_CLASS = YES_ERROR;
				CLANG_WARN__DUPLICATE_METHOD_MATCH = YES;
				COPY_PHASE_STRIP = NO;
				GCC_C_LANGUAGE_STANDARD = gnu99;
				GCC_DYNAMIC_NO_PIC = NO;
				GCC_OPTIMIZATION_LEVEL = 0;
				GCC_PREPROCESSOR_DEFINITIONS = (
					"DEBUG=1",
					"$(inherited)",
				);
				GCC_SYMBOLS_PRIVATE_EXTERN = NO;
				GCC_WARN_64_TO_32_BIT_CONVERSION = YES;
				GCC_WARN_ABOUT_RETURN_TYPE = YES_ERROR;
				GCC_WARN_UNDECLARED_SELECTOR = YES;
				GCC_WARN_UNINITIALIZED_AUTOS = YES_AGGRESSIVE;
				GCC_WARN_UNUSED_FUNCTION = YES;
				GCC_WARN_UNUSED_VARIABLE = YES;
				IPHONEOS_DEPLOYMENT_TARGET = 6.0;
				ONLY_ACTIVE_ARCH = YES;
				SDKROOT = iphoneos;
			};
			name = Debug;
		};
		C25224EB1956782C00BA1731 /* Release */ = {
			isa = XCBuildConfiguration;
			buildSettings = {
				ALWAYS_SEARCH_USER_PATHS = NO;
				CLANG_CXX_LANGUAGE_STANDARD = "gnu++0x";
				CLANG_CXX_LIBRARY = "libc++";
				CLANG_ENABLE_MODULES = YES;
				CLANG_ENABLE_OBJC_ARC = YES;
				CLANG_WARN_BOOL_CONVERSION = YES;
				CLANG_WARN_CONSTANT_CONVERSION = YES;
				CLANG_WARN_DIRECT_OBJC_ISA_USAGE = YES_ERROR;
				CLANG_WARN_EMPTY_BODY = YES;
				CLANG_WARN_ENUM_CONVERSION = YES;
				CLANG_WARN_INT_CONVERSION = YES;
				CLANG_WARN_OBJC_ROOT_CLASS = YES_ERROR;
				CLANG_WARN__DUPLICATE_METHOD_MATCH = YES;
				COPY_PHASE_STRIP = YES;
				ENABLE_NS_ASSERTIONS = NO;
				GCC_C_LANGUAGE_STANDARD = gnu99;
				GCC_WARN_64_TO_32_BIT_CONVERSION = YES;
				GCC_WARN_ABOUT_RETURN_TYPE = YES_ERROR;
				GCC_WARN_UNDECLARED_SELECTOR = YES;
				GCC_WARN_UNINITIALIZED_AUTOS = YES_AGGRESSIVE;
				GCC_WARN_UNUSED_FUNCTION = YES;
				GCC_WARN_UNUSED_VARIABLE = YES;
				IPHONEOS_DEPLOYMENT_TARGET = 6.0;
				SDKROOT = iphoneos;
				VALIDATE_PRODUCT = YES;
			};
			name = Release;
		};
		C25224ED1956782C00BA1731 /* Debug */ = {
			isa = XCBuildConfiguration;
			buildSettings = {
				ARCHS = "$(ARCHS_STANDARD)";
				DYLIB_COMPATIBILITY_VERSION = 1;
				DYLIB_CURRENT_VERSION = 1;
				FRAMEWORK_VERSION = A;
				GCC_PRECOMPILE_PREFIX_HEADER = YES;
				GCC_PREFIX_HEADER = "ZTJT/ZTJT-Prefix.pch";
				INFOPLIST_FILE = "ZTJT/ZTJT-Info.plist";
				PRODUCT_NAME = "$(TARGET_NAME)";
				SKIP_INSTALL = YES;
				WRAPPER_EXTENSION = framework;
			};
			name = Debug;
		};
		C25224EE1956782C00BA1731 /* Release */ = {
			isa = XCBuildConfiguration;
			buildSettings = {
				ARCHS = "$(ARCHS_STANDARD)";
				DYLIB_COMPATIBILITY_VERSION = 1;
				DYLIB_CURRENT_VERSION = 1;
				FRAMEWORK_VERSION = A;
				GCC_PRECOMPILE_PREFIX_HEADER = YES;
				GCC_PREFIX_HEADER = "ZTJT/ZTJT-Prefix.pch";
				INFOPLIST_FILE = "ZTJT/ZTJT-Info.plist";
				PRODUCT_NAME = "$(TARGET_NAME)";
				SKIP_INSTALL = YES;
				WRAPPER_EXTENSION = framework;
			};
			name = Release;
		};
		C25224F01956782C00BA1731 /* Debug */ = {
			isa = XCBuildConfiguration;
			buildSettings = {
				BUNDLE_LOADER = "$(BUILT_PRODUCTS_DIR)/ZTJT.framework/Versions/A/ZTJT";
				FRAMEWORK_SEARCH_PATHS = (
					"$(SDKROOT)/Developer/Library/Frameworks",
					"$(inherited)",
					"$(DEVELOPER_FRAMEWORKS_DIR)",
				);
				GCC_PRECOMPILE_PREFIX_HEADER = YES;
				GCC_PREFIX_HEADER = "ZTJT/ZTJT-Prefix.pch";
				GCC_PREPROCESSOR_DEFINITIONS = (
					"DEBUG=1",
					"$(inherited)",
				);
				INFOPLIST_FILE = "ZTJTTests/ZTJTTests-Info.plist";
				PRODUCT_NAME = "$(TARGET_NAME)";
				TEST_HOST = "$(BUNDLE_LOADER)";
				WRAPPER_EXTENSION = xctest;
			};
			name = Debug;
		};
		C25224F11956782C00BA1731 /* Release */ = {
			isa = XCBuildConfiguration;
			buildSettings = {
				BUNDLE_LOADER = "$(BUILT_PRODUCTS_DIR)/ZTJT.framework/Versions/A/ZTJT";
				FRAMEWORK_SEARCH_PATHS = (
					"$(SDKROOT)/Developer/Library/Frameworks",
					"$(inherited)",
					"$(DEVELOPER_FRAMEWORKS_DIR)",
				);
				GCC_PRECOMPILE_PREFIX_HEADER = YES;
				GCC_PREFIX_HEADER = "ZTJT/ZTJT-Prefix.pch";
				INFOPLIST_FILE = "ZTJTTests/ZTJTTests-Info.plist";
				PRODUCT_NAME = "$(TARGET_NAME)";
				TEST_HOST = "$(BUNDLE_LOADER)";
				WRAPPER_EXTENSION = xctest;
			};
			name = Release;
		};
/* End XCBuildConfiguration section */

/* Begin XCConfigurationList section */
		C25224BD1956782C00BA1731 /* Build configuration list for PBXProject "ZTJT" */ = {
			isa = XCConfigurationList;
			buildConfigurations = (
				C25224EA1956782C00BA1731 /* Debug */,
				C25224EB1956782C00BA1731 /* Release */,
			);
			defaultConfigurationIsVisible = 0;
			defaultConfigurationName = Release;
		};
		C25224EC1956782C00BA1731 /* Build configuration list for PBXNativeTarget "ZTJT" */ = {
			isa = XCConfigurationList;
			buildConfigurations = (
				C25224ED1956782C00BA1731 /* Debug */,
				C25224EE1956782C00BA1731 /* Release */,
			);
			defaultConfigurationIsVisible = 0;
			defaultConfigurationName = Release;
		};
		C25224EF1956782C00BA1731 /* Build configuration list for PBXNativeTarget "ZTJTTests" */ = {
			isa = XCConfigurationList;
			buildConfigurations = (
				C25224F01956782C00BA1731 /* Debug */,
				C25224F11956782C00BA1731 /* Release */,
			);
			defaultConfigurationIsVisible = 0;
			defaultConfigurationName = Release;
		};
/* End XCConfigurationList section */
	};
	rootObject = C25224BA1956782C00BA1731 /* Project object */;
}
