// !$*UTF8*$!
{
	archiveVersion = 1;
	classes = {
	};
	objectVersion = 46;
	objects = {

/* Begin PBXBuildFile section */
		C21D1CBF193ACFFE00E34523 /* Intersections.cpp in Sources */ = {isa = PBXBuildFile; fileRef = C21D1CBD193ACFFE00E34523 /* Intersections.cpp */; };
		C21DEFB31913A314003E8A01 /* StatusTests.mm in Sources */ = {isa = PBXBuildFile; fileRef = C21DEFB21913A314003E8A01 /* StatusTests.mm */; };
		C21DEFB61913A633003E8A01 /* Debug.cpp in Sources */ = {isa = PBXBuildFile; fileRef = C21DEFB41913A633003E8A01 /* Debug.cpp */; };
		C21DEFB71913A633003E8A01 /* Debug.cpp in Sources */ = {isa = PBXBuildFile; fileRef = C21DEFB41913A633003E8A01 /* Debug.cpp */; };
		C21DEFBA1913A9A1003E8A01 /* BinaryObj.cpp in Sources */ = {isa = PBXBuildFile; fileRef = C21DEFB81913A9A1003E8A01 /* BinaryObj.cpp */; };
		C21DEFBB1913A9A1003E8A01 /* BinaryObj.cpp in Sources */ = {isa = PBXBuildFile; fileRef = C21DEFB81913A9A1003E8A01 /* BinaryObj.cpp */; };
		C21DEFBC1913AD2F003E8A01 /* Vertex.cpp in Sources */ = {isa = PBXBuildFile; fileRef = C228661719126987009D6502 /* Vertex.cpp */; };
		C21DEFBE19147705003E8A01 /* VertexTests.mm in Sources */ = {isa = PBXBuildFile; fileRef = C21DEFBD19147705003E8A01 /* VertexTests.mm */; };
		C21DEFC019147EE7003E8A01 /* LineTests.m in Sources */ = {isa = PBXBuildFile; fileRef = C21DEFBF19147EE7003E8A01 /* LineTests.m */; };
		C228661919126987009D6502 /* Vertex.cpp in Sources */ = {isa = PBXBuildFile; fileRef = C228661719126987009D6502 /* Vertex.cpp */; };
		C228661C191275A1009D6502 /* Scheme.cpp in Sources */ = {isa = PBXBuildFile; fileRef = C228661A191275A1009D6502 /* Scheme.cpp */; };
		C228661D191275A1009D6502 /* Scheme.cpp in Sources */ = {isa = PBXBuildFile; fileRef = C228661A191275A1009D6502 /* Scheme.cpp */; };
		C228662019128A82009D6502 /* Status.cpp in Sources */ = {isa = PBXBuildFile; fileRef = C228661E19128A82009D6502 /* Status.cpp */; };
		C228662119128A82009D6502 /* Status.cpp in Sources */ = {isa = PBXBuildFile; fileRef = C228661E19128A82009D6502 /* Status.cpp */; };
		C25293E518D83CD500D83E0A /* Foundation.framework in Frameworks */ = {isa = PBXBuildFile; fileRef = C25293E418D83CD500D83E0A /* Foundation.framework */; };
		C25293EA18D83CD500D83E0A /* ZTJT.h in CopyFiles */ = {isa = PBXBuildFile; fileRef = C25293E918D83CD500D83E0A /* ZTJT.h */; };
		C25293EC18D83CD500D83E0A /* ZTJT.m in Sources */ = {isa = PBXBuildFile; fileRef = C25293EB18D83CD500D83E0A /* ZTJT.m */; };
		C25293F318D83CD500D83E0A /* XCTest.framework in Frameworks */ = {isa = PBXBuildFile; fileRef = C25293F218D83CD500D83E0A /* XCTest.framework */; };
		C25293F418D83CD500D83E0A /* Foundation.framework in Frameworks */ = {isa = PBXBuildFile; fileRef = C25293E418D83CD500D83E0A /* Foundation.framework */; };
		C25293FF18D83CD500D83E0A /* InfoPlist.strings in Resources */ = {isa = PBXBuildFile; fileRef = C25293FD18D83CD500D83E0A /* InfoPlist.strings */; };
		C252940118D83CD500D83E0A /* ZTJTTests.m in Sources */ = {isa = PBXBuildFile; fileRef = C252940018D83CD500D83E0A /* ZTJTTests.m */; };
		C252941818D83DA400D83E0A /* ZTData.cpp in Sources */ = {isa = PBXBuildFile; fileRef = C252940D18D83DA400D83E0A /* ZTData.cpp */; };
		C252941918D83DA400D83E0A /* ZTData.cpp in Sources */ = {isa = PBXBuildFile; fileRef = C252940D18D83DA400D83E0A /* ZTData.cpp */; };
		C252941C18D83DA400D83E0A /* ZTPacket.cpp in Sources */ = {isa = PBXBuildFile; fileRef = C252941118D83DA400D83E0A /* ZTPacket.cpp */; };
		C252941D18D83DA400D83E0A /* ZTPacket.cpp in Sources */ = {isa = PBXBuildFile; fileRef = C252941118D83DA400D83E0A /* ZTPacket.cpp */; };
		C252941E18D83DA400D83E0A /* ZTServer.cpp in Sources */ = {isa = PBXBuildFile; fileRef = C252941318D83DA400D83E0A /* ZTServer.cpp */; };
		C252941F18D83DA400D83E0A /* ZTServer.cpp in Sources */ = {isa = PBXBuildFile; fileRef = C252941318D83DA400D83E0A /* ZTServer.cpp */; };
		C252942018D83DA400D83E0A /* ZTSocket.cpp in Sources */ = {isa = PBXBuildFile; fileRef = C252941518D83DA400D83E0A /* ZTSocket.cpp */; };
		C252942118D83DA400D83E0A /* ZTSocket.cpp in Sources */ = {isa = PBXBuildFile; fileRef = C252941518D83DA400D83E0A /* ZTSocket.cpp */; };
		C252942818D83EB600D83E0A /* Line.cpp in Sources */ = {isa = PBXBuildFile; fileRef = C252942618D83EB600D83E0A /* Line.cpp */; };
		C252942918D83EB600D83E0A /* Line.cpp in Sources */ = {isa = PBXBuildFile; fileRef = C252942618D83EB600D83E0A /* Line.cpp */; };
		C252942E18D83F8300D83E0A /* ZTObject.cpp in Sources */ = {isa = PBXBuildFile; fileRef = C252942C18D83F8300D83E0A /* ZTObject.cpp */; };
		C252942F18D83F8300D83E0A /* ZTObject.cpp in Sources */ = {isa = PBXBuildFile; fileRef = C252942C18D83F8300D83E0A /* ZTObject.cpp */; };
		C252943218D8421E00D83E0A /* LampGroup.cpp in Sources */ = {isa = PBXBuildFile; fileRef = C252943018D8421E00D83E0A /* LampGroup.cpp */; };
		C252943318D8421E00D83E0A /* LampGroup.cpp in Sources */ = {isa = PBXBuildFile; fileRef = C252943018D8421E00D83E0A /* LampGroup.cpp */; };
		C252943618D96A2500D83E0A /* Name.cpp in Sources */ = {isa = PBXBuildFile; fileRef = C252943418D96A2500D83E0A /* Name.cpp */; };
		C252943718D96A2500D83E0A /* Name.cpp in Sources */ = {isa = PBXBuildFile; fileRef = C252943418D96A2500D83E0A /* Name.cpp */; };
		C252943A18D97AD300D83E0A /* GraphicObject.cpp in Sources */ = {isa = PBXBuildFile; fileRef = C252943818D97AD300D83E0A /* GraphicObject.cpp */; };
		C252943B18D97AD300D83E0A /* GraphicObject.cpp in Sources */ = {isa = PBXBuildFile; fileRef = C252943818D97AD300D83E0A /* GraphicObject.cpp */; };
		C252943E18D9870100D83E0A /* GraphicsManager.cpp in Sources */ = {isa = PBXBuildFile; fileRef = C252943C18D9870100D83E0A /* GraphicsManager.cpp */; };
		C252943F18D9870100D83E0A /* GraphicsManager.cpp in Sources */ = {isa = PBXBuildFile; fileRef = C252943C18D9870100D83E0A /* GraphicsManager.cpp */; };
		C252944118DA82B300D83E0A /* LampGroupTests.mm in Sources */ = {isa = PBXBuildFile; fileRef = C252944018DA82B300D83E0A /* LampGroupTests.mm */; };
		C252944418DA930D00D83E0A /* Config.cpp in Sources */ = {isa = PBXBuildFile; fileRef = C252944218DA930D00D83E0A /* Config.cpp */; };
		C252944518DA930D00D83E0A /* Config.cpp in Sources */ = {isa = PBXBuildFile; fileRef = C252944218DA930D00D83E0A /* Config.cpp */; };
		C252945018DAF4CE00D83E0A /* Lamp.cpp in Sources */ = {isa = PBXBuildFile; fileRef = C252944E18DAF4CE00D83E0A /* Lamp.cpp */; };
		C252945118DAF4CE00D83E0A /* Lamp.cpp in Sources */ = {isa = PBXBuildFile; fileRef = C252944E18DAF4CE00D83E0A /* Lamp.cpp */; };
		C29C171119277D3E00A47643 /* PlanModule.cpp in Sources */ = {isa = PBXBuildFile; fileRef = C29C170F19277D3E00A47643 /* PlanModule.cpp */; };
		C29C171219277D3E00A47643 /* PlanModule.cpp in Sources */ = {isa = PBXBuildFile; fileRef = C29C170F19277D3E00A47643 /* PlanModule.cpp */; };
		C29F6191191FB6C300F33ADE /* WeekPlan.cpp in Sources */ = {isa = PBXBuildFile; fileRef = C29F618F191FB6C300F33ADE /* WeekPlan.cpp */; };
		C29F6192191FB6C300F33ADE /* WeekPlan.cpp in Sources */ = {isa = PBXBuildFile; fileRef = C29F618F191FB6C300F33ADE /* WeekPlan.cpp */; };
		C29F6195191FC31100F33ADE /* DayPlan.cpp in Sources */ = {isa = PBXBuildFile; fileRef = C29F6193191FC31100F33ADE /* DayPlan.cpp */; };
		C29F6196191FC31100F33ADE /* DayPlan.cpp in Sources */ = {isa = PBXBuildFile; fileRef = C29F6193191FC31100F33ADE /* DayPlan.cpp */; };
		C29F6199191FC39300F33ADE /* Period.cpp in Sources */ = {isa = PBXBuildFile; fileRef = C29F6197191FC39300F33ADE /* Period.cpp */; };
		C29F619A191FC39300F33ADE /* Period.cpp in Sources */ = {isa = PBXBuildFile; fileRef = C29F6197191FC39300F33ADE /* Period.cpp */; };
		C2C5FF3A191E54E600307B19 /* NameTests.m in Sources */ = {isa = PBXBuildFile; fileRef = C2C5FF39191E54E600307B19 /* NameTests.m */; };
		C2C5FF3D191FA53600307B19 /* DevConfig.cpp in Sources */ = {isa = PBXBuildFile; fileRef = C2C5FF3B191FA53600307B19 /* DevConfig.cpp */; };
		C2C5FF3E191FA53600307B19 /* DevConfig.cpp in Sources */ = {isa = PBXBuildFile; fileRef = C2C5FF3B191FA53600307B19 /* DevConfig.cpp */; };
		C2DD712318DC4270007DE4F9 /* ZTFile.cpp in Sources */ = {isa = PBXBuildFile; fileRef = C2DD712118DC4270007DE4F9 /* ZTFile.cpp */; };
		C2DD712418DC4270007DE4F9 /* ZTFile.cpp in Sources */ = {isa = PBXBuildFile; fileRef = C2DD712118DC4270007DE4F9 /* ZTFile.cpp */; };
/* End PBXBuildFile section */

/* Begin PBXContainerItemProxy section */
		C25293F718D83CD500D83E0A /* PBXContainerItemProxy */ = {
			isa = PBXContainerItemProxy;
			containerPortal = C25293D918D83CD500D83E0A /* Project object */;
			proxyType = 1;
			remoteGlobalIDString = C25293E018D83CD500D83E0A;
			remoteInfo = ZTJT;
		};
/* End PBXContainerItemProxy section */

/* Begin PBXCopyFilesBuildPhase section */
		C25293DF18D83CD500D83E0A /* CopyFiles */ = {
			isa = PBXCopyFilesBuildPhase;
			buildActionMask = 2147483647;
			dstPath = "include/$(PRODUCT_NAME)";
			dstSubfolderSpec = 16;
			files = (
				C25293EA18D83CD500D83E0A /* ZTJT.h in CopyFiles */,
			);
			runOnlyForDeploymentPostprocessing = 0;
		};
/* End PBXCopyFilesBuildPhase section */

/* Begin PBXFileReference section */
		C21D1CBD193ACFFE00E34523 /* Intersections.cpp */ = {isa = PBXFileReference; fileEncoding = 4; lastKnownFileType = sourcecode.cpp.cpp; path = Intersections.cpp; sourceTree = "<group>"; };
		C21D1CBE193ACFFE00E34523 /* Intersections.h */ = {isa = PBXFileReference; fileEncoding = 4; lastKnownFileType = sourcecode.c.h; path = Intersections.h; sourceTree = "<group>"; };
		C21DEFB21913A314003E8A01 /* StatusTests.mm */ = {isa = PBXFileReference; fileEncoding = 4; lastKnownFileType = sourcecode.cpp.objcpp; path = StatusTests.mm; sourceTree = "<group>"; };
		C21DEFB41913A633003E8A01 /* Debug.cpp */ = {isa = PBXFileReference; fileEncoding = 4; lastKnownFileType = sourcecode.cpp.cpp; path = Debug.cpp; sourceTree = "<group>"; };
		C21DEFB51913A633003E8A01 /* Debug.h */ = {isa = PBXFileReference; fileEncoding = 4; lastKnownFileType = sourcecode.c.h; path = Debug.h; sourceTree = "<group>"; };
		C21DEFB81913A9A1003E8A01 /* BinaryObj.cpp */ = {isa = PBXFileReference; fileEncoding = 4; lastKnownFileType = sourcecode.cpp.cpp; path = BinaryObj.cpp; sourceTree = "<group>"; };
		C21DEFB91913A9A1003E8A01 /* BinaryObj.h */ = {isa = PBXFileReference; fileEncoding = 4; lastKnownFileType = sourcecode.c.h; path = BinaryObj.h; sourceTree = "<group>"; };
		C21DEFBD19147705003E8A01 /* VertexTests.mm */ = {isa = PBXFileReference; fileEncoding = 4; lastKnownFileType = sourcecode.cpp.objcpp; path = VertexTests.mm; sourceTree = "<group>"; };
		C21DEFBF19147EE7003E8A01 /* LineTests.m */ = {isa = PBXFileReference; fileEncoding = 4; lastKnownFileType = sourcecode.c.objc; path = LineTests.m; sourceTree = "<group>"; };
		C228661719126987009D6502 /* Vertex.cpp */ = {isa = PBXFileReference; fileEncoding = 4; lastKnownFileType = sourcecode.cpp.cpp; path = Vertex.cpp; sourceTree = "<group>"; };
		C228661819126987009D6502 /* Vertex.h */ = {isa = PBXFileReference; fileEncoding = 4; lastKnownFileType = sourcecode.c.h; path = Vertex.h; sourceTree = "<group>"; };
		C228661A191275A1009D6502 /* Scheme.cpp */ = {isa = PBXFileReference; fileEncoding = 4; lastKnownFileType = sourcecode.cpp.cpp; path = Scheme.cpp; sourceTree = "<group>"; };
		C228661B191275A1009D6502 /* Scheme.h */ = {isa = PBXFileReference; fileEncoding = 4; lastKnownFileType = sourcecode.c.h; path = Scheme.h; sourceTree = "<group>"; };
		C228661E19128A82009D6502 /* Status.cpp */ = {isa = PBXFileReference; fileEncoding = 4; lastKnownFileType = sourcecode.cpp.cpp; path = Status.cpp; sourceTree = "<group>"; };
		C228661F19128A82009D6502 /* Status.h */ = {isa = PBXFileReference; fileEncoding = 4; lastKnownFileType = sourcecode.c.h; path = Status.h; sourceTree = "<group>"; };
		C25293E118D83CD500D83E0A /* liblibZTJT.a */ = {isa = PBXFileReference; explicitFileType = archive.ar; includeInIndex = 0; path = liblibZTJT.a; sourceTree = BUILT_PRODUCTS_DIR; };
		C25293E418D83CD500D83E0A /* Foundation.framework */ = {isa = PBXFileReference; lastKnownFileType = wrapper.framework; name = Foundation.framework; path = System/Library/Frameworks/Foundation.framework; sourceTree = SDKROOT; };
		C25293E818D83CD500D83E0A /* ZTJT-Prefix.pch */ = {isa = PBXFileReference; lastKnownFileType = sourcecode.c.h; path = "ZTJT-Prefix.pch"; sourceTree = "<group>"; };
		C25293E918D83CD500D83E0A /* ZTJT.h */ = {isa = PBXFileReference; lastKnownFileType = sourcecode.c.h; path = ZTJT.h; sourceTree = "<group>"; };
		C25293EB18D83CD500D83E0A /* ZTJT.m */ = {isa = PBXFileReference; lastKnownFileType = sourcecode.c.objc; path = ZTJT.m; sourceTree = "<group>"; };
		C25293F118D83CD500D83E0A /* ZTJTTests.xctest */ = {isa = PBXFileReference; explicitFileType = wrapper.cfbundle; includeInIndex = 0; path = ZTJTTests.xctest; sourceTree = BUILT_PRODUCTS_DIR; };
		C25293F218D83CD500D83E0A /* XCTest.framework */ = {isa = PBXFileReference; lastKnownFileType = wrapper.framework; name = XCTest.framework; path = Library/Frameworks/XCTest.framework; sourceTree = DEVELOPER_DIR; };
		C25293F518D83CD500D83E0A /* UIKit.framework */ = {isa = PBXFileReference; lastKnownFileType = wrapper.framework; name = UIKit.framework; path = Library/Frameworks/UIKit.framework; sourceTree = DEVELOPER_DIR; };
		C25293FC18D83CD500D83E0A /* ZTJTTests-Info.plist */ = {isa = PBXFileReference; lastKnownFileType = text.plist.xml; path = "ZTJTTests-Info.plist"; sourceTree = "<group>"; };
		C25293FE18D83CD500D83E0A /* en */ = {isa = PBXFileReference; lastKnownFileType = text.plist.strings; name = en; path = en.lproj/InfoPlist.strings; sourceTree = "<group>"; };
		C252940018D83CD500D83E0A /* ZTJTTests.m */ = {isa = PBXFileReference; lastKnownFileType = sourcecode.c.objc; path = ZTJTTests.m; sourceTree = "<group>"; };
		C252940D18D83DA400D83E0A /* ZTData.cpp */ = {isa = PBXFileReference; fileEncoding = 4; lastKnownFileType = sourcecode.cpp.cpp; path = ZTData.cpp; sourceTree = "<group>"; };
		C252940E18D83DA400D83E0A /* ZTData.h */ = {isa = PBXFileReference; fileEncoding = 4; lastKnownFileType = sourcecode.c.h; path = ZTData.h; sourceTree = "<group>"; };
		C252941118D83DA400D83E0A /* ZTPacket.cpp */ = {isa = PBXFileReference; fileEncoding = 4; lastKnownFileType = sourcecode.cpp.cpp; path = ZTPacket.cpp; sourceTree = "<group>"; };
		C252941218D83DA400D83E0A /* ZTPacket.h */ = {isa = PBXFileReference; fileEncoding = 4; lastKnownFileType = sourcecode.c.h; path = ZTPacket.h; sourceTree = "<group>"; };
		C252941318D83DA400D83E0A /* ZTServer.cpp */ = {isa = PBXFileReference; fileEncoding = 4; lastKnownFileType = sourcecode.cpp.cpp; path = ZTServer.cpp; sourceTree = "<group>"; };
		C252941418D83DA400D83E0A /* ZTServer.h */ = {isa = PBXFileReference; fileEncoding = 4; lastKnownFileType = sourcecode.c.h; path = ZTServer.h; sourceTree = "<group>"; };
		C252941518D83DA400D83E0A /* ZTSocket.cpp */ = {isa = PBXFileReference; fileEncoding = 4; lastKnownFileType = sourcecode.cpp.cpp; path = ZTSocket.cpp; sourceTree = "<group>"; };
		C252941618D83DA400D83E0A /* ZTSocket.h */ = {isa = PBXFileReference; fileEncoding = 4; lastKnownFileType = sourcecode.c.h; path = ZTSocket.h; sourceTree = "<group>"; };
		C252941718D83DA400D83E0A /* ZTThread.h */ = {isa = PBXFileReference; fileEncoding = 4; lastKnownFileType = sourcecode.c.h; path = ZTThread.h; sourceTree = "<group>"; };
		C252942618D83EB600D83E0A /* Line.cpp */ = {isa = PBXFileReference; fileEncoding = 4; lastKnownFileType = sourcecode.cpp.cpp; path = Line.cpp; sourceTree = "<group>"; };
		C252942718D83EB600D83E0A /* Line.h */ = {isa = PBXFileReference; fileEncoding = 4; lastKnownFileType = sourcecode.c.h; path = Line.h; sourceTree = "<group>"; };
		C252942B18D83F8300D83E0A /* TypeDef.h */ = {isa = PBXFileReference; fileEncoding = 4; lastKnownFileType = sourcecode.c.h; path = TypeDef.h; sourceTree = "<group>"; };
		C252942C18D83F8300D83E0A /* ZTObject.cpp */ = {isa = PBXFileReference; fileEncoding = 4; lastKnownFileType = sourcecode.cpp.cpp; path = ZTObject.cpp; sourceTree = "<group>"; };
		C252942D18D83F8300D83E0A /* ZTObject.h */ = {isa = PBXFileReference; fileEncoding = 4; lastKnownFileType = sourcecode.c.h; path = ZTObject.h; sourceTree = "<group>"; };
		C252943018D8421E00D83E0A /* LampGroup.cpp */ = {isa = PBXFileReference; fileEncoding = 4; lastKnownFileType = sourcecode.cpp.cpp; path = LampGroup.cpp; sourceTree = "<group>"; };
		C252943118D8421E00D83E0A /* LampGroup.h */ = {isa = PBXFileReference; fileEncoding = 4; lastKnownFileType = sourcecode.c.h; path = LampGroup.h; sourceTree = "<group>"; };
		C252943418D96A2500D83E0A /* Name.cpp */ = {isa = PBXFileReference; fileEncoding = 4; lastKnownFileType = sourcecode.cpp.cpp; path = Name.cpp; sourceTree = "<group>"; };
		C252943518D96A2500D83E0A /* Name.h */ = {isa = PBXFileReference; fileEncoding = 4; lastKnownFileType = sourcecode.c.h; path = Name.h; sourceTree = "<group>"; };
		C252943818D97AD300D83E0A /* GraphicObject.cpp */ = {isa = PBXFileReference; fileEncoding = 4; lastKnownFileType = sourcecode.cpp.cpp; path = GraphicObject.cpp; sourceTree = "<group>"; };
		C252943918D97AD300D83E0A /* GraphicObject.h */ = {isa = PBXFileReference; fileEncoding = 4; lastKnownFileType = sourcecode.c.h; path = GraphicObject.h; sourceTree = "<group>"; };
		C252943C18D9870100D83E0A /* GraphicsManager.cpp */ = {isa = PBXFileReference; fileEncoding = 4; lastKnownFileType = sourcecode.cpp.cpp; path = GraphicsManager.cpp; sourceTree = "<group>"; };
		C252943D18D9870100D83E0A /* GraphicsManager.h */ = {isa = PBXFileReference; fileEncoding = 4; lastKnownFileType = sourcecode.c.h; path = GraphicsManager.h; sourceTree = "<group>"; };
		C252944018DA82B300D83E0A /* LampGroupTests.mm */ = {isa = PBXFileReference; fileEncoding = 4; lastKnownFileType = sourcecode.cpp.objcpp; path = LampGroupTests.mm; sourceTree = "<group>"; };
		C252944218DA930D00D83E0A /* Config.cpp */ = {isa = PBXFileReference; fileEncoding = 4; lastKnownFileType = sourcecode.cpp.cpp; path = Config.cpp; sourceTree = "<group>"; };
		C252944318DA930D00D83E0A /* Config.h */ = {isa = PBXFileReference; fileEncoding = 4; lastKnownFileType = sourcecode.c.h; path = Config.h; sourceTree = "<group>"; };
		C252944E18DAF4CE00D83E0A /* Lamp.cpp */ = {isa = PBXFileReference; fileEncoding = 4; lastKnownFileType = sourcecode.cpp.cpp; path = Lamp.cpp; sourceTree = "<group>"; };
		C252944F18DAF4CE00D83E0A /* Lamp.h */ = {isa = PBXFileReference; fileEncoding = 4; lastKnownFileType = sourcecode.c.h; path = Lamp.h; sourceTree = "<group>"; };
		C29C170F19277D3E00A47643 /* PlanModule.cpp */ = {isa = PBXFileReference; fileEncoding = 4; lastKnownFileType = sourcecode.cpp.cpp; path = PlanModule.cpp; sourceTree = "<group>"; };
		C29C171019277D3E00A47643 /* PlanModule.h */ = {isa = PBXFileReference; fileEncoding = 4; lastKnownFileType = sourcecode.c.h; path = PlanModule.h; sourceTree = "<group>"; };
		C29F618F191FB6C300F33ADE /* WeekPlan.cpp */ = {isa = PBXFileReference; fileEncoding = 4; lastKnownFileType = sourcecode.cpp.cpp; path = WeekPlan.cpp; sourceTree = "<group>"; };
		C29F6190191FB6C300F33ADE /* WeekPlan.h */ = {isa = PBXFileReference; fileEncoding = 4; lastKnownFileType = sourcecode.c.h; path = WeekPlan.h; sourceTree = "<group>"; };
		C29F6193191FC31100F33ADE /* DayPlan.cpp */ = {isa = PBXFileReference; fileEncoding = 4; lastKnownFileType = sourcecode.cpp.cpp; path = DayPlan.cpp; sourceTree = "<group>"; };
		C29F6194191FC31100F33ADE /* DayPlan.h */ = {isa = PBXFileReference; fileEncoding = 4; lastKnownFileType = sourcecode.c.h; path = DayPlan.h; sourceTree = "<group>"; };
		C29F6197191FC39300F33ADE /* Period.cpp */ = {isa = PBXFileReference; fileEncoding = 4; lastKnownFileType = sourcecode.cpp.cpp; path = Period.cpp; sourceTree = "<group>"; };
		C29F6198191FC39300F33ADE /* Period.h */ = {isa = PBXFileReference; fileEncoding = 4; lastKnownFileType = sourcecode.c.h; path = Period.h; sourceTree = "<group>"; };
		C2C5FF39191E54E600307B19 /* NameTests.m */ = {isa = PBXFileReference; fileEncoding = 4; lastKnownFileType = sourcecode.c.objc; path = NameTests.m; sourceTree = "<group>"; };
		C2C5FF3B191FA53600307B19 /* DevConfig.cpp */ = {isa = PBXFileReference; fileEncoding = 4; lastKnownFileType = sourcecode.cpp.cpp; path = DevConfig.cpp; sourceTree = "<group>"; };
		C2C5FF3C191FA53600307B19 /* DevConfig.h */ = {isa = PBXFileReference; fileEncoding = 4; lastKnownFileType = sourcecode.c.h; path = DevConfig.h; sourceTree = "<group>"; };
		C2DD712118DC4270007DE4F9 /* ZTFile.cpp */ = {isa = PBXFileReference; fileEncoding = 4; lastKnownFileType = sourcecode.cpp.cpp; path = ZTFile.cpp; sourceTree = "<group>"; };
		C2DD712218DC4270007DE4F9 /* ZTFile.h */ = {isa = PBXFileReference; fileEncoding = 4; lastKnownFileType = sourcecode.c.h; path = ZTFile.h; sourceTree = "<group>"; };
/* End PBXFileReference section */

/* Begin PBXFrameworksBuildPhase section */
		C25293DE18D83CD500D83E0A /* Frameworks */ = {
			isa = PBXFrameworksBuildPhase;
			buildActionMask = 2147483647;
			files = (
				C25293E518D83CD500D83E0A /* Foundation.framework in Frameworks */,
			);
			runOnlyForDeploymentPostprocessing = 0;
		};
		C25293EE18D83CD500D83E0A /* Frameworks */ = {
			isa = PBXFrameworksBuildPhase;
			buildActionMask = 2147483647;
			files = (
				C25293F318D83CD500D83E0A /* XCTest.framework in Frameworks */,
				C25293F418D83CD500D83E0A /* Foundation.framework in Frameworks */,
			);
			runOnlyForDeploymentPostprocessing = 0;
		};
/* End PBXFrameworksBuildPhase section */

/* Begin PBXGroup section */
		C25293D818D83CD500D83E0A = {
			isa = PBXGroup;
			children = (
				C25293E618D83CD500D83E0A /* ZTJT */,
				C25293FA18D83CD500D83E0A /* ZTJTTests */,
				C25293E318D83CD500D83E0A /* Frameworks */,
				C25293E218D83CD500D83E0A /* Products */,
			);
			sourceTree = "<group>";
		};
		C25293E218D83CD500D83E0A /* Products */ = {
			isa = PBXGroup;
			children = (
				C25293E118D83CD500D83E0A /* liblibZTJT.a */,
				C25293F118D83CD500D83E0A /* ZTJTTests.xctest */,
			);
			name = Products;
			sourceTree = "<group>";
		};
		C25293E318D83CD500D83E0A /* Frameworks */ = {
			isa = PBXGroup;
			children = (
				C25293E418D83CD500D83E0A /* Foundation.framework */,
				C25293F218D83CD500D83E0A /* XCTest.framework */,
				C25293F518D83CD500D83E0A /* UIKit.framework */,
			);
			name = Frameworks;
			sourceTree = "<group>";
		};
		C25293E618D83CD500D83E0A /* ZTJT */ = {
			isa = PBXGroup;
			children = (
				C252940A18D83DA400D83E0A /* Classes */,
				C25293E918D83CD500D83E0A /* ZTJT.h */,
				C25293EB18D83CD500D83E0A /* ZTJT.m */,
				C25293E718D83CD500D83E0A /* Supporting Files */,
			);
			path = ZTJT;
			sourceTree = "<group>";
		};
		C25293E718D83CD500D83E0A /* Supporting Files */ = {
			isa = PBXGroup;
			children = (
				C25293E818D83CD500D83E0A /* ZTJT-Prefix.pch */,
			);
			name = "Supporting Files";
			sourceTree = "<group>";
		};
		C25293FA18D83CD500D83E0A /* ZTJTTests */ = {
			isa = PBXGroup;
			children = (
				C252940018D83CD500D83E0A /* ZTJTTests.m */,
				C25293FB18D83CD500D83E0A /* Supporting Files */,
				C252944018DA82B300D83E0A /* LampGroupTests.mm */,
				C21DEFB21913A314003E8A01 /* StatusTests.mm */,
				C21DEFBD19147705003E8A01 /* VertexTests.mm */,
				C21DEFBF19147EE7003E8A01 /* LineTests.m */,
				C2C5FF39191E54E600307B19 /* NameTests.m */,
			);
			path = ZTJTTests;
			sourceTree = "<group>";
		};
		C25293FB18D83CD500D83E0A /* Supporting Files */ = {
			isa = PBXGroup;
			children = (
				C25293FC18D83CD500D83E0A /* ZTJTTests-Info.plist */,
				C25293FD18D83CD500D83E0A /* InfoPlist.strings */,
			);
			name = "Supporting Files";
			sourceTree = "<group>";
		};
		C252940A18D83DA400D83E0A /* Classes */ = {
			isa = PBXGroup;
			children = (
				C252942A18D83F8300D83E0A /* comm */,
				C252940B18D83DA400D83E0A /* socket */,
				C252942618D83EB600D83E0A /* Line.cpp */,
				C252942718D83EB600D83E0A /* Line.h */,
				C252943018D8421E00D83E0A /* LampGroup.cpp */,
				C252943118D8421E00D83E0A /* LampGroup.h */,
				C252943418D96A2500D83E0A /* Name.cpp */,
				C252943518D96A2500D83E0A /* Name.h */,
				C252943818D97AD300D83E0A /* GraphicObject.cpp */,
				C252943918D97AD300D83E0A /* GraphicObject.h */,
				C252943C18D9870100D83E0A /* GraphicsManager.cpp */,
				C252943D18D9870100D83E0A /* GraphicsManager.h */,
				C252944E18DAF4CE00D83E0A /* Lamp.cpp */,
				C252944F18DAF4CE00D83E0A /* Lamp.h */,
				C228661719126987009D6502 /* Vertex.cpp */,
				C228661819126987009D6502 /* Vertex.h */,
				C228661A191275A1009D6502 /* Scheme.cpp */,
				C228661B191275A1009D6502 /* Scheme.h */,
				C228661E19128A82009D6502 /* Status.cpp */,
				C228661F19128A82009D6502 /* Status.h */,
				C21DEFB41913A633003E8A01 /* Debug.cpp */,
				C21DEFB51913A633003E8A01 /* Debug.h */,
				C21DEFB81913A9A1003E8A01 /* BinaryObj.cpp */,
				C21DEFB91913A9A1003E8A01 /* BinaryObj.h */,
				C2C5FF3B191FA53600307B19 /* DevConfig.cpp */,
				C2C5FF3C191FA53600307B19 /* DevConfig.h */,
				C29F618F191FB6C300F33ADE /* WeekPlan.cpp */,
				C29F6190191FB6C300F33ADE /* WeekPlan.h */,
				C29F6193191FC31100F33ADE /* DayPlan.cpp */,
				C29F6194191FC31100F33ADE /* DayPlan.h */,
				C29F6197191FC39300F33ADE /* Period.cpp */,
				C29F6198191FC39300F33ADE /* Period.h */,
				C29C170F19277D3E00A47643 /* PlanModule.cpp */,
				C29C171019277D3E00A47643 /* PlanModule.h */,
				C21D1CBD193ACFFE00E34523 /* Intersections.cpp */,
				C21D1CBE193ACFFE00E34523 /* Intersections.h */,
			);
			path = Classes;
			sourceTree = "<group>";
		};
		C252940B18D83DA400D83E0A /* socket */ = {
			isa = PBXGroup;
			children = (
				C252940D18D83DA400D83E0A /* ZTData.cpp */,
				C252940E18D83DA400D83E0A /* ZTData.h */,
				C252941118D83DA400D83E0A /* ZTPacket.cpp */,
				C252941218D83DA400D83E0A /* ZTPacket.h */,
				C252941318D83DA400D83E0A /* ZTServer.cpp */,
				C252941418D83DA400D83E0A /* ZTServer.h */,
				C252941518D83DA400D83E0A /* ZTSocket.cpp */,
				C252941618D83DA400D83E0A /* ZTSocket.h */,
				C252941718D83DA400D83E0A /* ZTThread.h */,
			);
			path = socket;
			sourceTree = "<group>";
		};
		C252942A18D83F8300D83E0A /* comm */ = {
			isa = PBXGroup;
			children = (
				C252942B18D83F8300D83E0A /* TypeDef.h */,
				C252942C18D83F8300D83E0A /* ZTObject.cpp */,
				C252942D18D83F8300D83E0A /* ZTObject.h */,
				C252944218DA930D00D83E0A /* Config.cpp */,
				C252944318DA930D00D83E0A /* Config.h */,
				C2DD712118DC4270007DE4F9 /* ZTFile.cpp */,
				C2DD712218DC4270007DE4F9 /* ZTFile.h */,
			);
			path = comm;
			sourceTree = "<group>";
		};
/* End PBXGroup section */

/* Begin PBXNativeTarget section */
		C25293E018D83CD500D83E0A /* libZTJT */ = {
			isa = PBXNativeTarget;
			buildConfigurationList = C252940418D83CD500D83E0A /* Build configuration list for PBXNativeTarget "libZTJT" */;
			buildPhases = (
				C25293DD18D83CD500D83E0A /* Sources */,
				C25293DE18D83CD500D83E0A /* Frameworks */,
				C25293DF18D83CD500D83E0A /* CopyFiles */,
			);
			buildRules = (
			);
			dependencies = (
			);
			name = libZTJT;
			productName = ZTJT;
			productReference = C25293E118D83CD500D83E0A /* liblibZTJT.a */;
			productType = "com.apple.product-type.library.static";
		};
		C25293F018D83CD500D83E0A /* ZTJTTests */ = {
			isa = PBXNativeTarget;
			buildConfigurationList = C252940718D83CD500D83E0A /* Build configuration list for PBXNativeTarget "ZTJTTests" */;
			buildPhases = (
				C25293ED18D83CD500D83E0A /* Sources */,
				C25293EE18D83CD500D83E0A /* Frameworks */,
				C25293EF18D83CD500D83E0A /* Resources */,
			);
			buildRules = (
			);
			dependencies = (
				C25293F818D83CD500D83E0A /* PBXTargetDependency */,
			);
			name = ZTJTTests;
			productName = ZTJTTests;
			productReference = C25293F118D83CD500D83E0A /* ZTJTTests.xctest */;
			productType = "com.apple.product-type.bundle.unit-test";
		};
/* End PBXNativeTarget section */

/* Begin PBXProject section */
		C25293D918D83CD500D83E0A /* Project object */ = {
			isa = PBXProject;
			attributes = {
				LastUpgradeCheck = 0510;
				ORGANIZATIONNAME = PerryMac;
			};
			buildConfigurationList = C25293DC18D83CD500D83E0A /* Build configuration list for PBXProject "ZTJT" */;
			compatibilityVersion = "Xcode 3.2";
			developmentRegion = English;
			hasScannedForEncodings = 0;
			knownRegions = (
				en,
			);
			mainGroup = C25293D818D83CD500D83E0A;
			productRefGroup = C25293E218D83CD500D83E0A /* Products */;
			projectDirPath = "";
			projectRoot = "";
			targets = (
				C25293E018D83CD500D83E0A /* libZTJT */,
				C25293F018D83CD500D83E0A /* ZTJTTests */,
			);
		};
/* End PBXProject section */

/* Begin PBXResourcesBuildPhase section */
		C25293EF18D83CD500D83E0A /* Resources */ = {
			isa = PBXResourcesBuildPhase;
			buildActionMask = 2147483647;
			files = (
				C25293FF18D83CD500D83E0A /* InfoPlist.strings in Resources */,
			);
			runOnlyForDeploymentPostprocessing = 0;
		};
/* End PBXResourcesBuildPhase section */

/* Begin PBXSourcesBuildPhase section */
		C25293DD18D83CD500D83E0A /* Sources */ = {
			isa = PBXSourcesBuildPhase;
			buildActionMask = 2147483647;
			files = (
				C228661C191275A1009D6502 /* Scheme.cpp in Sources */,
				C252943A18D97AD300D83E0A /* GraphicObject.cpp in Sources */,
				C252943618D96A2500D83E0A /* Name.cpp in Sources */,
				C252941E18D83DA400D83E0A /* ZTServer.cpp in Sources */,
				C252942818D83EB600D83E0A /* Line.cpp in Sources */,
				C21DEFB61913A633003E8A01 /* Debug.cpp in Sources */,
				C252942E18D83F8300D83E0A /* ZTObject.cpp in Sources */,
				C252943218D8421E00D83E0A /* LampGroup.cpp in Sources */,
				C228661919126987009D6502 /* Vertex.cpp in Sources */,
				C25293EC18D83CD500D83E0A /* ZTJT.m in Sources */,
				C252941818D83DA400D83E0A /* ZTData.cpp in Sources */,
				C252942018D83DA400D83E0A /* ZTSocket.cpp in Sources */,
				C29F6191191FB6C300F33ADE /* WeekPlan.cpp in Sources */,
				C21D1CBF193ACFFE00E34523 /* Intersections.cpp in Sources */,
				C252944418DA930D00D83E0A /* Config.cpp in Sources */,
				C29F6199191FC39300F33ADE /* Period.cpp in Sources */,
				C228662019128A82009D6502 /* Status.cpp in Sources */,
				C252941C18D83DA400D83E0A /* ZTPacket.cpp in Sources */,
				C2C5FF3D191FA53600307B19 /* DevConfig.cpp in Sources */,
				C29F6195191FC31100F33ADE /* DayPlan.cpp in Sources */,
				C252945018DAF4CE00D83E0A /* Lamp.cpp in Sources */,
				C252943E18D9870100D83E0A /* GraphicsManager.cpp in Sources */,
				C21DEFBA1913A9A1003E8A01 /* BinaryObj.cpp in Sources */,
				C29C171119277D3E00A47643 /* PlanModule.cpp in Sources */,
				C2DD712318DC4270007DE4F9 /* ZTFile.cpp in Sources */,
			);
			runOnlyForDeploymentPostprocessing = 0;
		};
		C25293ED18D83CD500D83E0A /* Sources */ = {
			isa = PBXSourcesBuildPhase;
			buildActionMask = 2147483647;
			files = (
				C228661D191275A1009D6502 /* Scheme.cpp in Sources */,
				C21DEFB31913A314003E8A01 /* StatusTests.mm in Sources */,
				C252943B18D97AD300D83E0A /* GraphicObject.cpp in Sources */,
				C2DD712418DC4270007DE4F9 /* ZTFile.cpp in Sources */,
				C252944518DA930D00D83E0A /* Config.cpp in Sources */,
				C252943718D96A2500D83E0A /* Name.cpp in Sources */,
				C29F6192191FB6C300F33ADE /* WeekPlan.cpp in Sources */,
				C252941F18D83DA400D83E0A /* ZTServer.cpp in Sources */,
				C252942918D83EB600D83E0A /* Line.cpp in Sources */,
				C252942F18D83F8300D83E0A /* ZTObject.cpp in Sources */,
				C252944118DA82B300D83E0A /* LampGroupTests.mm in Sources */,
				C2C5FF3A191E54E600307B19 /* NameTests.m in Sources */,
				C252943318D8421E00D83E0A /* LampGroup.cpp in Sources */,
				C21DEFBE19147705003E8A01 /* VertexTests.mm in Sources */,
				C29F619A191FC39300F33ADE /* Period.cpp in Sources */,
				C29F6196191FC31100F33ADE /* DayPlan.cpp in Sources */,
				C21DEFC019147EE7003E8A01 /* LineTests.m in Sources */,
				C21DEFBB1913A9A1003E8A01 /* BinaryObj.cpp in Sources */,
				C252940118D83CD500D83E0A /* ZTJTTests.m in Sources */,
				C252945118DAF4CE00D83E0A /* Lamp.cpp in Sources */,
				C228662119128A82009D6502 /* Status.cpp in Sources */,
				C252941918D83DA400D83E0A /* ZTData.cpp in Sources */,
				C21DEFB71913A633003E8A01 /* Debug.cpp in Sources */,
				C2C5FF3E191FA53600307B19 /* DevConfig.cpp in Sources */,
				C252942118D83DA400D83E0A /* ZTSocket.cpp in Sources */,
				C252941D18D83DA400D83E0A /* ZTPacket.cpp in Sources */,
				C252943F18D9870100D83E0A /* GraphicsManager.cpp in Sources */,
				C21DEFBC1913AD2F003E8A01 /* Vertex.cpp in Sources */,
				C29C171219277D3E00A47643 /* PlanModule.cpp in Sources */,
			);
			runOnlyForDeploymentPostprocessing = 0;
		};
/* End PBXSourcesBuildPhase section */

/* Begin PBXTargetDependency section */
		C25293F818D83CD500D83E0A /* PBXTargetDependency */ = {
			isa = PBXTargetDependency;
			target = C25293E018D83CD500D83E0A /* libZTJT */;
			targetProxy = C25293F718D83CD500D83E0A /* PBXContainerItemProxy */;
		};
/* End PBXTargetDependency section */

/* Begin PBXVariantGroup section */
		C25293FD18D83CD500D83E0A /* InfoPlist.strings */ = {
			isa = PBXVariantGroup;
			children = (
				C25293FE18D83CD500D83E0A /* en */,
			);
			name = InfoPlist.strings;
			sourceTree = "<group>";
		};
/* End PBXVariantGroup section */

/* Begin XCBuildConfiguration section */
		C252940218D83CD500D83E0A /* Debug */ = {
			isa = XCBuildConfiguration;
			buildSettings = {
				ALWAYS_SEARCH_USER_PATHS = NO;
				CLANG_CXX_LANGUAGE_STANDARD = "gnu++0x";
				CLANG_CXX_LIBRARY = "libc++";
				CLANG_ENABLE_MODULES = YES;
				CLANG_ENABLE_OBJC_ARC = YES;
				CLANG_WARN_BOOL_CONVERSION = YES;
				CLANG_WARN_CONSTANT_CONVERSION = YES;
				CLANG_WARN_DIRECT_OBJC_ISA_USAGE = YES_ERROR;
				CLANG_WARN_EMPTY_BODY = YES;
				CLANG_WARN_ENUM_CONVERSION = YES;
				CLANG_WARN_INT_CONVERSION = YES;
				CLANG_WARN_OBJC_ROOT_CLASS = YES_ERROR;
				CLANG_WARN__DUPLICATE_METHOD_MATCH = YES;
				COPY_PHASE_STRIP = NO;
				GCC_C_LANGUAGE_STANDARD = gnu99;
				GCC_DYNAMIC_NO_PIC = NO;
				GCC_OPTIMIZATION_LEVEL = 0;
				GCC_PREPROCESSOR_DEFINITIONS = (
					"DEBUG=1",
					"$(inherited)",
				);
				GCC_SYMBOLS_PRIVATE_EXTERN = NO;
				GCC_WARN_64_TO_32_BIT_CONVERSION = YES;
				GCC_WARN_ABOUT_RETURN_TYPE = YES_ERROR;
				GCC_WARN_UNDECLARED_SELECTOR = YES;
				GCC_WARN_UNINITIALIZED_AUTOS = YES_AGGRESSIVE;
				GCC_WARN_UNUSED_FUNCTION = YES;
				GCC_WARN_UNUSED_VARIABLE = YES;
				IPHONEOS_DEPLOYMENT_TARGET = 7.1;
				ONLY_ACTIVE_ARCH = YES;
				SDKROOT = iphoneos;
			};
			name = Debug;
		};
		C252940318D83CD500D83E0A /* Release */ = {
			isa = XCBuildConfiguration;
			buildSettings = {
				ALWAYS_SEARCH_USER_PATHS = NO;
				CLANG_CXX_LANGUAGE_STANDARD = "gnu++0x";
				CLANG_CXX_LIBRARY = "libc++";
				CLANG_ENABLE_MODULES = YES;
				CLANG_ENABLE_OBJC_ARC = YES;
				CLANG_WARN_BOOL_CONVERSION = YES;
				CLANG_WARN_CONSTANT_CONVERSION = YES;
				CLANG_WARN_DIRECT_OBJC_ISA_USAGE = YES_ERROR;
				CLANG_WARN_EMPTY_BODY = YES;
				CLANG_WARN_ENUM_CONVERSION = YES;
				CLANG_WARN_INT_CONVERSION = YES;
				CLANG_WARN_OBJC_ROOT_CLASS = YES_ERROR;
				CLANG_WARN__DUPLICATE_METHOD_MATCH = YES;
				COPY_PHASE_STRIP = YES;
				ENABLE_NS_ASSERTIONS = NO;
				GCC_C_LANGUAGE_STANDARD = gnu99;
				GCC_WARN_64_TO_32_BIT_CONVERSION = YES;
				GCC_WARN_ABOUT_RETURN_TYPE = YES_ERROR;
				GCC_WARN_UNDECLARED_SELECTOR = YES;
				GCC_WARN_UNINITIALIZED_AUTOS = YES_AGGRESSIVE;
				GCC_WARN_UNUSED_FUNCTION = YES;
				GCC_WARN_UNUSED_VARIABLE = YES;
				IPHONEOS_DEPLOYMENT_TARGET = 7.1;
				SDKROOT = iphoneos;
				VALIDATE_PRODUCT = YES;
			};
			name = Release;
		};
		C252940518D83CD500D83E0A /* Debug */ = {
			isa = XCBuildConfiguration;
			buildSettings = {
				DSTROOT = /tmp/ZTJT.dst;
				GCC_PRECOMPILE_PREFIX_HEADER = YES;
				GCC_PREFIX_HEADER = "ZTJT/ZTJT-Prefix.pch";
				OTHER_LDFLAGS = "-ObjC";
				PRODUCT_NAME = "$(TARGET_NAME)";
				SKIP_INSTALL = YES;
			};
			name = Debug;
		};
		C252940618D83CD500D83E0A /* Release */ = {
			isa = XCBuildConfiguration;
			buildSettings = {
				DSTROOT = /tmp/ZTJT.dst;
				GCC_PRECOMPILE_PREFIX_HEADER = YES;
				GCC_PREFIX_HEADER = "ZTJT/ZTJT-Prefix.pch";
				OTHER_LDFLAGS = "-ObjC";
				PRODUCT_NAME = "$(TARGET_NAME)";
				SKIP_INSTALL = YES;
			};
			name = Release;
		};
		C252940818D83CD500D83E0A /* Debug */ = {
			isa = XCBuildConfiguration;
			buildSettings = {
				FRAMEWORK_SEARCH_PATHS = (
					"$(SDKROOT)/Developer/Library/Frameworks",
					"$(inherited)",
					"$(DEVELOPER_FRAMEWORKS_DIR)",
				);
				GCC_INPUT_FILETYPE = sourcecode.cpp.objcpp;
				GCC_PRECOMPILE_PREFIX_HEADER = YES;
				GCC_PREFIX_HEADER = "ZTJT/ZTJT-Prefix.pch";
				GCC_PREPROCESSOR_DEFINITIONS = (
					"DEBUG=1",
					"$(inherited)",
				);
				INFOPLIST_FILE = "ZTJTTests/ZTJTTests-Info.plist";
				PRODUCT_NAME = "$(TARGET_NAME)";
				WRAPPER_EXTENSION = xctest;
			};
			name = Debug;
		};
		C252940918D83CD500D83E0A /* Release */ = {
			isa = XCBuildConfiguration;
			buildSettings = {
				FRAMEWORK_SEARCH_PATHS = (
					"$(SDKROOT)/Developer/Library/Frameworks",
					"$(inherited)",
					"$(DEVELOPER_FRAMEWORKS_DIR)",
				);
				GCC_INPUT_FILETYPE = sourcecode.cpp.objcpp;
				GCC_PRECOMPILE_PREFIX_HEADER = YES;
				GCC_PREFIX_HEADER = "ZTJT/ZTJT-Prefix.pch";
				INFOPLIST_FILE = "ZTJTTests/ZTJTTests-Info.plist";
				PRODUCT_NAME = "$(TARGET_NAME)";
				WRAPPER_EXTENSION = xctest;
			};
			name = Release;
		};
/* End XCBuildConfiguration section */

/* Begin XCConfigurationList section */
		C25293DC18D83CD500D83E0A /* Build configuration list for PBXProject "ZTJT" */ = {
			isa = XCConfigurationList;
			buildConfigurations = (
				C252940218D83CD500D83E0A /* Debug */,
				C252940318D83CD500D83E0A /* Release */,
			);
			defaultConfigurationIsVisible = 0;
			defaultConfigurationName = Release;
		};
		C252940418D83CD500D83E0A /* Build configuration list for PBXNativeTarget "libZTJT" */ = {
			isa = XCConfigurationList;
			buildConfigurations = (
				C252940518D83CD500D83E0A /* Debug */,
				C252940618D83CD500D83E0A /* Release */,
			);
			defaultConfigurationIsVisible = 0;
			defaultConfigurationName = Release;
		};
		C252940718D83CD500D83E0A /* Build configuration list for PBXNativeTarget "ZTJTTests" */ = {
			isa = XCConfigurationList;
			buildConfigurations = (
				C252940818D83CD500D83E0A /* Debug */,
				C252940918D83CD500D83E0A /* Release */,
			);
			defaultConfigurationIsVisible = 0;
			defaultConfigurationName = Release;
		};
/* End XCConfigurationList section */
	};
	rootObject = C25293D918D83CD500D83E0A /* Project object */;
}
